
Microsoft Visual Studio Solution File, Format Version 12.00
# Visual Studio Version 17
VisualStudioVersion = 17.7.34221.43
MinimumVisualStudioVersion = 10.0.40219.1
Project("{9A19103F-16F7-4668-BE54-9A1E7A4F7556}") = "01BasicIO", "01BasicIO\01BasicIO.csproj", "{D583D8ED-A019-4EA5-9424-F097A4CC31BE}"
EndProject
Project("{9A19103F-16F7-4668-BE54-9A1E7A4F7556}") = "02Streams", "02Streams\02Streams.csproj", "{93CEBD09-3E9D-4E74-923D-3B495E6D1181}"
EndProject
Project("{9A19103F-16F7-4668-BE54-9A1E7A4F7556}") = "HelperClasses", "HelperClasses\HelperClasses.csproj", "{11E244F9-3DB1-4440-83AC-DAF649ABE3D5}"
EndProject
Project("{FAE04EC0-301F-11D3-BF4B-00C04F79EFBC}") = "03Security", "03Security\03Security.csproj", "{C7FBB356-3ABD-4813-815B-E3CD283B6BE0}"
EndProject
Global
	GlobalSection(SolutionConfigurationPlatforms) = preSolution
		Debug|Any CPU = Debug|Any CPU
		Release|Any CPU = Release|Any CPU
	EndGlobalSection
	GlobalSection(ProjectConfigurationPlatforms) = postSolution
		{D583D8ED-A019-4EA5-9424-F097A4CC31BE}.Debug|Any CPU.ActiveCfg = Debug|Any CPU
		{D583D8ED-A019-4EA5-9424-F097A4CC31BE}.Debug|Any CPU.Build.0 = Debug|Any CPU
		{D583D8ED-A019-4EA5-9424-F097A4CC31BE}.Release|Any CPU.ActiveCfg = Release|Any CPU
		{D583D8ED-A019-4EA5-9424-F097A4CC31BE}.Release|Any CPU.Build.0 = Release|Any CPU
		{93CEBD09-3E9D-4E74-923D-3B495E6D1181}.Debug|Any CPU.ActiveCfg = Debug|Any CPU
		{93CEBD09-3E9D-4E74-923D-3B495E6D1181}.Debug|Any CPU.Build.0 = Debug|Any CPU
		{93CEBD09-3E9D-4E74-923D-3B495E6D1181}.Release|Any CPU.ActiveCfg = Release|Any CPU
		{93CEBD09-3E9D-4E74-923D-3B495E6D1181}.Release|Any CPU.Build.0 = Release|Any CPU
		{11E244F9-3DB1-4440-83AC-DAF649ABE3D5}.Debug|Any CPU.ActiveCfg = Debug|Any CPU
		{11E244F9-3DB1-4440-83AC-DAF649ABE3D5}.Debug|Any CPU.Build.0 = Debug|Any CPU
		{11E244F9-3DB1-4440-83AC-DAF649ABE3D5}.Release|Any CPU.ActiveCfg = Release|Any CPU
		{11E244F9-3DB1-4440-83AC-DAF649ABE3D5}.Release|Any CPU.Build.0 = Release|Any CPU
		{C7FBB356-3ABD-4813-815B-E3CD283B6BE0}.Debug|Any CPU.ActiveCfg = Debug|Any CPU
		{C7FBB356-3ABD-4813-815B-E3CD283B6BE0}.Debug|Any CPU.Build.0 = Debug|Any CPU
		{C7FBB356-3ABD-4813-815B-E3CD283B6BE0}.Release|Any CPU.ActiveCfg = Release|Any CPU
		{C7FBB356-3ABD-4813-815B-E3CD283B6BE0}.Release|Any CPU.Build.0 = Release|Any CPU
	EndGlobalSection
	GlobalSection(SolutionProperties) = preSolution
		HideSolutionNode = FALSE
	EndGlobalSection
	GlobalSection(ExtensibilityGlobals) = postSolution
		SolutionGuid = {948877C3-05B0-4437-99E0-F67D6BDB9E31}
	EndGlobalSection
EndGlobal
