
Microsoft Visual Studio Solution File, Format Version 12.00
# Visual Studio Version 17
VisualStudioVersion = 17.8.34330.188
MinimumVisualStudioVersion = 10.0.40219.1
Project("{9A19103F-16F7-4668-BE54-9A1E7A4F7556}") = "01Windows_Messages", "01Windows_Messages\01Windows_Messages.csproj", "{B58A5575-DA3C-4EA9-8686-7CC3E096BE65}"
EndProject
Project("{9A19103F-16F7-4668-BE54-9A1E7A4F7556}") = "ExtensionLibrary", "..\..\Chapter 04\TheOneWithTheThreadTangles\ExtensionLibrary\ExtensionLibrary.csproj", "{67A17A40-F895-4F3E-AC59-25FE2103B009}"
EndProject
Project("{2150E333-8FDC-42A3-9474-1A3956D46DE8}") = "Messages", "Messages", "{AC36EE00-AB7B-4FA1-9D86-4E767AD74DA2}"
EndProject
Project("{9A19103F-16F7-4668-BE54-9A1E7A4F7556}") = "01_MessageSender", "01_MessageSender\01_MessageSender.csproj", "{A5BA4141-8F13-4FF5-8C6C-5069198A47CE}"
EndProject
Project("{2150E333-8FDC-42A3-9474-1A3956D46DE8}") = "Named Pipes", "Named Pipes", "{C0207B29-4C23-4429-BC0A-9B7C211D6E51}"
EndProject
Project("{9A19103F-16F7-4668-BE54-9A1E7A4F7556}") = "02_NamedPipeServer", "02_NamedPipeServer\02_NamedPipeServer.csproj", "{9784806D-4F42-437D-BAC4-C5E466BC65D4}"
EndProject
Project("{9A19103F-16F7-4668-BE54-9A1E7A4F7556}") = "02_NamedPipeClient", "02_NamedPipeClient\02_NamedPipeClient.csproj", "{F1066A09-3D51-416D-BCC9-E15954F0B5A0}"
EndProject
Project("{9A19103F-16F7-4668-BE54-9A1E7A4F7556}") = "02_AnonymousPipeClient", "02_AnonymousPipeClient\02_AnonymousPipeClient.csproj", "{5738BBB3-F14D-47BC-B754-84B24E6A4930}"
EndProject
Project("{9A19103F-16F7-4668-BE54-9A1E7A4F7556}") = "02_AnonymousPipeServer", "02_AnonymousPipeServer\02_AnonymousPipeServer.csproj", "{20297DDC-439A-4A6A-9FB1-AAE063B6C118}"
EndProject
Project("{2150E333-8FDC-42A3-9474-1A3956D46DE8}") = "Sockets", "Sockets", "{FD45588D-2F17-4DFC-8500-9CB51A99E73E}"
EndProject
Project("{9A19103F-16F7-4668-BE54-9A1E7A4F7556}") = "02_SocketClient", "02_SocketClient\02_SocketClient.csproj", "{0A0AECF5-A2C2-4B4E-9B52-FF8C4D106B9E}"
EndProject
Project("{9A19103F-16F7-4668-BE54-9A1E7A4F7556}") = "02_SocketServer", "02_SocketServer\02_SocketServer.csproj", "{2E2D611F-AD72-446F-98FF-CD4BD437F4BF}"
EndProject
Project("{2150E333-8FDC-42A3-9474-1A3956D46DE8}") = "SharedMemory", "SharedMemory", "{26557724-E407-46DF-B3CB-684A7479877B}"
EndProject
Project("{9A19103F-16F7-4668-BE54-9A1E7A4F7556}") = "02_SharedMemoryWriter", "02_SharedMemoryWriter\02_SharedMemoryWriter.csproj", "{91E0170A-BAD0-43BB-88D8-7932EB35E4F6}"
EndProject
Project("{9A19103F-16F7-4668-BE54-9A1E7A4F7556}") = "02_SharedMemoryReader", "02_SharedMemoryReader\02_SharedMemoryReader.csproj", "{7ADBBDBA-77AF-4FEB-88A8-830B64FFE458}"
EndProject
Project("{2150E333-8FDC-42A3-9474-1A3956D46DE8}") = "JSON RPC", "JSON RPC", "{0765F6F7-5953-4921-8318-3021400E3F30}"
EndProject
Project("{9A19103F-16F7-4668-BE54-9A1E7A4F7556}") = "02_JSON_RPC", "02_JSON_RPC\02_JSON_RPC.csproj", "{D90C8E8A-B5B9-447F-9E8E-409DCB554389}"
EndProject
Project("{2150E333-8FDC-42A3-9474-1A3956D46DE8}") = "gRPC", "gRPC", "{301C6AA7-912A-4DB1-AE55-51B637215147}"
EndProject
Project("{FAE04EC0-301F-11D3-BF4B-00C04F79EFBC}") = "02_GRPC_Client", "02_GRPC_Client\02_GRPC_Client.csproj", "{17BAD75E-16F1-4839-9F85-621502E948D3}"
EndProject
Project("{FAE04EC0-301F-11D3-BF4B-00C04F79EFBC}") = "02_GRPC_Server", "02_GRPC_Server\02_GRPC_Server.csproj", "{5CBD8C32-7042-43D0-947F-1C62D61DA734}"
EndProject
Global
	GlobalSection(SolutionConfigurationPlatforms) = preSolution
		Debug|Any CPU = Debug|Any CPU
		Release|Any CPU = Release|Any CPU
	EndGlobalSection
	GlobalSection(ProjectConfigurationPlatforms) = postSolution
		{B58A5575-DA3C-4EA9-8686-7CC3E096BE65}.Debug|Any CPU.ActiveCfg = Debug|Any CPU
		{B58A5575-DA3C-4EA9-8686-7CC3E096BE65}.Debug|Any CPU.Build.0 = Debug|Any CPU
		{B58A5575-DA3C-4EA9-8686-7CC3E096BE65}.Release|Any CPU.ActiveCfg = Release|Any CPU
		{B58A5575-DA3C-4EA9-8686-7CC3E096BE65}.Release|Any CPU.Build.0 = Release|Any CPU
		{67A17A40-F895-4F3E-AC59-25FE2103B009}.Debug|Any CPU.ActiveCfg = Debug|Any CPU
		{67A17A40-F895-4F3E-AC59-25FE2103B009}.Debug|Any CPU.Build.0 = Debug|Any CPU
		{67A17A40-F895-4F3E-AC59-25FE2103B009}.Release|Any CPU.ActiveCfg = Release|Any CPU
		{67A17A40-F895-4F3E-AC59-25FE2103B009}.Release|Any CPU.Build.0 = Release|Any CPU
		{A5BA4141-8F13-4FF5-8C6C-5069198A47CE}.Debug|Any CPU.ActiveCfg = Debug|Any CPU
		{A5BA4141-8F13-4FF5-8C6C-5069198A47CE}.Debug|Any CPU.Build.0 = Debug|Any CPU
		{A5BA4141-8F13-4FF5-8C6C-5069198A47CE}.Release|Any CPU.ActiveCfg = Release|Any CPU
		{A5BA4141-8F13-4FF5-8C6C-5069198A47CE}.Release|Any CPU.Build.0 = Release|Any CPU
		{9784806D-4F42-437D-BAC4-C5E466BC65D4}.Debug|Any CPU.ActiveCfg = Debug|Any CPU
		{9784806D-4F42-437D-BAC4-C5E466BC65D4}.Debug|Any CPU.Build.0 = Debug|Any CPU
		{9784806D-4F42-437D-BAC4-C5E466BC65D4}.Release|Any CPU.ActiveCfg = Release|Any CPU
		{9784806D-4F42-437D-BAC4-C5E466BC65D4}.Release|Any CPU.Build.0 = Release|Any CPU
		{F1066A09-3D51-416D-BCC9-E15954F0B5A0}.Debug|Any CPU.ActiveCfg = Debug|Any CPU
		{F1066A09-3D51-416D-BCC9-E15954F0B5A0}.Debug|Any CPU.Build.0 = Debug|Any CPU
		{F1066A09-3D51-416D-BCC9-E15954F0B5A0}.Release|Any CPU.ActiveCfg = Release|Any CPU
		{F1066A09-3D51-416D-BCC9-E15954F0B5A0}.Release|Any CPU.Build.0 = Release|Any CPU
		{5738BBB3-F14D-47BC-B754-84B24E6A4930}.Debug|Any CPU.ActiveCfg = Debug|Any CPU
		{5738BBB3-F14D-47BC-B754-84B24E6A4930}.Debug|Any CPU.Build.0 = Debug|Any CPU
		{5738BBB3-F14D-47BC-B754-84B24E6A4930}.Release|Any CPU.ActiveCfg = Release|Any CPU
		{5738BBB3-F14D-47BC-B754-84B24E6A4930}.Release|Any CPU.Build.0 = Release|Any CPU
		{20297DDC-439A-4A6A-9FB1-AAE063B6C118}.Debug|Any CPU.ActiveCfg = Debug|Any CPU
		{20297DDC-439A-4A6A-9FB1-AAE063B6C118}.Debug|Any CPU.Build.0 = Debug|Any CPU
		{20297DDC-439A-4A6A-9FB1-AAE063B6C118}.Release|Any CPU.ActiveCfg = Release|Any CPU
		{20297DDC-439A-4A6A-9FB1-AAE063B6C118}.Release|Any CPU.Build.0 = Release|Any CPU
		{0A0AECF5-A2C2-4B4E-9B52-FF8C4D106B9E}.Debug|Any CPU.ActiveCfg = Debug|Any CPU
		{0A0AECF5-A2C2-4B4E-9B52-FF8C4D106B9E}.Debug|Any CPU.Build.0 = Debug|Any CPU
		{0A0AECF5-A2C2-4B4E-9B52-FF8C4D106B9E}.Release|Any CPU.ActiveCfg = Release|Any CPU
		{0A0AECF5-A2C2-4B4E-9B52-FF8C4D106B9E}.Release|Any CPU.Build.0 = Release|Any CPU
		{2E2D611F-AD72-446F-98FF-CD4BD437F4BF}.Debug|Any CPU.ActiveCfg = Debug|Any CPU
		{2E2D611F-AD72-446F-98FF-CD4BD437F4BF}.Debug|Any CPU.Build.0 = Debug|Any CPU
		{2E2D611F-AD72-446F-98FF-CD4BD437F4BF}.Release|Any CPU.ActiveCfg = Release|Any CPU
		{2E2D611F-AD72-446F-98FF-CD4BD437F4BF}.Release|Any CPU.Build.0 = Release|Any CPU
		{91E0170A-BAD0-43BB-88D8-7932EB35E4F6}.Debug|Any CPU.ActiveCfg = Debug|Any CPU
		{91E0170A-BAD0-43BB-88D8-7932EB35E4F6}.Debug|Any CPU.Build.0 = Debug|Any CPU
		{91E0170A-BAD0-43BB-88D8-7932EB35E4F6}.Release|Any CPU.ActiveCfg = Release|Any CPU
		{91E0170A-BAD0-43BB-88D8-7932EB35E4F6}.Release|Any CPU.Build.0 = Release|Any CPU
		{7ADBBDBA-77AF-4FEB-88A8-830B64FFE458}.Debug|Any CPU.ActiveCfg = Debug|Any CPU
		{7ADBBDBA-77AF-4FEB-88A8-830B64FFE458}.Debug|Any CPU.Build.0 = Debug|Any CPU
		{7ADBBDBA-77AF-4FEB-88A8-830B64FFE458}.Release|Any CPU.ActiveCfg = Release|Any CPU
		{7ADBBDBA-77AF-4FEB-88A8-830B64FFE458}.Release|Any CPU.Build.0 = Release|Any CPU
		{D90C8E8A-B5B9-447F-9E8E-409DCB554389}.Debug|Any CPU.ActiveCfg = Debug|Any CPU
		{D90C8E8A-B5B9-447F-9E8E-409DCB554389}.Debug|Any CPU.Build.0 = Debug|Any CPU
		{D90C8E8A-B5B9-447F-9E8E-409DCB554389}.Release|Any CPU.ActiveCfg = Release|Any CPU
		{D90C8E8A-B5B9-447F-9E8E-409DCB554389}.Release|Any CPU.Build.0 = Release|Any CPU
		{17BAD75E-16F1-4839-9F85-621502E948D3}.Debug|Any CPU.ActiveCfg = Debug|Any CPU
		{17BAD75E-16F1-4839-9F85-621502E948D3}.Debug|Any CPU.Build.0 = Debug|Any CPU
		{17BAD75E-16F1-4839-9F85-621502E948D3}.Release|Any CPU.ActiveCfg = Release|Any CPU
		{17BAD75E-16F1-4839-9F85-621502E948D3}.Release|Any CPU.Build.0 = Release|Any CPU
		{5CBD8C32-7042-43D0-947F-1C62D61DA734}.Debug|Any CPU.ActiveCfg = Debug|Any CPU
		{5CBD8C32-7042-43D0-947F-1C62D61DA734}.Debug|Any CPU.Build.0 = Debug|Any CPU
		{5CBD8C32-7042-43D0-947F-1C62D61DA734}.Release|Any CPU.ActiveCfg = Release|Any CPU
		{5CBD8C32-7042-43D0-947F-1C62D61DA734}.Release|Any CPU.Build.0 = Release|Any CPU
	EndGlobalSection
	GlobalSection(SolutionProperties) = preSolution
		HideSolutionNode = FALSE
	EndGlobalSection
	GlobalSection(NestedProjects) = preSolution
		{B58A5575-DA3C-4EA9-8686-7CC3E096BE65} = {AC36EE00-AB7B-4FA1-9D86-4E767AD74DA2}
		{A5BA4141-8F13-4FF5-8C6C-5069198A47CE} = {AC36EE00-AB7B-4FA1-9D86-4E767AD74DA2}
		{9784806D-4F42-437D-BAC4-C5E466BC65D4} = {C0207B29-4C23-4429-BC0A-9B7C211D6E51}
		{F1066A09-3D51-416D-BCC9-E15954F0B5A0} = {C0207B29-4C23-4429-BC0A-9B7C211D6E51}
		{5738BBB3-F14D-47BC-B754-84B24E6A4930} = {C0207B29-4C23-4429-BC0A-9B7C211D6E51}
		{20297DDC-439A-4A6A-9FB1-AAE063B6C118} = {C0207B29-4C23-4429-BC0A-9B7C211D6E51}
		{0A0AECF5-A2C2-4B4E-9B52-FF8C4D106B9E} = {FD45588D-2F17-4DFC-8500-9CB51A99E73E}
		{2E2D611F-AD72-446F-98FF-CD4BD437F4BF} = {FD45588D-2F17-4DFC-8500-9CB51A99E73E}
		{91E0170A-BAD0-43BB-88D8-7932EB35E4F6} = {26557724-E407-46DF-B3CB-684A7479877B}
		{7ADBBDBA-77AF-4FEB-88A8-830B64FFE458} = {26557724-E407-46DF-B3CB-684A7479877B}
		{D90C8E8A-B5B9-447F-9E8E-409DCB554389} = {0765F6F7-5953-4921-8318-3021400E3F30}
		{17BAD75E-16F1-4839-9F85-621502E948D3} = {301C6AA7-912A-4DB1-AE55-51B637215147}
		{5CBD8C32-7042-43D0-947F-1C62D61DA734} = {301C6AA7-912A-4DB1-AE55-51B637215147}
	EndGlobalSection
	GlobalSection(ExtensibilityGlobals) = postSolution
		SolutionGuid = {81300504-DDE8-4F35-A1F0-00CDAB1EEDCD}
	EndGlobalSection
EndGlobal
