
Microsoft Visual Studio Solution File, Format Version 12.00
# Visual Studio Version 17
VisualStudioVersion = 17.10.35013.160
MinimumVisualStudioVersion = 10.0.40219.1
Project("{9A19103F-16F7-4668-BE54-9A1E7A4F7556}") = "ExtensionLibrary", "ExtensionLibrary\ExtensionLibrary.csproj", "{149B4461-DFD3-4C2F-82E6-179CB35373E5}"
EndProject
Project("{9A19103F-16F7-4668-BE54-9A1E7A4F7556}") = "AnonymousPipeClient", "AnonymousPipeClient\AnonymousPipeClient.csproj", "{C61CE50F-EB9C-4044-AA61-D022D04CCEB0}"
EndProject
Project("{9A19103F-16F7-4668-BE54-9A1E7A4F7556}") = "AnonymousPipeServer", "AnonymousPipeServer\AnonymousPipeServer.csproj", "{BE1C0759-D9C5-4348-AD52-52A2A37FBE79}"
EndProject
Project("{9A19103F-16F7-4668-BE54-9A1E7A4F7556}") = "GRPC_Client", "GRPC_Client\GRPC_Client.csproj", "{C1267C93-BF44-4C17-9D97-B77ABACD401F}"
EndProject
Project("{9A19103F-16F7-4668-BE54-9A1E7A4F7556}") = "GRPC_Server", "GRPC_Server\GRPC_Server.csproj", "{7E96031C-BDEF-44D5-A31D-129F86E14148}"
EndProject
Project("{9A19103F-16F7-4668-BE54-9A1E7A4F7556}") = "JSON_RPC", "JSON_RPC\JSON_RPC.csproj", "{601F2618-AFE8-48E1-BF2B-E43A3BC81879}"
EndProject
Project("{9A19103F-16F7-4668-BE54-9A1E7A4F7556}") = "MessageSender", "MessageSender\MessageSender.csproj", "{FF26A818-7120-40E8-8D78-EE42EB2F7916}"
EndProject
Project("{9A19103F-16F7-4668-BE54-9A1E7A4F7556}") = "NamedPipeClient", "NamedPipeClient\NamedPipeClient.csproj", "{97630AA6-3605-404D-86DA-6143F176F5AA}"
EndProject
Project("{9A19103F-16F7-4668-BE54-9A1E7A4F7556}") = "NamedPipeServer", "NamedPipeServer\NamedPipeServer.csproj", "{08C0FA47-7EDC-4B57-BCD3-F3792F5912F6}"
EndProject
Project("{9A19103F-16F7-4668-BE54-9A1E7A4F7556}") = "SharedMemoryReader", "SharedMemoryReader\SharedMemoryReader.csproj", "{DF8DCEF8-34A5-4C9D-824D-DA0DF3D5A04E}"
EndProject
Project("{9A19103F-16F7-4668-BE54-9A1E7A4F7556}") = "SharedMemoryWriter", "SharedMemoryWriter\SharedMemoryWriter.csproj", "{C4B9065D-BFB0-44FD-9E2A-196BEA9B1E83}"
EndProject
Project("{9A19103F-16F7-4668-BE54-9A1E7A4F7556}") = "SocketClient", "SocketClient\SocketClient.csproj", "{1020648B-CFCC-4F21-AE0D-F4D6FD2A981F}"
EndProject
Project("{9A19103F-16F7-4668-BE54-9A1E7A4F7556}") = "SocketServer", "SocketServer\SocketServer.csproj", "{8DC7A145-7178-43B3-85EA-0A56FAA651DB}"
EndProject
Project("{9A19103F-16F7-4668-BE54-9A1E7A4F7556}") = "Windows_Messages", "Windows_Messages\Windows_Messages.csproj", "{71270E3E-FA6D-4A96-8C0A-3036A46E3161}"
EndProject
Project("{2150E333-8FDC-42A3-9474-1A3956D46DE8}") = "AnonymousPipe", "AnonymousPipe", "{477FA8CE-59CB-4169-B6F4-D0BEA597AB6D}"
EndProject
Project("{2150E333-8FDC-42A3-9474-1A3956D46DE8}") = "GRPC", "GRPC", "{0E81362C-1A08-48F3-8BD7-DED159C9B856}"
EndProject
Project("{2150E333-8FDC-42A3-9474-1A3956D46DE8}") = "JSONRPC", "JSONRPC", "{AFA5C0C9-4F50-4C44-A511-843EE4BB8EC2}"
EndProject
Project("{2150E333-8FDC-42A3-9474-1A3956D46DE8}") = "WindowMessages", "WindowMessages", "{B677F0D6-5DC4-4AA5-ADC4-F66FAAA42A81}"
EndProject
Project("{2150E333-8FDC-42A3-9474-1A3956D46DE8}") = "NamedPipe", "NamedPipe", "{F87F05F9-2B24-49D0-B45D-C2D54E309D00}"
EndProject
Project("{2150E333-8FDC-42A3-9474-1A3956D46DE8}") = "SharedMemory", "SharedMemory", "{6F4E16C0-DEDD-4045-920E-EE4F77C9650B}"
EndProject
Project("{2150E333-8FDC-42A3-9474-1A3956D46DE8}") = "Sockets", "Sockets", "{88DA240E-C7D2-4B94-9721-D1F2E1B2EAA4}"
EndProject
Global
	GlobalSection(SolutionConfigurationPlatforms) = preSolution
		Debug|Any CPU = Debug|Any CPU
		Release|Any CPU = Release|Any CPU
	EndGlobalSection
	GlobalSection(ProjectConfigurationPlatforms) = postSolution
		{149B4461-DFD3-4C2F-82E6-179CB35373E5}.Debug|Any CPU.ActiveCfg = Debug|Any CPU
		{149B4461-DFD3-4C2F-82E6-179CB35373E5}.Debug|Any CPU.Build.0 = Debug|Any CPU
		{149B4461-DFD3-4C2F-82E6-179CB35373E5}.Release|Any CPU.ActiveCfg = Release|Any CPU
		{149B4461-DFD3-4C2F-82E6-179CB35373E5}.Release|Any CPU.Build.0 = Release|Any CPU
		{C61CE50F-EB9C-4044-AA61-D022D04CCEB0}.Debug|Any CPU.ActiveCfg = Debug|Any CPU
		{C61CE50F-EB9C-4044-AA61-D022D04CCEB0}.Debug|Any CPU.Build.0 = Debug|Any CPU
		{C61CE50F-EB9C-4044-AA61-D022D04CCEB0}.Release|Any CPU.ActiveCfg = Release|Any CPU
		{C61CE50F-EB9C-4044-AA61-D022D04CCEB0}.Release|Any CPU.Build.0 = Release|Any CPU
		{BE1C0759-D9C5-4348-AD52-52A2A37FBE79}.Debug|Any CPU.ActiveCfg = Debug|Any CPU
		{BE1C0759-D9C5-4348-AD52-52A2A37FBE79}.Debug|Any CPU.Build.0 = Debug|Any CPU
		{BE1C0759-D9C5-4348-AD52-52A2A37FBE79}.Release|Any CPU.ActiveCfg = Release|Any CPU
		{BE1C0759-D9C5-4348-AD52-52A2A37FBE79}.Release|Any CPU.Build.0 = Release|Any CPU
		{C1267C93-BF44-4C17-9D97-B77ABACD401F}.Debug|Any CPU.ActiveCfg = Debug|Any CPU
		{C1267C93-BF44-4C17-9D97-B77ABACD401F}.Debug|Any CPU.Build.0 = Debug|Any CPU
		{C1267C93-BF44-4C17-9D97-B77ABACD401F}.Release|Any CPU.ActiveCfg = Release|Any CPU
		{C1267C93-BF44-4C17-9D97-B77ABACD401F}.Release|Any CPU.Build.0 = Release|Any CPU
		{7E96031C-BDEF-44D5-A31D-129F86E14148}.Debug|Any CPU.ActiveCfg = Debug|Any CPU
		{7E96031C-BDEF-44D5-A31D-129F86E14148}.Debug|Any CPU.Build.0 = Debug|Any CPU
		{7E96031C-BDEF-44D5-A31D-129F86E14148}.Release|Any CPU.ActiveCfg = Release|Any CPU
		{7E96031C-BDEF-44D5-A31D-129F86E14148}.Release|Any CPU.Build.0 = Release|Any CPU
		{601F2618-AFE8-48E1-BF2B-E43A3BC81879}.Debug|Any CPU.ActiveCfg = Debug|Any CPU
		{601F2618-AFE8-48E1-BF2B-E43A3BC81879}.Debug|Any CPU.Build.0 = Debug|Any CPU
		{601F2618-AFE8-48E1-BF2B-E43A3BC81879}.Release|Any CPU.ActiveCfg = Release|Any CPU
		{601F2618-AFE8-48E1-BF2B-E43A3BC81879}.Release|Any CPU.Build.0 = Release|Any CPU
		{FF26A818-7120-40E8-8D78-EE42EB2F7916}.Debug|Any CPU.ActiveCfg = Debug|Any CPU
		{FF26A818-7120-40E8-8D78-EE42EB2F7916}.Debug|Any CPU.Build.0 = Debug|Any CPU
		{FF26A818-7120-40E8-8D78-EE42EB2F7916}.Release|Any CPU.ActiveCfg = Release|Any CPU
		{FF26A818-7120-40E8-8D78-EE42EB2F7916}.Release|Any CPU.Build.0 = Release|Any CPU
		{97630AA6-3605-404D-86DA-6143F176F5AA}.Debug|Any CPU.ActiveCfg = Debug|Any CPU
		{97630AA6-3605-404D-86DA-6143F176F5AA}.Debug|Any CPU.Build.0 = Debug|Any CPU
		{97630AA6-3605-404D-86DA-6143F176F5AA}.Release|Any CPU.ActiveCfg = Release|Any CPU
		{97630AA6-3605-404D-86DA-6143F176F5AA}.Release|Any CPU.Build.0 = Release|Any CPU
		{08C0FA47-7EDC-4B57-BCD3-F3792F5912F6}.Debug|Any CPU.ActiveCfg = Debug|Any CPU
		{08C0FA47-7EDC-4B57-BCD3-F3792F5912F6}.Debug|Any CPU.Build.0 = Debug|Any CPU
		{08C0FA47-7EDC-4B57-BCD3-F3792F5912F6}.Release|Any CPU.ActiveCfg = Release|Any CPU
		{08C0FA47-7EDC-4B57-BCD3-F3792F5912F6}.Release|Any CPU.Build.0 = Release|Any CPU
		{DF8DCEF8-34A5-4C9D-824D-DA0DF3D5A04E}.Debug|Any CPU.ActiveCfg = Debug|Any CPU
		{DF8DCEF8-34A5-4C9D-824D-DA0DF3D5A04E}.Debug|Any CPU.Build.0 = Debug|Any CPU
		{DF8DCEF8-34A5-4C9D-824D-DA0DF3D5A04E}.Release|Any CPU.ActiveCfg = Release|Any CPU
		{DF8DCEF8-34A5-4C9D-824D-DA0DF3D5A04E}.Release|Any CPU.Build.0 = Release|Any CPU
		{C4B9065D-BFB0-44FD-9E2A-196BEA9B1E83}.Debug|Any CPU.ActiveCfg = Debug|Any CPU
		{C4B9065D-BFB0-44FD-9E2A-196BEA9B1E83}.Debug|Any CPU.Build.0 = Debug|Any CPU
		{C4B9065D-BFB0-44FD-9E2A-196BEA9B1E83}.Release|Any CPU.ActiveCfg = Release|Any CPU
		{C4B9065D-BFB0-44FD-9E2A-196BEA9B1E83}.Release|Any CPU.Build.0 = Release|Any CPU
		{1020648B-CFCC-4F21-AE0D-F4D6FD2A981F}.Debug|Any CPU.ActiveCfg = Debug|Any CPU
		{1020648B-CFCC-4F21-AE0D-F4D6FD2A981F}.Debug|Any CPU.Build.0 = Debug|Any CPU
		{1020648B-CFCC-4F21-AE0D-F4D6FD2A981F}.Release|Any CPU.ActiveCfg = Release|Any CPU
		{1020648B-CFCC-4F21-AE0D-F4D6FD2A981F}.Release|Any CPU.Build.0 = Release|Any CPU
		{8DC7A145-7178-43B3-85EA-0A56FAA651DB}.Debug|Any CPU.ActiveCfg = Debug|Any CPU
		{8DC7A145-7178-43B3-85EA-0A56FAA651DB}.Debug|Any CPU.Build.0 = Debug|Any CPU
		{8DC7A145-7178-43B3-85EA-0A56FAA651DB}.Release|Any CPU.ActiveCfg = Release|Any CPU
		{8DC7A145-7178-43B3-85EA-0A56FAA651DB}.Release|Any CPU.Build.0 = Release|Any CPU
		{71270E3E-FA6D-4A96-8C0A-3036A46E3161}.Debug|Any CPU.ActiveCfg = Debug|Any CPU
		{71270E3E-FA6D-4A96-8C0A-3036A46E3161}.Debug|Any CPU.Build.0 = Debug|Any CPU
		{71270E3E-FA6D-4A96-8C0A-3036A46E3161}.Release|Any CPU.ActiveCfg = Release|Any CPU
		{71270E3E-FA6D-4A96-8C0A-3036A46E3161}.Release|Any CPU.Build.0 = Release|Any CPU
	EndGlobalSection
	GlobalSection(SolutionProperties) = preSolution
		HideSolutionNode = FALSE
	EndGlobalSection
	GlobalSection(NestedProjects) = preSolution
		{C61CE50F-EB9C-4044-AA61-D022D04CCEB0} = {477FA8CE-59CB-4169-B6F4-D0BEA597AB6D}
		{BE1C0759-D9C5-4348-AD52-52A2A37FBE79} = {477FA8CE-59CB-4169-B6F4-D0BEA597AB6D}
		{C1267C93-BF44-4C17-9D97-B77ABACD401F} = {0E81362C-1A08-48F3-8BD7-DED159C9B856}
		{7E96031C-BDEF-44D5-A31D-129F86E14148} = {0E81362C-1A08-48F3-8BD7-DED159C9B856}
		{601F2618-AFE8-48E1-BF2B-E43A3BC81879} = {AFA5C0C9-4F50-4C44-A511-843EE4BB8EC2}
		{FF26A818-7120-40E8-8D78-EE42EB2F7916} = {B677F0D6-5DC4-4AA5-ADC4-F66FAAA42A81}
		{97630AA6-3605-404D-86DA-6143F176F5AA} = {F87F05F9-2B24-49D0-B45D-C2D54E309D00}
		{08C0FA47-7EDC-4B57-BCD3-F3792F5912F6} = {F87F05F9-2B24-49D0-B45D-C2D54E309D00}
		{DF8DCEF8-34A5-4C9D-824D-DA0DF3D5A04E} = {6F4E16C0-DEDD-4045-920E-EE4F77C9650B}
		{C4B9065D-BFB0-44FD-9E2A-196BEA9B1E83} = {6F4E16C0-DEDD-4045-920E-EE4F77C9650B}
		{1020648B-CFCC-4F21-AE0D-F4D6FD2A981F} = {88DA240E-C7D2-4B94-9721-D1F2E1B2EAA4}
		{8DC7A145-7178-43B3-85EA-0A56FAA651DB} = {88DA240E-C7D2-4B94-9721-D1F2E1B2EAA4}
		{71270E3E-FA6D-4A96-8C0A-3036A46E3161} = {B677F0D6-5DC4-4AA5-ADC4-F66FAAA42A81}
	EndGlobalSection
	GlobalSection(ExtensibilityGlobals) = postSolution
		SolutionGuid = {0CD5932A-D26F-414D-9BEF-8E406A39DBA0}
	EndGlobalSection
EndGlobal
