
Microsoft Visual Studio Solution File, Format Version 12.00
# Visual Studio Version 17
VisualStudioVersion = 17.10.35013.160
MinimumVisualStudioVersion = 10.0.40219.1
Project("{9A19103F-16F7-4668-BE54-9A1E7A4F7556}") = "ExtensionLibrary", "ExtensionLibrary\ExtensionLibrary.csproj", "{A48AB70C-B743-4923-BE4B-ECD22CD65D38}"
EndProject
Project("{9A19103F-16F7-4668-BE54-9A1E7A4F7556}") = "MathFunctions", "MathFunctions\MathFunctions.csproj", "{FA71BB50-7D04-45F1-8609-46A0CFC802F3}"
EndProject
Project("{9A19103F-16F7-4668-BE54-9A1E7A4F7556}") = "MyAwesomeCalculator", "MyAwesomeCalculator\MyAwesomeCalculator.csproj", "{9362EDA5-71CC-4521-9BB2-74E7E35ED27D}"
EndProject
Global
	GlobalSection(SolutionConfigurationPlatforms) = preSolution
		Debug|Any CPU = Debug|Any CPU
		Release|Any CPU = Release|Any CPU
	EndGlobalSection
	GlobalSection(ProjectConfigurationPlatforms) = postSolution
		{A48AB70C-B743-4923-BE4B-ECD22CD65D38}.Debug|Any CPU.ActiveCfg = Debug|Any CPU
		{A48AB70C-B743-4923-BE4B-ECD22CD65D38}.Debug|Any CPU.Build.0 = Debug|Any CPU
		{A48AB70C-B743-4923-BE4B-ECD22CD65D38}.Release|Any CPU.ActiveCfg = Release|Any CPU
		{A48AB70C-B743-4923-BE4B-ECD22CD65D38}.Release|Any CPU.Build.0 = Release|Any CPU
		{FA71BB50-7D04-45F1-8609-46A0CFC802F3}.Debug|Any CPU.ActiveCfg = Debug|Any CPU
		{FA71BB50-7D04-45F1-8609-46A0CFC802F3}.Debug|Any CPU.Build.0 = Debug|Any CPU
		{FA71BB50-7D04-45F1-8609-46A0CFC802F3}.Release|Any CPU.ActiveCfg = Release|Any CPU
		{FA71BB50-7D04-45F1-8609-46A0CFC802F3}.Release|Any CPU.Build.0 = Release|Any CPU
		{9362EDA5-71CC-4521-9BB2-74E7E35ED27D}.Debug|Any CPU.ActiveCfg = Debug|Any CPU
		{9362EDA5-71CC-4521-9BB2-74E7E35ED27D}.Debug|Any CPU.Build.0 = Debug|Any CPU
		{9362EDA5-71CC-4521-9BB2-74E7E35ED27D}.Release|Any CPU.ActiveCfg = Release|Any CPU
		{9362EDA5-71CC-4521-9BB2-74E7E35ED27D}.Release|Any CPU.Build.0 = Release|Any CPU
	EndGlobalSection
	GlobalSection(SolutionProperties) = preSolution
		HideSolutionNode = FALSE
	EndGlobalSection
	GlobalSection(ExtensibilityGlobals) = postSolution
		SolutionGuid = {51FEFA62-7A02-4E24-9F5B-8CE436849062}
	EndGlobalSection
EndGlobal
