
Microsoft Visual Studio Solution File, Format Version 12.00
# Visual Studio Version 17
VisualStudioVersion = 17.9.34622.214
MinimumVisualStudioVersion = 10.0.40219.1
Project("{2150E333-8FDC-42A3-9474-1A3956D46DE8}") = "Chapter01", "Chapter01", "{548C5A9A-8073-4F0B-830D-97689CF4DA98}"
EndProject
Project("{2150E333-8FDC-42A3-9474-1A3956D46DE8}") = "Chapter02", "Chapter02", "{44BE3462-A401-438C-9F2B-8C5716ABFE0B}"
EndProject
Project("{2150E333-8FDC-42A3-9474-1A3956D46DE8}") = "Chapter03", "Chapter03", "{AF60D1CC-2D5A-4651-957A-CAA6793E27D5}"
EndProject
Project("{2150E333-8FDC-42A3-9474-1A3956D46DE8}") = "Chapter04", "Chapter04", "{0D749994-F532-442D-ABD4-8910E185A452}"
EndProject
Project("{2150E333-8FDC-42A3-9474-1A3956D46DE8}") = "Chapter05", "Chapter05", "{2A0C778B-A078-46B1-B91E-1AA2CD98EEAF}"
EndProject
Project("{2150E333-8FDC-42A3-9474-1A3956D46DE8}") = "Chapter06", "Chapter06", "{0E6219C2-8404-4DBF-AC41-73C128EF0B1C}"
EndProject
Project("{2150E333-8FDC-42A3-9474-1A3956D46DE8}") = "Chapter07", "Chapter07", "{68DF5763-F77D-4FC3-A268-24A92A3D1D23}"
EndProject
Project("{2150E333-8FDC-42A3-9474-1A3956D46DE8}") = "Chapter08", "Chapter08", "{D933ED49-432F-4B5B-9896-048E71C12AC4}"
EndProject
Project("{2150E333-8FDC-42A3-9474-1A3956D46DE8}") = "Chapter09", "Chapter09", "{4317F1D2-73D7-4481-885B-45BBDCA9B04C}"
EndProject
Project("{2150E333-8FDC-42A3-9474-1A3956D46DE8}") = "Chapter10", "Chapter10", "{29B96413-3364-4267-A464-E58A05494E56}"
EndProject
Project("{2150E333-8FDC-42A3-9474-1A3956D46DE8}") = "Chapter11", "Chapter11", "{7B8917F6-C940-4A77-B2DF-1DDE4CE3149D}"
EndProject
Project("{2150E333-8FDC-42A3-9474-1A3956D46DE8}") = "Extensions", "Extensions", "{DF5BF5FD-5780-46CB-8318-1B94ECFA0E85}"
EndProject
Project("{9A19103F-16F7-4668-BE54-9A1E7A4F7556}") = "ExtensionLibrary", "Extensions\ExtensionLibrary\ExtensionLibrary.csproj", "{589B4E01-D538-4041-86F7-FE0C1CAB700F}"
EndProject
Project("{9A19103F-16F7-4668-BE54-9A1E7A4F7556}") = "09_SerialMonitor", "Chapter 09\09_SerialMonitor\09_SerialMonitor.csproj", "{58A81D09-C176-4D69-AEAE-B769E5CA9720}"
EndProject
Project("{9A19103F-16F7-4668-BE54-9A1E7A4F7556}") = "10_Logging_Serilog", "Chapter 10\10_Logging_Serilog\10_Logging_Serilog.csproj", "{C55574C1-5F2C-49B5-957E-179EA43CF645}"
EndProject
Project("{9A19103F-16F7-4668-BE54-9A1E7A4F7556}") = "10_Logging_Default", "Chapter 10\10_Logging_Default\10_Logging_Default.csproj", "{17709881-B97F-4064-8209-C04809582873}"
EndProject
Project("{9A19103F-16F7-4668-BE54-9A1E7A4F7556}") = "10_Logging_NLog", "Chapter 10\10_Logging_NLog\10_Logging_NLog.csproj", "{B42FB7A7-B47B-4038-99BB-5326B9E956D8}"
EndProject
Project("{9A19103F-16F7-4668-BE54-9A1E7A4F7556}") = "10_PerformanceCounters", "Chapter 10\10_PerfCounters\10_PerformanceCounters\10_PerformanceCounters.csproj", "{3626B129-1ABB-4BD5-B7D8-AC4B81E5A45C}"
EndProject
Project("{9A19103F-16F7-4668-BE54-9A1E7A4F7556}") = "10_Prometheus", "Chapter 10\10_Prometheus\10_Prometheus.csproj", "{254B1931-3C2D-40C5-9564-CD1A2BD47691}"
EndProject
Project("{9A19103F-16F7-4668-BE54-9A1E7A4F7556}") = "11_BasicDebugging", "Chapter 11\11_BasicDebugging\11_BasicDebugging.csproj", "{2AB75FE9-EC93-4D1F-975F-412D87F55828}"
EndProject
Project("{9A19103F-16F7-4668-BE54-9A1E7A4F7556}") = "11_MultiThreaded", "Chapter 11\11_MultiThreaded\11_MultiThreaded.csproj", "{6A864DC9-5A26-4D8D-8B3B-CAED23E30987}"
EndProject
Project("{9A19103F-16F7-4668-BE54-9A1E7A4F7556}") = "11_Profiling", "Chapter 11\11_Profiling\11_Profiling.csproj", "{4B4DDBC8-9AA3-4FEA-A55E-BFAFF2CFA288}"
EndProject
Project("{9A19103F-16F7-4668-BE54-9A1E7A4F7556}") = "11_Benchmark", "Chapter 11\11_Benchmark\11_Benchmark.csproj", "{EC5CD9C3-8508-4B7D-8F5E-A2BFA0C58C4A}"
EndProject
Project("{2150E333-8FDC-42A3-9474-1A3956D46DE8}") = "Chapter12", "Chapter12", "{B89911CF-041F-43C3-B49E-4D0A2A750549}"
EndProject
Project("{9A19103F-16F7-4668-BE54-9A1E7A4F7556}") = "12_ConfigEncryption", "Chapter 12\12_ConfigEncryption\12_ConfigEncryption.csproj", "{F74911BB-B660-4602-884A-02F24B4214FB}"
EndProject
Project("{9A19103F-16F7-4668-BE54-9A1E7A4F7556}") = "12_SecureStrings", "Chapter 12\12_SecureStrings\12_SecureStrings.csproj", "{3A170DC9-4533-4F39-BFDE-F695624B9F11}"
EndProject
Project("{9A19103F-16F7-4668-BE54-9A1E7A4F7556}") = "12_AzureKeyVault", "Chapter 12\12_AzureKeyVault\12_AzureKeyVault.csproj", "{ED4F9266-8DD3-4C24-B802-1D845C9F1AD2}"
EndProject
Project("{9A19103F-16F7-4668-BE54-9A1E7A4F7556}") = "12_EnvironmentVariables", "Chapter 12\12_EnvironmentVariables\12_EnvironmentVariables.csproj", "{6C6330AE-7CFB-4F09-9463-C13C6A68CA5B}"
EndProject
Project("{2150E333-8FDC-42A3-9474-1A3956D46DE8}") = "Certificate", "Certificate", "{CCAEA62A-49FF-4FEC-A89E-CAAD3090607E}"
	ProjectSection(SolutionItems) = preProject
		Chapter 12\Certificate\MyKey.snk = Chapter 12\Certificate\MyKey.snk
	EndProjectSection
EndProject
Project("{9A19103F-16F7-4668-BE54-9A1E7A4F7556}") = "12_Impersonation", "Chapter 12\12_Impersonation\12_Impersonation.csproj", "{7F0CEDD0-92F4-4A92-9627-C97C502E8089}"
EndProject
Project("{9A19103F-16F7-4668-BE54-9A1E7A4F7556}") = "12_SecureSocketClient", "Chapter 12\12_SecureSocketClient\12_SecureSocketClient.csproj", "{A2CAEEF7-4E6F-4948-A094-57296875D71E}"
EndProject
Project("{9A19103F-16F7-4668-BE54-9A1E7A4F7556}") = "12_SecureSocketServer", "Chapter 12\12_SecureSocketServer\12_SecureSocketServer.csproj", "{4B7C66D0-A77F-4682-8979-D4A837476010}"
EndProject
Project("{2150E333-8FDC-42A3-9474-1A3956D46DE8}") = "Chapter13", "Chapter13", "{7F8A756D-51CF-4A02-A558-70693972C181}"
EndProject
Project("{9A19103F-16F7-4668-BE54-9A1E7A4F7556}") = "13_ConsoleWithPublish", "Chapter 13\13_ConsoleWithPublish\13_ConsoleWithPublish.csproj", "{BECD4D74-7C07-43A4-9B15-52CDDA68A892}"
EndProject
Project("{9A19103F-16F7-4668-BE54-9A1E7A4F7556}") = "13_WorkerForSetup", "Chapter 13\13_WorkerForSetup\13_WorkerForSetup.csproj", "{8A96C52A-9C7F-4692-B475-914F35E7DD32}"
EndProject
Project("{54435603-DBB4-11D2-8724-00A0C9A8B90C}") = "13_SetupProject", "Chapter 13\13_SetupProject\13_SetupProject.vdproj", "{C9102D0B-34E1-436A-8743-E10A1E5BF590}"
EndProject
Project("{FAE04EC0-301F-11D3-BF4B-00C04F79EFBC}") = "13_CustomAction", "Chapter 13\13_CustomAction\13_CustomAction.csproj", "{56D16D8B-A829-4ABA-ABDD-05F59FD7C610}"
EndProject
Project("{2150E333-8FDC-42A3-9474-1A3956D46DE8}") = "Chapter14", "Chapter14", "{ED44677B-8EA6-4F8D-A90F-54E564269546}"
EndProject
Project("{9A19103F-16F7-4668-BE54-9A1E7A4F7556}") = "14_CrossPlatformService", "Chapter 14\14_CrossPlatformService\14_CrossPlatformService.csproj", "{AFF697F0-3E32-4816-B5D7-4590C610019D}"
EndProject
Project("{9A19103F-16F7-4668-BE54-9A1E7A4F7556}") = "14_CrossPlatformConsole", "Chapter 14\14_CrossPlatformConsole\14_CrossPlatformConsole.csproj", "{D7F335B7-FC51-4DB0-BEE9-F260E4878F25}"
EndProject
Project("{9A19103F-16F7-4668-BE54-9A1E7A4F7556}") = "MathFunctions", "Chapter 01\MathFunctions\MathFunctions.csproj", "{923C6973-3772-4878-84D3-736C890D2834}"
EndProject
Project("{9A19103F-16F7-4668-BE54-9A1E7A4F7556}") = "MyAwesomeCalculator", "Chapter 01\MyAwesomeCalculator\MyAwesomeCalculator.csproj", "{DBA25427-CA27-49A0-8555-A999F40C8883}"
EndProject
Project("{9A19103F-16F7-4668-BE54-9A1E7A4F7556}") = "ImageManipulator", "Chapter 02\ImageManipulator\ImageManipulator.csproj", "{47C97A5E-D769-4E3E-B1B0-BA7655E3BAE9}"
EndProject
Project("{9A19103F-16F7-4668-BE54-9A1E7A4F7556}") = "MyKiller", "Chapter 02\MyKiller\MyKiller.csproj", "{6572CEBB-3C0A-4A75-BB03-62198858C0E7}"
EndProject
Project("{9A19103F-16F7-4668-BE54-9A1E7A4F7556}") = "PleaseKillMe", "Chapter 02\PleaseKillMe\PleaseKillMe.csproj", "{9EEC8E3B-C73B-4E43-8450-D789B770C415}"
EndProject
Project("{9A19103F-16F7-4668-BE54-9A1E7A4F7556}") = "ThreadSafety", "Chapter 04\ThreadSafety\ThreadSafety.csproj", "{06D1380E-31E0-4EFA-801C-118F66C9BF26}"
EndProject
Project("{9A19103F-16F7-4668-BE54-9A1E7A4F7556}") = "Synchronization", "Chapter 04\Synchronization\Synchronization.csproj", "{A477D1B0-C219-4AC3-9603-B7C45803F1E1}"
EndProject
Project("{9A19103F-16F7-4668-BE54-9A1E7A4F7556}") = "ConcurrentCollections", "Chapter 04\ConcurrentCollections\ConcurrentCollections.csproj", "{0F49757B-FDF8-4082-8325-5B59D201E1FA}"
EndProject
Project("{9A19103F-16F7-4668-BE54-9A1E7A4F7556}") = "AsyncAwait", "Chapter 04\AsyncAwait\AsyncAwait.csproj", "{DF9C0164-81AB-4091-8FAA-C37D24E2CC92}"
EndProject
Project("{9A19103F-16F7-4668-BE54-9A1E7A4F7556}") = "01BasicIO", "Chapter 05\01BasicIO\01BasicIO.csproj", "{1CEB03EC-EFE9-408A-A1BD-6EF00A42C5E7}"
EndProject
Project("{9A19103F-16F7-4668-BE54-9A1E7A4F7556}") = "02Streams", "Chapter 05\02Streams\02Streams.csproj", "{4D91D8B3-FB16-49DA-B81F-7692449FDC6F}"
EndProject
Project("{9A19103F-16F7-4668-BE54-9A1E7A4F7556}") = "03Security", "Chapter 05\03Security\03Security.csproj", "{103DE5FA-CA09-40E1-839B-43568C04735F}"
EndProject
Project("{9A19103F-16F7-4668-BE54-9A1E7A4F7556}") = "01_MessageSender", "Chapter 06\01_MessageSender\01_MessageSender.csproj", "{94CA0210-74C4-4B82-AB75-AB0CCDAA88E8}"
EndProject
Project("{9A19103F-16F7-4668-BE54-9A1E7A4F7556}") = "01Windows_Messages", "Chapter 06\01Windows_Messages\01Windows_Messages.csproj", "{84C442E4-FB0A-409D-8BC9-48620DDA0F3D}"
EndProject
Project("{9A19103F-16F7-4668-BE54-9A1E7A4F7556}") = "02_AnonymousPipeClient", "Chapter 06\02_AnonymousPipeClient\02_AnonymousPipeClient.csproj", "{6A2D7275-D997-47D1-9683-97F3B0C616E6}"
EndProject
Project("{9A19103F-16F7-4668-BE54-9A1E7A4F7556}") = "02_AnonymousPipeServer", "Chapter 06\02_AnonymousPipeServer\02_AnonymousPipeServer.csproj", "{D525F88C-816D-406C-B4A2-7C3382B701C8}"
EndProject
Project("{9A19103F-16F7-4668-BE54-9A1E7A4F7556}") = "02_GRPC_Client", "Chapter 06\02_GRPC_Client\02_GRPC_Client.csproj", "{3CBD6988-265C-47DB-9329-A4B2EB888130}"
EndProject
Project("{9A19103F-16F7-4668-BE54-9A1E7A4F7556}") = "02_GRPC_Server", "Chapter 06\02_GRPC_Server\02_GRPC_Server.csproj", "{6D77028C-84C5-4052-B8F7-41A5D4D6FF65}"
EndProject
Project("{9A19103F-16F7-4668-BE54-9A1E7A4F7556}") = "02_JSON_RPC", "Chapter 06\02_JSON_RPC\02_JSON_RPC.csproj", "{1B1338C5-9B69-42A6-AF12-24CAC8AB38CA}"
EndProject
Project("{9A19103F-16F7-4668-BE54-9A1E7A4F7556}") = "02_NamedPipeClient", "Chapter 06\02_NamedPipeClient\02_NamedPipeClient.csproj", "{D305F76A-1777-47FF-AB75-E99DE49475B1}"
EndProject
Project("{9A19103F-16F7-4668-BE54-9A1E7A4F7556}") = "02_NamedPipeServer", "Chapter 06\02_NamedPipeServer\02_NamedPipeServer.csproj", "{7AB3403F-2691-4B8F-85DE-978683B7725E}"
EndProject
Project("{9A19103F-16F7-4668-BE54-9A1E7A4F7556}") = "02_SharedMemoryReader", "Chapter 06\02_SharedMemoryReader\02_SharedMemoryReader.csproj", "{D7A559D5-E263-4DD9-8FBB-70E695AA2F8C}"
EndProject
Project("{9A19103F-16F7-4668-BE54-9A1E7A4F7556}") = "02_SharedMemoryWriter", "Chapter 06\02_SharedMemoryWriter\02_SharedMemoryWriter.csproj", "{99357F6A-3287-4C62-9D00-78E845ABCD93}"
EndProject
Project("{9A19103F-16F7-4668-BE54-9A1E7A4F7556}") = "02_SocketClient", "Chapter 06\02_SocketClient\02_SocketClient.csproj", "{1F7EF541-9A91-4C1E-932D-840B68C296BE}"
EndProject
Project("{9A19103F-16F7-4668-BE54-9A1E7A4F7556}") = "02_SocketServer", "Chapter 06\02_SocketServer\02_SocketServer.csproj", "{B6DDF736-DC47-435C-BFB3-5B35969CFD28}"
EndProject
Project("{9A19103F-16F7-4668-BE54-9A1E7A4F7556}") = "07_RegistrySample", "Chapter 07\07_RegistrySample\07_RegistrySample.csproj", "{527D5459-20B7-4708-BE5C-DDB85C644152}"
EndProject
Project("{9A19103F-16F7-4668-BE54-9A1E7A4F7556}") = "07_WMISamples", "Chapter 07\07_WMISamples\07_WMISamples.csproj", "{81FEFBB9-C4D8-46CC-BACE-9A9D8D38685B}"
EndProject
Project("{9A19103F-16F7-4668-BE54-9A1E7A4F7556}") = "07_WorkerService", "Chapter 07\07_WorkerService\07_WorkerService.csproj", "{2536F97F-53CC-4D37-A5AC-20979F1561C7}"
EndProject
Project("{9A19103F-16F7-4668-BE54-9A1E7A4F7556}") = "08_AsyncSample", "Chapter 08\08_AsyncSample\08_AsyncSample.csproj", "{F0B167BD-425B-4E2C-BB2F-6C4812EB41AB}"
EndProject
Project("{9A19103F-16F7-4668-BE54-9A1E7A4F7556}") = "08_Compression", "Chapter 08\08_Compression\08_Compression.csproj", "{CF6541F3-B3C1-4516-B90A-A39ABE28AEEB}"
EndProject
Project("{9A19103F-16F7-4668-BE54-9A1E7A4F7556}") = "08_ConnectionPooling", "Chapter 08\08_ConnectionPooling\08_ConnectionPooling.csproj", "{9EC0F3A6-B1D8-4A49-9872-B41FFCAF1F88}"
EndProject
Project("{9A19103F-16F7-4668-BE54-9A1E7A4F7556}") = "08_FtpSample", "Chapter 08\08_FtpSample\08_FtpSample.csproj", "{E3AB5D2E-C4F5-453F-824D-E8B00EC2F685}"
EndProject
Project("{9A19103F-16F7-4668-BE54-9A1E7A4F7556}") = "08_HTTPSClient", "Chapter 08\08_HTTPSClient\08_HTTPSClient.csproj", "{0B3F2F7D-FDED-4C77-88C1-B9D5F3B740E1}"
EndProject
Project("{9A19103F-16F7-4668-BE54-9A1E7A4F7556}") = "08_SmartHttpsClient", "Chapter 08\08_SmartHttpsClient\08_SmartHttpsClient.csproj", "{00180701-0013-4474-86B7-E0ADE49B1BBA}"
EndProject
Project("{9A19103F-16F7-4668-BE54-9A1E7A4F7556}") = "08_SMTPSample", "Chapter 08\08_SMTPSample\08_SMTPSample.csproj", "{02838CC3-3AEA-45A7-BCA0-FEE8E4196D05}"
EndProject
Global
	GlobalSection(SolutionConfigurationPlatforms) = preSolution
		Debug|Any CPU = Debug|Any CPU
		Debug|ARM64 = Debug|ARM64
		Debug|x64 = Debug|x64
		Debug|x86 = Debug|x86
		Release|Any CPU = Release|Any CPU
		Release|ARM64 = Release|ARM64
		Release|x64 = Release|x64
		Release|x86 = Release|x86
	EndGlobalSection
	GlobalSection(ProjectConfigurationPlatforms) = postSolution
		{589B4E01-D538-4041-86F7-FE0C1CAB700F}.Debug|Any CPU.ActiveCfg = Debug|Any CPU
		{589B4E01-D538-4041-86F7-FE0C1CAB700F}.Debug|Any CPU.Build.0 = Debug|Any CPU
		{589B4E01-D538-4041-86F7-FE0C1CAB700F}.Debug|ARM64.ActiveCfg = Debug|Any CPU
		{589B4E01-D538-4041-86F7-FE0C1CAB700F}.Debug|ARM64.Build.0 = Debug|Any CPU
		{589B4E01-D538-4041-86F7-FE0C1CAB700F}.Debug|x64.ActiveCfg = Debug|Any CPU
		{589B4E01-D538-4041-86F7-FE0C1CAB700F}.Debug|x64.Build.0 = Debug|Any CPU
		{589B4E01-D538-4041-86F7-FE0C1CAB700F}.Debug|x86.ActiveCfg = Debug|Any CPU
		{589B4E01-D538-4041-86F7-FE0C1CAB700F}.Debug|x86.Build.0 = Debug|Any CPU
		{589B4E01-D538-4041-86F7-FE0C1CAB700F}.Release|Any CPU.ActiveCfg = Release|Any CPU
		{589B4E01-D538-4041-86F7-FE0C1CAB700F}.Release|Any CPU.Build.0 = Release|Any CPU
		{589B4E01-D538-4041-86F7-FE0C1CAB700F}.Release|ARM64.ActiveCfg = Release|Any CPU
		{589B4E01-D538-4041-86F7-FE0C1CAB700F}.Release|ARM64.Build.0 = Release|Any CPU
		{589B4E01-D538-4041-86F7-FE0C1CAB700F}.Release|x64.ActiveCfg = Release|Any CPU
		{589B4E01-D538-4041-86F7-FE0C1CAB700F}.Release|x64.Build.0 = Release|Any CPU
		{589B4E01-D538-4041-86F7-FE0C1CAB700F}.Release|x86.ActiveCfg = Release|Any CPU
		{589B4E01-D538-4041-86F7-FE0C1CAB700F}.Release|x86.Build.0 = Release|Any CPU
		{58A81D09-C176-4D69-AEAE-B769E5CA9720}.Debug|Any CPU.ActiveCfg = Debug|Any CPU
		{58A81D09-C176-4D69-AEAE-B769E5CA9720}.Debug|Any CPU.Build.0 = Debug|Any CPU
		{58A81D09-C176-4D69-AEAE-B769E5CA9720}.Debug|ARM64.ActiveCfg = Debug|Any CPU
		{58A81D09-C176-4D69-AEAE-B769E5CA9720}.Debug|ARM64.Build.0 = Debug|Any CPU
		{58A81D09-C176-4D69-AEAE-B769E5CA9720}.Debug|x64.ActiveCfg = Debug|Any CPU
		{58A81D09-C176-4D69-AEAE-B769E5CA9720}.Debug|x64.Build.0 = Debug|Any CPU
		{58A81D09-C176-4D69-AEAE-B769E5CA9720}.Debug|x86.ActiveCfg = Debug|Any CPU
		{58A81D09-C176-4D69-AEAE-B769E5CA9720}.Debug|x86.Build.0 = Debug|Any CPU
		{58A81D09-C176-4D69-AEAE-B769E5CA9720}.Release|Any CPU.ActiveCfg = Release|Any CPU
		{58A81D09-C176-4D69-AEAE-B769E5CA9720}.Release|Any CPU.Build.0 = Release|Any CPU
		{58A81D09-C176-4D69-AEAE-B769E5CA9720}.Release|ARM64.ActiveCfg = Release|Any CPU
		{58A81D09-C176-4D69-AEAE-B769E5CA9720}.Release|ARM64.Build.0 = Release|Any CPU
		{58A81D09-C176-4D69-AEAE-B769E5CA9720}.Release|x64.ActiveCfg = Release|Any CPU
		{58A81D09-C176-4D69-AEAE-B769E5CA9720}.Release|x64.Build.0 = Release|Any CPU
		{58A81D09-C176-4D69-AEAE-B769E5CA9720}.Release|x86.ActiveCfg = Release|Any CPU
		{58A81D09-C176-4D69-AEAE-B769E5CA9720}.Release|x86.Build.0 = Release|Any CPU
		{C55574C1-5F2C-49B5-957E-179EA43CF645}.Debug|Any CPU.ActiveCfg = Debug|Any CPU
		{C55574C1-5F2C-49B5-957E-179EA43CF645}.Debug|Any CPU.Build.0 = Debug|Any CPU
		{C55574C1-5F2C-49B5-957E-179EA43CF645}.Debug|ARM64.ActiveCfg = Debug|Any CPU
		{C55574C1-5F2C-49B5-957E-179EA43CF645}.Debug|ARM64.Build.0 = Debug|Any CPU
		{C55574C1-5F2C-49B5-957E-179EA43CF645}.Debug|x64.ActiveCfg = Debug|Any CPU
		{C55574C1-5F2C-49B5-957E-179EA43CF645}.Debug|x64.Build.0 = Debug|Any CPU
		{C55574C1-5F2C-49B5-957E-179EA43CF645}.Debug|x86.ActiveCfg = Debug|Any CPU
		{C55574C1-5F2C-49B5-957E-179EA43CF645}.Debug|x86.Build.0 = Debug|Any CPU
		{C55574C1-5F2C-49B5-957E-179EA43CF645}.Release|Any CPU.ActiveCfg = Release|Any CPU
		{C55574C1-5F2C-49B5-957E-179EA43CF645}.Release|Any CPU.Build.0 = Release|Any CPU
		{C55574C1-5F2C-49B5-957E-179EA43CF645}.Release|ARM64.ActiveCfg = Release|Any CPU
		{C55574C1-5F2C-49B5-957E-179EA43CF645}.Release|ARM64.Build.0 = Release|Any CPU
		{C55574C1-5F2C-49B5-957E-179EA43CF645}.Release|x64.ActiveCfg = Release|Any CPU
		{C55574C1-5F2C-49B5-957E-179EA43CF645}.Release|x64.Build.0 = Release|Any CPU
		{C55574C1-5F2C-49B5-957E-179EA43CF645}.Release|x86.ActiveCfg = Release|Any CPU
		{C55574C1-5F2C-49B5-957E-179EA43CF645}.Release|x86.Build.0 = Release|Any CPU
		{17709881-B97F-4064-8209-C04809582873}.Debug|Any CPU.ActiveCfg = Debug|Any CPU
		{17709881-B97F-4064-8209-C04809582873}.Debug|Any CPU.Build.0 = Debug|Any CPU
		{17709881-B97F-4064-8209-C04809582873}.Debug|ARM64.ActiveCfg = Debug|Any CPU
		{17709881-B97F-4064-8209-C04809582873}.Debug|ARM64.Build.0 = Debug|Any CPU
		{17709881-B97F-4064-8209-C04809582873}.Debug|x64.ActiveCfg = Debug|Any CPU
		{17709881-B97F-4064-8209-C04809582873}.Debug|x64.Build.0 = Debug|Any CPU
		{17709881-B97F-4064-8209-C04809582873}.Debug|x86.ActiveCfg = Debug|Any CPU
		{17709881-B97F-4064-8209-C04809582873}.Debug|x86.Build.0 = Debug|Any CPU
		{17709881-B97F-4064-8209-C04809582873}.Release|Any CPU.ActiveCfg = Release|Any CPU
		{17709881-B97F-4064-8209-C04809582873}.Release|Any CPU.Build.0 = Release|Any CPU
		{17709881-B97F-4064-8209-C04809582873}.Release|ARM64.ActiveCfg = Release|Any CPU
		{17709881-B97F-4064-8209-C04809582873}.Release|ARM64.Build.0 = Release|Any CPU
		{17709881-B97F-4064-8209-C04809582873}.Release|x64.ActiveCfg = Release|Any CPU
		{17709881-B97F-4064-8209-C04809582873}.Release|x64.Build.0 = Release|Any CPU
		{17709881-B97F-4064-8209-C04809582873}.Release|x86.ActiveCfg = Release|Any CPU
		{17709881-B97F-4064-8209-C04809582873}.Release|x86.Build.0 = Release|Any CPU
		{B42FB7A7-B47B-4038-99BB-5326B9E956D8}.Debug|Any CPU.ActiveCfg = Debug|Any CPU
		{B42FB7A7-B47B-4038-99BB-5326B9E956D8}.Debug|Any CPU.Build.0 = Debug|Any CPU
		{B42FB7A7-B47B-4038-99BB-5326B9E956D8}.Debug|ARM64.ActiveCfg = Debug|Any CPU
		{B42FB7A7-B47B-4038-99BB-5326B9E956D8}.Debug|ARM64.Build.0 = Debug|Any CPU
		{B42FB7A7-B47B-4038-99BB-5326B9E956D8}.Debug|x64.ActiveCfg = Debug|Any CPU
		{B42FB7A7-B47B-4038-99BB-5326B9E956D8}.Debug|x64.Build.0 = Debug|Any CPU
		{B42FB7A7-B47B-4038-99BB-5326B9E956D8}.Debug|x86.ActiveCfg = Debug|Any CPU
		{B42FB7A7-B47B-4038-99BB-5326B9E956D8}.Debug|x86.Build.0 = Debug|Any CPU
		{B42FB7A7-B47B-4038-99BB-5326B9E956D8}.Release|Any CPU.ActiveCfg = Release|Any CPU
		{B42FB7A7-B47B-4038-99BB-5326B9E956D8}.Release|Any CPU.Build.0 = Release|Any CPU
		{B42FB7A7-B47B-4038-99BB-5326B9E956D8}.Release|ARM64.ActiveCfg = Release|Any CPU
		{B42FB7A7-B47B-4038-99BB-5326B9E956D8}.Release|ARM64.Build.0 = Release|Any CPU
		{B42FB7A7-B47B-4038-99BB-5326B9E956D8}.Release|x64.ActiveCfg = Release|Any CPU
		{B42FB7A7-B47B-4038-99BB-5326B9E956D8}.Release|x64.Build.0 = Release|Any CPU
		{B42FB7A7-B47B-4038-99BB-5326B9E956D8}.Release|x86.ActiveCfg = Release|Any CPU
		{B42FB7A7-B47B-4038-99BB-5326B9E956D8}.Release|x86.Build.0 = Release|Any CPU
		{3626B129-1ABB-4BD5-B7D8-AC4B81E5A45C}.Debug|Any CPU.ActiveCfg = Debug|Any CPU
		{3626B129-1ABB-4BD5-B7D8-AC4B81E5A45C}.Debug|Any CPU.Build.0 = Debug|Any CPU
		{3626B129-1ABB-4BD5-B7D8-AC4B81E5A45C}.Debug|ARM64.ActiveCfg = Debug|Any CPU
		{3626B129-1ABB-4BD5-B7D8-AC4B81E5A45C}.Debug|ARM64.Build.0 = Debug|Any CPU
		{3626B129-1ABB-4BD5-B7D8-AC4B81E5A45C}.Debug|x64.ActiveCfg = Debug|Any CPU
		{3626B129-1ABB-4BD5-B7D8-AC4B81E5A45C}.Debug|x64.Build.0 = Debug|Any CPU
		{3626B129-1ABB-4BD5-B7D8-AC4B81E5A45C}.Debug|x86.ActiveCfg = Debug|Any CPU
		{3626B129-1ABB-4BD5-B7D8-AC4B81E5A45C}.Debug|x86.Build.0 = Debug|Any CPU
		{3626B129-1ABB-4BD5-B7D8-AC4B81E5A45C}.Release|Any CPU.ActiveCfg = Release|Any CPU
		{3626B129-1ABB-4BD5-B7D8-AC4B81E5A45C}.Release|Any CPU.Build.0 = Release|Any CPU
		{3626B129-1ABB-4BD5-B7D8-AC4B81E5A45C}.Release|ARM64.ActiveCfg = Release|Any CPU
		{3626B129-1ABB-4BD5-B7D8-AC4B81E5A45C}.Release|ARM64.Build.0 = Release|Any CPU
		{3626B129-1ABB-4BD5-B7D8-AC4B81E5A45C}.Release|x64.ActiveCfg = Release|Any CPU
		{3626B129-1ABB-4BD5-B7D8-AC4B81E5A45C}.Release|x64.Build.0 = Release|Any CPU
		{3626B129-1ABB-4BD5-B7D8-AC4B81E5A45C}.Release|x86.ActiveCfg = Release|Any CPU
		{3626B129-1ABB-4BD5-B7D8-AC4B81E5A45C}.Release|x86.Build.0 = Release|Any CPU
		{254B1931-3C2D-40C5-9564-CD1A2BD47691}.Debug|Any CPU.ActiveCfg = Debug|Any CPU
		{254B1931-3C2D-40C5-9564-CD1A2BD47691}.Debug|Any CPU.Build.0 = Debug|Any CPU
		{254B1931-3C2D-40C5-9564-CD1A2BD47691}.Debug|ARM64.ActiveCfg = Debug|Any CPU
		{254B1931-3C2D-40C5-9564-CD1A2BD47691}.Debug|ARM64.Build.0 = Debug|Any CPU
		{254B1931-3C2D-40C5-9564-CD1A2BD47691}.Debug|x64.ActiveCfg = Debug|Any CPU
		{254B1931-3C2D-40C5-9564-CD1A2BD47691}.Debug|x64.Build.0 = Debug|Any CPU
		{254B1931-3C2D-40C5-9564-CD1A2BD47691}.Debug|x86.ActiveCfg = Debug|Any CPU
		{254B1931-3C2D-40C5-9564-CD1A2BD47691}.Debug|x86.Build.0 = Debug|Any CPU
		{254B1931-3C2D-40C5-9564-CD1A2BD47691}.Release|Any CPU.ActiveCfg = Release|Any CPU
		{254B1931-3C2D-40C5-9564-CD1A2BD47691}.Release|Any CPU.Build.0 = Release|Any CPU
		{254B1931-3C2D-40C5-9564-CD1A2BD47691}.Release|ARM64.ActiveCfg = Release|Any CPU
		{254B1931-3C2D-40C5-9564-CD1A2BD47691}.Release|ARM64.Build.0 = Release|Any CPU
		{254B1931-3C2D-40C5-9564-CD1A2BD47691}.Release|x64.ActiveCfg = Release|Any CPU
		{254B1931-3C2D-40C5-9564-CD1A2BD47691}.Release|x64.Build.0 = Release|Any CPU
		{254B1931-3C2D-40C5-9564-CD1A2BD47691}.Release|x86.ActiveCfg = Release|Any CPU
		{254B1931-3C2D-40C5-9564-CD1A2BD47691}.Release|x86.Build.0 = Release|Any CPU
		{2AB75FE9-EC93-4D1F-975F-412D87F55828}.Debug|Any CPU.ActiveCfg = Debug|Any CPU
		{2AB75FE9-EC93-4D1F-975F-412D87F55828}.Debug|Any CPU.Build.0 = Debug|Any CPU
		{2AB75FE9-EC93-4D1F-975F-412D87F55828}.Debug|ARM64.ActiveCfg = Debug|Any CPU
		{2AB75FE9-EC93-4D1F-975F-412D87F55828}.Debug|ARM64.Build.0 = Debug|Any CPU
		{2AB75FE9-EC93-4D1F-975F-412D87F55828}.Debug|x64.ActiveCfg = Debug|Any CPU
		{2AB75FE9-EC93-4D1F-975F-412D87F55828}.Debug|x64.Build.0 = Debug|Any CPU
		{2AB75FE9-EC93-4D1F-975F-412D87F55828}.Debug|x86.ActiveCfg = Debug|Any CPU
		{2AB75FE9-EC93-4D1F-975F-412D87F55828}.Debug|x86.Build.0 = Debug|Any CPU
		{2AB75FE9-EC93-4D1F-975F-412D87F55828}.Release|Any CPU.ActiveCfg = Release|Any CPU
		{2AB75FE9-EC93-4D1F-975F-412D87F55828}.Release|Any CPU.Build.0 = Release|Any CPU
		{2AB75FE9-EC93-4D1F-975F-412D87F55828}.Release|ARM64.ActiveCfg = Release|Any CPU
		{2AB75FE9-EC93-4D1F-975F-412D87F55828}.Release|ARM64.Build.0 = Release|Any CPU
		{2AB75FE9-EC93-4D1F-975F-412D87F55828}.Release|x64.ActiveCfg = Release|Any CPU
		{2AB75FE9-EC93-4D1F-975F-412D87F55828}.Release|x64.Build.0 = Release|Any CPU
		{2AB75FE9-EC93-4D1F-975F-412D87F55828}.Release|x86.ActiveCfg = Release|Any CPU
		{2AB75FE9-EC93-4D1F-975F-412D87F55828}.Release|x86.Build.0 = Release|Any CPU
		{6A864DC9-5A26-4D8D-8B3B-CAED23E30987}.Debug|Any CPU.ActiveCfg = Debug|Any CPU
		{6A864DC9-5A26-4D8D-8B3B-CAED23E30987}.Debug|Any CPU.Build.0 = Debug|Any CPU
		{6A864DC9-5A26-4D8D-8B3B-CAED23E30987}.Debug|ARM64.ActiveCfg = Debug|Any CPU
		{6A864DC9-5A26-4D8D-8B3B-CAED23E30987}.Debug|ARM64.Build.0 = Debug|Any CPU
		{6A864DC9-5A26-4D8D-8B3B-CAED23E30987}.Debug|x64.ActiveCfg = Debug|Any CPU
		{6A864DC9-5A26-4D8D-8B3B-CAED23E30987}.Debug|x64.Build.0 = Debug|Any CPU
		{6A864DC9-5A26-4D8D-8B3B-CAED23E30987}.Debug|x86.ActiveCfg = Debug|Any CPU
		{6A864DC9-5A26-4D8D-8B3B-CAED23E30987}.Debug|x86.Build.0 = Debug|Any CPU
		{6A864DC9-5A26-4D8D-8B3B-CAED23E30987}.Release|Any CPU.ActiveCfg = Release|Any CPU
		{6A864DC9-5A26-4D8D-8B3B-CAED23E30987}.Release|Any CPU.Build.0 = Release|Any CPU
		{6A864DC9-5A26-4D8D-8B3B-CAED23E30987}.Release|ARM64.ActiveCfg = Release|Any CPU
		{6A864DC9-5A26-4D8D-8B3B-CAED23E30987}.Release|ARM64.Build.0 = Release|Any CPU
		{6A864DC9-5A26-4D8D-8B3B-CAED23E30987}.Release|x64.ActiveCfg = Release|Any CPU
		{6A864DC9-5A26-4D8D-8B3B-CAED23E30987}.Release|x64.Build.0 = Release|Any CPU
		{6A864DC9-5A26-4D8D-8B3B-CAED23E30987}.Release|x86.ActiveCfg = Release|Any CPU
		{6A864DC9-5A26-4D8D-8B3B-CAED23E30987}.Release|x86.Build.0 = Release|Any CPU
		{4B4DDBC8-9AA3-4FEA-A55E-BFAFF2CFA288}.Debug|Any CPU.ActiveCfg = Debug|Any CPU
		{4B4DDBC8-9AA3-4FEA-A55E-BFAFF2CFA288}.Debug|Any CPU.Build.0 = Debug|Any CPU
		{4B4DDBC8-9AA3-4FEA-A55E-BFAFF2CFA288}.Debug|ARM64.ActiveCfg = Debug|Any CPU
		{4B4DDBC8-9AA3-4FEA-A55E-BFAFF2CFA288}.Debug|ARM64.Build.0 = Debug|Any CPU
		{4B4DDBC8-9AA3-4FEA-A55E-BFAFF2CFA288}.Debug|x64.ActiveCfg = Debug|Any CPU
		{4B4DDBC8-9AA3-4FEA-A55E-BFAFF2CFA288}.Debug|x64.Build.0 = Debug|Any CPU
		{4B4DDBC8-9AA3-4FEA-A55E-BFAFF2CFA288}.Debug|x86.ActiveCfg = Debug|Any CPU
		{4B4DDBC8-9AA3-4FEA-A55E-BFAFF2CFA288}.Debug|x86.Build.0 = Debug|Any CPU
		{4B4DDBC8-9AA3-4FEA-A55E-BFAFF2CFA288}.Release|Any CPU.ActiveCfg = Release|Any CPU
		{4B4DDBC8-9AA3-4FEA-A55E-BFAFF2CFA288}.Release|Any CPU.Build.0 = Release|Any CPU
		{4B4DDBC8-9AA3-4FEA-A55E-BFAFF2CFA288}.Release|ARM64.ActiveCfg = Release|Any CPU
		{4B4DDBC8-9AA3-4FEA-A55E-BFAFF2CFA288}.Release|ARM64.Build.0 = Release|Any CPU
		{4B4DDBC8-9AA3-4FEA-A55E-BFAFF2CFA288}.Release|x64.ActiveCfg = Release|Any CPU
		{4B4DDBC8-9AA3-4FEA-A55E-BFAFF2CFA288}.Release|x64.Build.0 = Release|Any CPU
		{4B4DDBC8-9AA3-4FEA-A55E-BFAFF2CFA288}.Release|x86.ActiveCfg = Release|Any CPU
		{4B4DDBC8-9AA3-4FEA-A55E-BFAFF2CFA288}.Release|x86.Build.0 = Release|Any CPU
		{EC5CD9C3-8508-4B7D-8F5E-A2BFA0C58C4A}.Debug|Any CPU.ActiveCfg = Debug|Any CPU
		{EC5CD9C3-8508-4B7D-8F5E-A2BFA0C58C4A}.Debug|Any CPU.Build.0 = Debug|Any CPU
		{EC5CD9C3-8508-4B7D-8F5E-A2BFA0C58C4A}.Debug|ARM64.ActiveCfg = Debug|Any CPU
		{EC5CD9C3-8508-4B7D-8F5E-A2BFA0C58C4A}.Debug|ARM64.Build.0 = Debug|Any CPU
		{EC5CD9C3-8508-4B7D-8F5E-A2BFA0C58C4A}.Debug|x64.ActiveCfg = Debug|Any CPU
		{EC5CD9C3-8508-4B7D-8F5E-A2BFA0C58C4A}.Debug|x64.Build.0 = Debug|Any CPU
		{EC5CD9C3-8508-4B7D-8F5E-A2BFA0C58C4A}.Debug|x86.ActiveCfg = Debug|Any CPU
		{EC5CD9C3-8508-4B7D-8F5E-A2BFA0C58C4A}.Debug|x86.Build.0 = Debug|Any CPU
		{EC5CD9C3-8508-4B7D-8F5E-A2BFA0C58C4A}.Release|Any CPU.ActiveCfg = Release|Any CPU
		{EC5CD9C3-8508-4B7D-8F5E-A2BFA0C58C4A}.Release|Any CPU.Build.0 = Release|Any CPU
		{EC5CD9C3-8508-4B7D-8F5E-A2BFA0C58C4A}.Release|ARM64.ActiveCfg = Release|Any CPU
		{EC5CD9C3-8508-4B7D-8F5E-A2BFA0C58C4A}.Release|ARM64.Build.0 = Release|Any CPU
		{EC5CD9C3-8508-4B7D-8F5E-A2BFA0C58C4A}.Release|x64.ActiveCfg = Release|Any CPU
		{EC5CD9C3-8508-4B7D-8F5E-A2BFA0C58C4A}.Release|x64.Build.0 = Release|Any CPU
		{EC5CD9C3-8508-4B7D-8F5E-A2BFA0C58C4A}.Release|x86.ActiveCfg = Release|Any CPU
		{EC5CD9C3-8508-4B7D-8F5E-A2BFA0C58C4A}.Release|x86.Build.0 = Release|Any CPU
		{F74911BB-B660-4602-884A-02F24B4214FB}.Debug|Any CPU.ActiveCfg = Debug|Any CPU
		{F74911BB-B660-4602-884A-02F24B4214FB}.Debug|Any CPU.Build.0 = Debug|Any CPU
		{F74911BB-B660-4602-884A-02F24B4214FB}.Debug|ARM64.ActiveCfg = Debug|Any CPU
		{F74911BB-B660-4602-884A-02F24B4214FB}.Debug|ARM64.Build.0 = Debug|Any CPU
		{F74911BB-B660-4602-884A-02F24B4214FB}.Debug|x64.ActiveCfg = Debug|Any CPU
		{F74911BB-B660-4602-884A-02F24B4214FB}.Debug|x64.Build.0 = Debug|Any CPU
		{F74911BB-B660-4602-884A-02F24B4214FB}.Debug|x86.ActiveCfg = Debug|Any CPU
		{F74911BB-B660-4602-884A-02F24B4214FB}.Debug|x86.Build.0 = Debug|Any CPU
		{F74911BB-B660-4602-884A-02F24B4214FB}.Release|Any CPU.ActiveCfg = Release|Any CPU
		{F74911BB-B660-4602-884A-02F24B4214FB}.Release|Any CPU.Build.0 = Release|Any CPU
		{F74911BB-B660-4602-884A-02F24B4214FB}.Release|ARM64.ActiveCfg = Release|Any CPU
		{F74911BB-B660-4602-884A-02F24B4214FB}.Release|ARM64.Build.0 = Release|Any CPU
		{F74911BB-B660-4602-884A-02F24B4214FB}.Release|x64.ActiveCfg = Release|Any CPU
		{F74911BB-B660-4602-884A-02F24B4214FB}.Release|x64.Build.0 = Release|Any CPU
		{F74911BB-B660-4602-884A-02F24B4214FB}.Release|x86.ActiveCfg = Release|Any CPU
		{F74911BB-B660-4602-884A-02F24B4214FB}.Release|x86.Build.0 = Release|Any CPU
		{3A170DC9-4533-4F39-BFDE-F695624B9F11}.Debug|Any CPU.ActiveCfg = Debug|Any CPU
		{3A170DC9-4533-4F39-BFDE-F695624B9F11}.Debug|Any CPU.Build.0 = Debug|Any CPU
		{3A170DC9-4533-4F39-BFDE-F695624B9F11}.Debug|ARM64.ActiveCfg = Debug|Any CPU
		{3A170DC9-4533-4F39-BFDE-F695624B9F11}.Debug|ARM64.Build.0 = Debug|Any CPU
		{3A170DC9-4533-4F39-BFDE-F695624B9F11}.Debug|x64.ActiveCfg = Debug|Any CPU
		{3A170DC9-4533-4F39-BFDE-F695624B9F11}.Debug|x64.Build.0 = Debug|Any CPU
		{3A170DC9-4533-4F39-BFDE-F695624B9F11}.Debug|x86.ActiveCfg = Debug|Any CPU
		{3A170DC9-4533-4F39-BFDE-F695624B9F11}.Debug|x86.Build.0 = Debug|Any CPU
		{3A170DC9-4533-4F39-BFDE-F695624B9F11}.Release|Any CPU.ActiveCfg = Release|Any CPU
		{3A170DC9-4533-4F39-BFDE-F695624B9F11}.Release|Any CPU.Build.0 = Release|Any CPU
		{3A170DC9-4533-4F39-BFDE-F695624B9F11}.Release|ARM64.ActiveCfg = Release|Any CPU
		{3A170DC9-4533-4F39-BFDE-F695624B9F11}.Release|ARM64.Build.0 = Release|Any CPU
		{3A170DC9-4533-4F39-BFDE-F695624B9F11}.Release|x64.ActiveCfg = Release|Any CPU
		{3A170DC9-4533-4F39-BFDE-F695624B9F11}.Release|x64.Build.0 = Release|Any CPU
		{3A170DC9-4533-4F39-BFDE-F695624B9F11}.Release|x86.ActiveCfg = Release|Any CPU
		{3A170DC9-4533-4F39-BFDE-F695624B9F11}.Release|x86.Build.0 = Release|Any CPU
		{ED4F9266-8DD3-4C24-B802-1D845C9F1AD2}.Debug|Any CPU.ActiveCfg = Debug|Any CPU
		{ED4F9266-8DD3-4C24-B802-1D845C9F1AD2}.Debug|Any CPU.Build.0 = Debug|Any CPU
		{ED4F9266-8DD3-4C24-B802-1D845C9F1AD2}.Debug|ARM64.ActiveCfg = Debug|Any CPU
		{ED4F9266-8DD3-4C24-B802-1D845C9F1AD2}.Debug|ARM64.Build.0 = Debug|Any CPU
		{ED4F9266-8DD3-4C24-B802-1D845C9F1AD2}.Debug|x64.ActiveCfg = Debug|Any CPU
		{ED4F9266-8DD3-4C24-B802-1D845C9F1AD2}.Debug|x64.Build.0 = Debug|Any CPU
		{ED4F9266-8DD3-4C24-B802-1D845C9F1AD2}.Debug|x86.ActiveCfg = Debug|Any CPU
		{ED4F9266-8DD3-4C24-B802-1D845C9F1AD2}.Debug|x86.Build.0 = Debug|Any CPU
		{ED4F9266-8DD3-4C24-B802-1D845C9F1AD2}.Release|Any CPU.ActiveCfg = Release|Any CPU
		{ED4F9266-8DD3-4C24-B802-1D845C9F1AD2}.Release|Any CPU.Build.0 = Release|Any CPU
		{ED4F9266-8DD3-4C24-B802-1D845C9F1AD2}.Release|ARM64.ActiveCfg = Release|Any CPU
		{ED4F9266-8DD3-4C24-B802-1D845C9F1AD2}.Release|ARM64.Build.0 = Release|Any CPU
		{ED4F9266-8DD3-4C24-B802-1D845C9F1AD2}.Release|x64.ActiveCfg = Release|Any CPU
		{ED4F9266-8DD3-4C24-B802-1D845C9F1AD2}.Release|x64.Build.0 = Release|Any CPU
		{ED4F9266-8DD3-4C24-B802-1D845C9F1AD2}.Release|x86.ActiveCfg = Release|Any CPU
		{ED4F9266-8DD3-4C24-B802-1D845C9F1AD2}.Release|x86.Build.0 = Release|Any CPU
		{6C6330AE-7CFB-4F09-9463-C13C6A68CA5B}.Debug|Any CPU.ActiveCfg = Debug|Any CPU
		{6C6330AE-7CFB-4F09-9463-C13C6A68CA5B}.Debug|Any CPU.Build.0 = Debug|Any CPU
		{6C6330AE-7CFB-4F09-9463-C13C6A68CA5B}.Debug|ARM64.ActiveCfg = Debug|Any CPU
		{6C6330AE-7CFB-4F09-9463-C13C6A68CA5B}.Debug|ARM64.Build.0 = Debug|Any CPU
		{6C6330AE-7CFB-4F09-9463-C13C6A68CA5B}.Debug|x64.ActiveCfg = Debug|Any CPU
		{6C6330AE-7CFB-4F09-9463-C13C6A68CA5B}.Debug|x64.Build.0 = Debug|Any CPU
		{6C6330AE-7CFB-4F09-9463-C13C6A68CA5B}.Debug|x86.ActiveCfg = Debug|Any CPU
		{6C6330AE-7CFB-4F09-9463-C13C6A68CA5B}.Debug|x86.Build.0 = Debug|Any CPU
		{6C6330AE-7CFB-4F09-9463-C13C6A68CA5B}.Release|Any CPU.ActiveCfg = Release|Any CPU
		{6C6330AE-7CFB-4F09-9463-C13C6A68CA5B}.Release|Any CPU.Build.0 = Release|Any CPU
		{6C6330AE-7CFB-4F09-9463-C13C6A68CA5B}.Release|ARM64.ActiveCfg = Release|Any CPU
		{6C6330AE-7CFB-4F09-9463-C13C6A68CA5B}.Release|ARM64.Build.0 = Release|Any CPU
		{6C6330AE-7CFB-4F09-9463-C13C6A68CA5B}.Release|x64.ActiveCfg = Release|Any CPU
		{6C6330AE-7CFB-4F09-9463-C13C6A68CA5B}.Release|x64.Build.0 = Release|Any CPU
		{6C6330AE-7CFB-4F09-9463-C13C6A68CA5B}.Release|x86.ActiveCfg = Release|Any CPU
		{6C6330AE-7CFB-4F09-9463-C13C6A68CA5B}.Release|x86.Build.0 = Release|Any CPU
		{7F0CEDD0-92F4-4A92-9627-C97C502E8089}.Debug|Any CPU.ActiveCfg = Debug|Any CPU
		{7F0CEDD0-92F4-4A92-9627-C97C502E8089}.Debug|Any CPU.Build.0 = Debug|Any CPU
		{7F0CEDD0-92F4-4A92-9627-C97C502E8089}.Debug|ARM64.ActiveCfg = Debug|Any CPU
		{7F0CEDD0-92F4-4A92-9627-C97C502E8089}.Debug|ARM64.Build.0 = Debug|Any CPU
		{7F0CEDD0-92F4-4A92-9627-C97C502E8089}.Debug|x64.ActiveCfg = Debug|Any CPU
		{7F0CEDD0-92F4-4A92-9627-C97C502E8089}.Debug|x64.Build.0 = Debug|Any CPU
		{7F0CEDD0-92F4-4A92-9627-C97C502E8089}.Debug|x86.ActiveCfg = Debug|Any CPU
		{7F0CEDD0-92F4-4A92-9627-C97C502E8089}.Debug|x86.Build.0 = Debug|Any CPU
		{7F0CEDD0-92F4-4A92-9627-C97C502E8089}.Release|Any CPU.ActiveCfg = Release|Any CPU
		{7F0CEDD0-92F4-4A92-9627-C97C502E8089}.Release|Any CPU.Build.0 = Release|Any CPU
		{7F0CEDD0-92F4-4A92-9627-C97C502E8089}.Release|ARM64.ActiveCfg = Release|Any CPU
		{7F0CEDD0-92F4-4A92-9627-C97C502E8089}.Release|ARM64.Build.0 = Release|Any CPU
		{7F0CEDD0-92F4-4A92-9627-C97C502E8089}.Release|x64.ActiveCfg = Release|Any CPU
		{7F0CEDD0-92F4-4A92-9627-C97C502E8089}.Release|x64.Build.0 = Release|Any CPU
		{7F0CEDD0-92F4-4A92-9627-C97C502E8089}.Release|x86.ActiveCfg = Release|Any CPU
		{7F0CEDD0-92F4-4A92-9627-C97C502E8089}.Release|x86.Build.0 = Release|Any CPU
		{A2CAEEF7-4E6F-4948-A094-57296875D71E}.Debug|Any CPU.ActiveCfg = Debug|Any CPU
		{A2CAEEF7-4E6F-4948-A094-57296875D71E}.Debug|Any CPU.Build.0 = Debug|Any CPU
		{A2CAEEF7-4E6F-4948-A094-57296875D71E}.Debug|ARM64.ActiveCfg = Debug|Any CPU
		{A2CAEEF7-4E6F-4948-A094-57296875D71E}.Debug|ARM64.Build.0 = Debug|Any CPU
		{A2CAEEF7-4E6F-4948-A094-57296875D71E}.Debug|x64.ActiveCfg = Debug|Any CPU
		{A2CAEEF7-4E6F-4948-A094-57296875D71E}.Debug|x64.Build.0 = Debug|Any CPU
		{A2CAEEF7-4E6F-4948-A094-57296875D71E}.Debug|x86.ActiveCfg = Debug|Any CPU
		{A2CAEEF7-4E6F-4948-A094-57296875D71E}.Debug|x86.Build.0 = Debug|Any CPU
		{A2CAEEF7-4E6F-4948-A094-57296875D71E}.Release|Any CPU.ActiveCfg = Release|Any CPU
		{A2CAEEF7-4E6F-4948-A094-57296875D71E}.Release|Any CPU.Build.0 = Release|Any CPU
		{A2CAEEF7-4E6F-4948-A094-57296875D71E}.Release|ARM64.ActiveCfg = Release|Any CPU
		{A2CAEEF7-4E6F-4948-A094-57296875D71E}.Release|ARM64.Build.0 = Release|Any CPU
		{A2CAEEF7-4E6F-4948-A094-57296875D71E}.Release|x64.ActiveCfg = Release|Any CPU
		{A2CAEEF7-4E6F-4948-A094-57296875D71E}.Release|x64.Build.0 = Release|Any CPU
		{A2CAEEF7-4E6F-4948-A094-57296875D71E}.Release|x86.ActiveCfg = Release|Any CPU
		{A2CAEEF7-4E6F-4948-A094-57296875D71E}.Release|x86.Build.0 = Release|Any CPU
		{4B7C66D0-A77F-4682-8979-D4A837476010}.Debug|Any CPU.ActiveCfg = Debug|Any CPU
		{4B7C66D0-A77F-4682-8979-D4A837476010}.Debug|Any CPU.Build.0 = Debug|Any CPU
		{4B7C66D0-A77F-4682-8979-D4A837476010}.Debug|ARM64.ActiveCfg = Debug|Any CPU
		{4B7C66D0-A77F-4682-8979-D4A837476010}.Debug|ARM64.Build.0 = Debug|Any CPU
		{4B7C66D0-A77F-4682-8979-D4A837476010}.Debug|x64.ActiveCfg = Debug|Any CPU
		{4B7C66D0-A77F-4682-8979-D4A837476010}.Debug|x64.Build.0 = Debug|Any CPU
		{4B7C66D0-A77F-4682-8979-D4A837476010}.Debug|x86.ActiveCfg = Debug|Any CPU
		{4B7C66D0-A77F-4682-8979-D4A837476010}.Debug|x86.Build.0 = Debug|Any CPU
		{4B7C66D0-A77F-4682-8979-D4A837476010}.Release|Any CPU.ActiveCfg = Release|Any CPU
		{4B7C66D0-A77F-4682-8979-D4A837476010}.Release|Any CPU.Build.0 = Release|Any CPU
		{4B7C66D0-A77F-4682-8979-D4A837476010}.Release|ARM64.ActiveCfg = Release|Any CPU
		{4B7C66D0-A77F-4682-8979-D4A837476010}.Release|ARM64.Build.0 = Release|Any CPU
		{4B7C66D0-A77F-4682-8979-D4A837476010}.Release|x64.ActiveCfg = Release|Any CPU
		{4B7C66D0-A77F-4682-8979-D4A837476010}.Release|x64.Build.0 = Release|Any CPU
		{4B7C66D0-A77F-4682-8979-D4A837476010}.Release|x86.ActiveCfg = Release|Any CPU
		{4B7C66D0-A77F-4682-8979-D4A837476010}.Release|x86.Build.0 = Release|Any CPU
		{BECD4D74-7C07-43A4-9B15-52CDDA68A892}.Debug|Any CPU.ActiveCfg = Debug|Any CPU
		{BECD4D74-7C07-43A4-9B15-52CDDA68A892}.Debug|Any CPU.Build.0 = Debug|Any CPU
		{BECD4D74-7C07-43A4-9B15-52CDDA68A892}.Debug|ARM64.ActiveCfg = Debug|Any CPU
		{BECD4D74-7C07-43A4-9B15-52CDDA68A892}.Debug|ARM64.Build.0 = Debug|Any CPU
		{BECD4D74-7C07-43A4-9B15-52CDDA68A892}.Debug|x64.ActiveCfg = Debug|Any CPU
		{BECD4D74-7C07-43A4-9B15-52CDDA68A892}.Debug|x64.Build.0 = Debug|Any CPU
		{BECD4D74-7C07-43A4-9B15-52CDDA68A892}.Debug|x86.ActiveCfg = Debug|Any CPU
		{BECD4D74-7C07-43A4-9B15-52CDDA68A892}.Debug|x86.Build.0 = Debug|Any CPU
		{BECD4D74-7C07-43A4-9B15-52CDDA68A892}.Release|Any CPU.ActiveCfg = Release|Any CPU
		{BECD4D74-7C07-43A4-9B15-52CDDA68A892}.Release|Any CPU.Build.0 = Release|Any CPU
		{BECD4D74-7C07-43A4-9B15-52CDDA68A892}.Release|ARM64.ActiveCfg = Release|Any CPU
		{BECD4D74-7C07-43A4-9B15-52CDDA68A892}.Release|ARM64.Build.0 = Release|Any CPU
		{BECD4D74-7C07-43A4-9B15-52CDDA68A892}.Release|x64.ActiveCfg = Release|Any CPU
		{BECD4D74-7C07-43A4-9B15-52CDDA68A892}.Release|x64.Build.0 = Release|Any CPU
		{BECD4D74-7C07-43A4-9B15-52CDDA68A892}.Release|x86.ActiveCfg = Release|Any CPU
		{BECD4D74-7C07-43A4-9B15-52CDDA68A892}.Release|x86.Build.0 = Release|Any CPU
		{8A96C52A-9C7F-4692-B475-914F35E7DD32}.Debug|Any CPU.ActiveCfg = Debug|Any CPU
		{8A96C52A-9C7F-4692-B475-914F35E7DD32}.Debug|Any CPU.Build.0 = Debug|Any CPU
		{8A96C52A-9C7F-4692-B475-914F35E7DD32}.Debug|ARM64.ActiveCfg = Debug|Any CPU
		{8A96C52A-9C7F-4692-B475-914F35E7DD32}.Debug|ARM64.Build.0 = Debug|Any CPU
		{8A96C52A-9C7F-4692-B475-914F35E7DD32}.Debug|x64.ActiveCfg = Debug|Any CPU
		{8A96C52A-9C7F-4692-B475-914F35E7DD32}.Debug|x64.Build.0 = Debug|Any CPU
		{8A96C52A-9C7F-4692-B475-914F35E7DD32}.Debug|x86.ActiveCfg = Debug|Any CPU
		{8A96C52A-9C7F-4692-B475-914F35E7DD32}.Debug|x86.Build.0 = Debug|Any CPU
		{8A96C52A-9C7F-4692-B475-914F35E7DD32}.Release|Any CPU.ActiveCfg = Release|Any CPU
		{8A96C52A-9C7F-4692-B475-914F35E7DD32}.Release|Any CPU.Build.0 = Release|Any CPU
		{8A96C52A-9C7F-4692-B475-914F35E7DD32}.Release|ARM64.ActiveCfg = Release|Any CPU
		{8A96C52A-9C7F-4692-B475-914F35E7DD32}.Release|ARM64.Build.0 = Release|Any CPU
		{8A96C52A-9C7F-4692-B475-914F35E7DD32}.Release|x64.ActiveCfg = Release|Any CPU
		{8A96C52A-9C7F-4692-B475-914F35E7DD32}.Release|x64.Build.0 = Release|Any CPU
		{8A96C52A-9C7F-4692-B475-914F35E7DD32}.Release|x86.ActiveCfg = Release|Any CPU
		{8A96C52A-9C7F-4692-B475-914F35E7DD32}.Release|x86.Build.0 = Release|Any CPU
		{C9102D0B-34E1-436A-8743-E10A1E5BF590}.Debug|Any CPU.ActiveCfg = Debug
		{C9102D0B-34E1-436A-8743-E10A1E5BF590}.Debug|ARM64.ActiveCfg = Debug
		{C9102D0B-34E1-436A-8743-E10A1E5BF590}.Debug|x64.ActiveCfg = Debug
		{C9102D0B-34E1-436A-8743-E10A1E5BF590}.Debug|x86.ActiveCfg = Debug
		{C9102D0B-34E1-436A-8743-E10A1E5BF590}.Release|Any CPU.ActiveCfg = Release
		{C9102D0B-34E1-436A-8743-E10A1E5BF590}.Release|ARM64.ActiveCfg = Release
		{C9102D0B-34E1-436A-8743-E10A1E5BF590}.Release|x64.ActiveCfg = Release
		{C9102D0B-34E1-436A-8743-E10A1E5BF590}.Release|x86.ActiveCfg = Release
		{56D16D8B-A829-4ABA-ABDD-05F59FD7C610}.Debug|Any CPU.ActiveCfg = Debug|Any CPU
		{56D16D8B-A829-4ABA-ABDD-05F59FD7C610}.Debug|Any CPU.Build.0 = Debug|Any CPU
		{56D16D8B-A829-4ABA-ABDD-05F59FD7C610}.Debug|ARM64.ActiveCfg = Debug|Any CPU
		{56D16D8B-A829-4ABA-ABDD-05F59FD7C610}.Debug|ARM64.Build.0 = Debug|Any CPU
		{56D16D8B-A829-4ABA-ABDD-05F59FD7C610}.Debug|x64.ActiveCfg = Debug|Any CPU
		{56D16D8B-A829-4ABA-ABDD-05F59FD7C610}.Debug|x64.Build.0 = Debug|Any CPU
		{56D16D8B-A829-4ABA-ABDD-05F59FD7C610}.Debug|x86.ActiveCfg = Debug|Any CPU
		{56D16D8B-A829-4ABA-ABDD-05F59FD7C610}.Debug|x86.Build.0 = Debug|Any CPU
		{56D16D8B-A829-4ABA-ABDD-05F59FD7C610}.Release|Any CPU.ActiveCfg = Release|Any CPU
		{56D16D8B-A829-4ABA-ABDD-05F59FD7C610}.Release|Any CPU.Build.0 = Release|Any CPU
		{56D16D8B-A829-4ABA-ABDD-05F59FD7C610}.Release|ARM64.ActiveCfg = Release|Any CPU
		{56D16D8B-A829-4ABA-ABDD-05F59FD7C610}.Release|ARM64.Build.0 = Release|Any CPU
		{56D16D8B-A829-4ABA-ABDD-05F59FD7C610}.Release|x64.ActiveCfg = Release|Any CPU
		{56D16D8B-A829-4ABA-ABDD-05F59FD7C610}.Release|x64.Build.0 = Release|Any CPU
		{56D16D8B-A829-4ABA-ABDD-05F59FD7C610}.Release|x86.ActiveCfg = Release|Any CPU
		{56D16D8B-A829-4ABA-ABDD-05F59FD7C610}.Release|x86.Build.0 = Release|Any CPU
		{AFF697F0-3E32-4816-B5D7-4590C610019D}.Debug|Any CPU.ActiveCfg = Debug|Any CPU
		{AFF697F0-3E32-4816-B5D7-4590C610019D}.Debug|Any CPU.Build.0 = Debug|Any CPU
		{AFF697F0-3E32-4816-B5D7-4590C610019D}.Debug|ARM64.ActiveCfg = Debug|Any CPU
		{AFF697F0-3E32-4816-B5D7-4590C610019D}.Debug|ARM64.Build.0 = Debug|Any CPU
		{AFF697F0-3E32-4816-B5D7-4590C610019D}.Debug|x64.ActiveCfg = Debug|Any CPU
		{AFF697F0-3E32-4816-B5D7-4590C610019D}.Debug|x64.Build.0 = Debug|Any CPU
		{AFF697F0-3E32-4816-B5D7-4590C610019D}.Debug|x86.ActiveCfg = Debug|Any CPU
		{AFF697F0-3E32-4816-B5D7-4590C610019D}.Debug|x86.Build.0 = Debug|Any CPU
		{AFF697F0-3E32-4816-B5D7-4590C610019D}.Release|Any CPU.ActiveCfg = Release|Any CPU
		{AFF697F0-3E32-4816-B5D7-4590C610019D}.Release|Any CPU.Build.0 = Release|Any CPU
		{AFF697F0-3E32-4816-B5D7-4590C610019D}.Release|ARM64.ActiveCfg = Release|Any CPU
		{AFF697F0-3E32-4816-B5D7-4590C610019D}.Release|ARM64.Build.0 = Release|Any CPU
		{AFF697F0-3E32-4816-B5D7-4590C610019D}.Release|x64.ActiveCfg = Release|Any CPU
		{AFF697F0-3E32-4816-B5D7-4590C610019D}.Release|x64.Build.0 = Release|Any CPU
		{AFF697F0-3E32-4816-B5D7-4590C610019D}.Release|x86.ActiveCfg = Release|Any CPU
		{AFF697F0-3E32-4816-B5D7-4590C610019D}.Release|x86.Build.0 = Release|Any CPU
		{D7F335B7-FC51-4DB0-BEE9-F260E4878F25}.Debug|Any CPU.ActiveCfg = Debug|Any CPU
		{D7F335B7-FC51-4DB0-BEE9-F260E4878F25}.Debug|Any CPU.Build.0 = Debug|Any CPU
		{D7F335B7-FC51-4DB0-BEE9-F260E4878F25}.Debug|ARM64.ActiveCfg = Debug|Any CPU
		{D7F335B7-FC51-4DB0-BEE9-F260E4878F25}.Debug|ARM64.Build.0 = Debug|Any CPU
		{D7F335B7-FC51-4DB0-BEE9-F260E4878F25}.Debug|x64.ActiveCfg = Debug|Any CPU
		{D7F335B7-FC51-4DB0-BEE9-F260E4878F25}.Debug|x64.Build.0 = Debug|Any CPU
		{D7F335B7-FC51-4DB0-BEE9-F260E4878F25}.Debug|x86.ActiveCfg = Debug|Any CPU
		{D7F335B7-FC51-4DB0-BEE9-F260E4878F25}.Debug|x86.Build.0 = Debug|Any CPU
		{D7F335B7-FC51-4DB0-BEE9-F260E4878F25}.Release|Any CPU.ActiveCfg = Release|Any CPU
		{D7F335B7-FC51-4DB0-BEE9-F260E4878F25}.Release|Any CPU.Build.0 = Release|Any CPU
		{D7F335B7-FC51-4DB0-BEE9-F260E4878F25}.Release|ARM64.ActiveCfg = Release|Any CPU
		{D7F335B7-FC51-4DB0-BEE9-F260E4878F25}.Release|ARM64.Build.0 = Release|Any CPU
		{D7F335B7-FC51-4DB0-BEE9-F260E4878F25}.Release|x64.ActiveCfg = Release|Any CPU
		{D7F335B7-FC51-4DB0-BEE9-F260E4878F25}.Release|x64.Build.0 = Release|Any CPU
		{D7F335B7-FC51-4DB0-BEE9-F260E4878F25}.Release|x86.ActiveCfg = Release|Any CPU
		{D7F335B7-FC51-4DB0-BEE9-F260E4878F25}.Release|x86.Build.0 = Release|Any CPU
		{923C6973-3772-4878-84D3-736C890D2834}.Debug|Any CPU.ActiveCfg = Debug|Any CPU
		{923C6973-3772-4878-84D3-736C890D2834}.Debug|Any CPU.Build.0 = Debug|Any CPU
		{923C6973-3772-4878-84D3-736C890D2834}.Debug|ARM64.ActiveCfg = Debug|Any CPU
		{923C6973-3772-4878-84D3-736C890D2834}.Debug|ARM64.Build.0 = Debug|Any CPU
		{923C6973-3772-4878-84D3-736C890D2834}.Debug|x64.ActiveCfg = Debug|Any CPU
		{923C6973-3772-4878-84D3-736C890D2834}.Debug|x64.Build.0 = Debug|Any CPU
		{923C6973-3772-4878-84D3-736C890D2834}.Debug|x86.ActiveCfg = Debug|Any CPU
		{923C6973-3772-4878-84D3-736C890D2834}.Debug|x86.Build.0 = Debug|Any CPU
		{923C6973-3772-4878-84D3-736C890D2834}.Release|Any CPU.ActiveCfg = Release|Any CPU
		{923C6973-3772-4878-84D3-736C890D2834}.Release|Any CPU.Build.0 = Release|Any CPU
		{923C6973-3772-4878-84D3-736C890D2834}.Release|ARM64.ActiveCfg = Release|Any CPU
		{923C6973-3772-4878-84D3-736C890D2834}.Release|ARM64.Build.0 = Release|Any CPU
		{923C6973-3772-4878-84D3-736C890D2834}.Release|x64.ActiveCfg = Release|Any CPU
		{923C6973-3772-4878-84D3-736C890D2834}.Release|x64.Build.0 = Release|Any CPU
		{923C6973-3772-4878-84D3-736C890D2834}.Release|x86.ActiveCfg = Release|Any CPU
		{923C6973-3772-4878-84D3-736C890D2834}.Release|x86.Build.0 = Release|Any CPU
		{DBA25427-CA27-49A0-8555-A999F40C8883}.Debug|Any CPU.ActiveCfg = Debug|Any CPU
		{DBA25427-CA27-49A0-8555-A999F40C8883}.Debug|Any CPU.Build.0 = Debug|Any CPU
		{DBA25427-CA27-49A0-8555-A999F40C8883}.Debug|ARM64.ActiveCfg = Debug|Any CPU
		{DBA25427-CA27-49A0-8555-A999F40C8883}.Debug|ARM64.Build.0 = Debug|Any CPU
		{DBA25427-CA27-49A0-8555-A999F40C8883}.Debug|x64.ActiveCfg = Debug|Any CPU
		{DBA25427-CA27-49A0-8555-A999F40C8883}.Debug|x64.Build.0 = Debug|Any CPU
		{DBA25427-CA27-49A0-8555-A999F40C8883}.Debug|x86.ActiveCfg = Debug|Any CPU
		{DBA25427-CA27-49A0-8555-A999F40C8883}.Debug|x86.Build.0 = Debug|Any CPU
		{DBA25427-CA27-49A0-8555-A999F40C8883}.Release|Any CPU.ActiveCfg = Release|Any CPU
		{DBA25427-CA27-49A0-8555-A999F40C8883}.Release|Any CPU.Build.0 = Release|Any CPU
		{DBA25427-CA27-49A0-8555-A999F40C8883}.Release|ARM64.ActiveCfg = Release|Any CPU
		{DBA25427-CA27-49A0-8555-A999F40C8883}.Release|ARM64.Build.0 = Release|Any CPU
		{DBA25427-CA27-49A0-8555-A999F40C8883}.Release|x64.ActiveCfg = Release|Any CPU
		{DBA25427-CA27-49A0-8555-A999F40C8883}.Release|x64.Build.0 = Release|Any CPU
		{DBA25427-CA27-49A0-8555-A999F40C8883}.Release|x86.ActiveCfg = Release|Any CPU
		{DBA25427-CA27-49A0-8555-A999F40C8883}.Release|x86.Build.0 = Release|Any CPU
		{47C97A5E-D769-4E3E-B1B0-BA7655E3BAE9}.Debug|Any CPU.ActiveCfg = Debug|Any CPU
		{47C97A5E-D769-4E3E-B1B0-BA7655E3BAE9}.Debug|Any CPU.Build.0 = Debug|Any CPU
		{47C97A5E-D769-4E3E-B1B0-BA7655E3BAE9}.Debug|ARM64.ActiveCfg = Debug|Any CPU
		{47C97A5E-D769-4E3E-B1B0-BA7655E3BAE9}.Debug|ARM64.Build.0 = Debug|Any CPU
		{47C97A5E-D769-4E3E-B1B0-BA7655E3BAE9}.Debug|x64.ActiveCfg = Debug|Any CPU
		{47C97A5E-D769-4E3E-B1B0-BA7655E3BAE9}.Debug|x64.Build.0 = Debug|Any CPU
		{47C97A5E-D769-4E3E-B1B0-BA7655E3BAE9}.Debug|x86.ActiveCfg = Debug|Any CPU
		{47C97A5E-D769-4E3E-B1B0-BA7655E3BAE9}.Debug|x86.Build.0 = Debug|Any CPU
		{47C97A5E-D769-4E3E-B1B0-BA7655E3BAE9}.Release|Any CPU.ActiveCfg = Release|Any CPU
		{47C97A5E-D769-4E3E-B1B0-BA7655E3BAE9}.Release|Any CPU.Build.0 = Release|Any CPU
		{47C97A5E-D769-4E3E-B1B0-BA7655E3BAE9}.Release|ARM64.ActiveCfg = Release|Any CPU
		{47C97A5E-D769-4E3E-B1B0-BA7655E3BAE9}.Release|ARM64.Build.0 = Release|Any CPU
		{47C97A5E-D769-4E3E-B1B0-BA7655E3BAE9}.Release|x64.ActiveCfg = Release|Any CPU
		{47C97A5E-D769-4E3E-B1B0-BA7655E3BAE9}.Release|x64.Build.0 = Release|Any CPU
		{47C97A5E-D769-4E3E-B1B0-BA7655E3BAE9}.Release|x86.ActiveCfg = Release|Any CPU
		{47C97A5E-D769-4E3E-B1B0-BA7655E3BAE9}.Release|x86.Build.0 = Release|Any CPU
		{6572CEBB-3C0A-4A75-BB03-62198858C0E7}.Debug|Any CPU.ActiveCfg = Debug|Any CPU
		{6572CEBB-3C0A-4A75-BB03-62198858C0E7}.Debug|Any CPU.Build.0 = Debug|Any CPU
		{6572CEBB-3C0A-4A75-BB03-62198858C0E7}.Debug|ARM64.ActiveCfg = Debug|Any CPU
		{6572CEBB-3C0A-4A75-BB03-62198858C0E7}.Debug|ARM64.Build.0 = Debug|Any CPU
		{6572CEBB-3C0A-4A75-BB03-62198858C0E7}.Debug|x64.ActiveCfg = Debug|Any CPU
		{6572CEBB-3C0A-4A75-BB03-62198858C0E7}.Debug|x64.Build.0 = Debug|Any CPU
		{6572CEBB-3C0A-4A75-BB03-62198858C0E7}.Debug|x86.ActiveCfg = Debug|Any CPU
		{6572CEBB-3C0A-4A75-BB03-62198858C0E7}.Debug|x86.Build.0 = Debug|Any CPU
		{6572CEBB-3C0A-4A75-BB03-62198858C0E7}.Release|Any CPU.ActiveCfg = Release|Any CPU
		{6572CEBB-3C0A-4A75-BB03-62198858C0E7}.Release|Any CPU.Build.0 = Release|Any CPU
		{6572CEBB-3C0A-4A75-BB03-62198858C0E7}.Release|ARM64.ActiveCfg = Release|Any CPU
		{6572CEBB-3C0A-4A75-BB03-62198858C0E7}.Release|ARM64.Build.0 = Release|Any CPU
		{6572CEBB-3C0A-4A75-BB03-62198858C0E7}.Release|x64.ActiveCfg = Release|Any CPU
		{6572CEBB-3C0A-4A75-BB03-62198858C0E7}.Release|x64.Build.0 = Release|Any CPU
		{6572CEBB-3C0A-4A75-BB03-62198858C0E7}.Release|x86.ActiveCfg = Release|Any CPU
		{6572CEBB-3C0A-4A75-BB03-62198858C0E7}.Release|x86.Build.0 = Release|Any CPU
		{9EEC8E3B-C73B-4E43-8450-D789B770C415}.Debug|Any CPU.ActiveCfg = Debug|Any CPU
		{9EEC8E3B-C73B-4E43-8450-D789B770C415}.Debug|Any CPU.Build.0 = Debug|Any CPU
		{9EEC8E3B-C73B-4E43-8450-D789B770C415}.Debug|ARM64.ActiveCfg = Debug|Any CPU
		{9EEC8E3B-C73B-4E43-8450-D789B770C415}.Debug|ARM64.Build.0 = Debug|Any CPU
		{9EEC8E3B-C73B-4E43-8450-D789B770C415}.Debug|x64.ActiveCfg = Debug|Any CPU
		{9EEC8E3B-C73B-4E43-8450-D789B770C415}.Debug|x64.Build.0 = Debug|Any CPU
		{9EEC8E3B-C73B-4E43-8450-D789B770C415}.Debug|x86.ActiveCfg = Debug|Any CPU
		{9EEC8E3B-C73B-4E43-8450-D789B770C415}.Debug|x86.Build.0 = Debug|Any CPU
		{9EEC8E3B-C73B-4E43-8450-D789B770C415}.Release|Any CPU.ActiveCfg = Release|Any CPU
		{9EEC8E3B-C73B-4E43-8450-D789B770C415}.Release|Any CPU.Build.0 = Release|Any CPU
		{9EEC8E3B-C73B-4E43-8450-D789B770C415}.Release|ARM64.ActiveCfg = Release|Any CPU
		{9EEC8E3B-C73B-4E43-8450-D789B770C415}.Release|ARM64.Build.0 = Release|Any CPU
		{9EEC8E3B-C73B-4E43-8450-D789B770C415}.Release|x64.ActiveCfg = Release|Any CPU
		{9EEC8E3B-C73B-4E43-8450-D789B770C415}.Release|x64.Build.0 = Release|Any CPU
		{9EEC8E3B-C73B-4E43-8450-D789B770C415}.Release|x86.ActiveCfg = Release|Any CPU
		{9EEC8E3B-C73B-4E43-8450-D789B770C415}.Release|x86.Build.0 = Release|Any CPU
		{06D1380E-31E0-4EFA-801C-118F66C9BF26}.Debug|Any CPU.ActiveCfg = Debug|Any CPU
		{06D1380E-31E0-4EFA-801C-118F66C9BF26}.Debug|Any CPU.Build.0 = Debug|Any CPU
		{06D1380E-31E0-4EFA-801C-118F66C9BF26}.Debug|ARM64.ActiveCfg = Debug|Any CPU
		{06D1380E-31E0-4EFA-801C-118F66C9BF26}.Debug|ARM64.Build.0 = Debug|Any CPU
		{06D1380E-31E0-4EFA-801C-118F66C9BF26}.Debug|x64.ActiveCfg = Debug|Any CPU
		{06D1380E-31E0-4EFA-801C-118F66C9BF26}.Debug|x64.Build.0 = Debug|Any CPU
		{06D1380E-31E0-4EFA-801C-118F66C9BF26}.Debug|x86.ActiveCfg = Debug|Any CPU
		{06D1380E-31E0-4EFA-801C-118F66C9BF26}.Debug|x86.Build.0 = Debug|Any CPU
		{06D1380E-31E0-4EFA-801C-118F66C9BF26}.Release|Any CPU.ActiveCfg = Release|Any CPU
		{06D1380E-31E0-4EFA-801C-118F66C9BF26}.Release|Any CPU.Build.0 = Release|Any CPU
		{06D1380E-31E0-4EFA-801C-118F66C9BF26}.Release|ARM64.ActiveCfg = Release|Any CPU
		{06D1380E-31E0-4EFA-801C-118F66C9BF26}.Release|ARM64.Build.0 = Release|Any CPU
		{06D1380E-31E0-4EFA-801C-118F66C9BF26}.Release|x64.ActiveCfg = Release|Any CPU
		{06D1380E-31E0-4EFA-801C-118F66C9BF26}.Release|x64.Build.0 = Release|Any CPU
		{06D1380E-31E0-4EFA-801C-118F66C9BF26}.Release|x86.ActiveCfg = Release|Any CPU
		{06D1380E-31E0-4EFA-801C-118F66C9BF26}.Release|x86.Build.0 = Release|Any CPU
		{A477D1B0-C219-4AC3-9603-B7C45803F1E1}.Debug|Any CPU.ActiveCfg = Debug|Any CPU
		{A477D1B0-C219-4AC3-9603-B7C45803F1E1}.Debug|Any CPU.Build.0 = Debug|Any CPU
		{A477D1B0-C219-4AC3-9603-B7C45803F1E1}.Debug|ARM64.ActiveCfg = Debug|Any CPU
		{A477D1B0-C219-4AC3-9603-B7C45803F1E1}.Debug|ARM64.Build.0 = Debug|Any CPU
		{A477D1B0-C219-4AC3-9603-B7C45803F1E1}.Debug|x64.ActiveCfg = Debug|Any CPU
		{A477D1B0-C219-4AC3-9603-B7C45803F1E1}.Debug|x64.Build.0 = Debug|Any CPU
		{A477D1B0-C219-4AC3-9603-B7C45803F1E1}.Debug|x86.ActiveCfg = Debug|Any CPU
		{A477D1B0-C219-4AC3-9603-B7C45803F1E1}.Debug|x86.Build.0 = Debug|Any CPU
		{A477D1B0-C219-4AC3-9603-B7C45803F1E1}.Release|Any CPU.ActiveCfg = Release|Any CPU
		{A477D1B0-C219-4AC3-9603-B7C45803F1E1}.Release|Any CPU.Build.0 = Release|Any CPU
		{A477D1B0-C219-4AC3-9603-B7C45803F1E1}.Release|ARM64.ActiveCfg = Release|Any CPU
		{A477D1B0-C219-4AC3-9603-B7C45803F1E1}.Release|ARM64.Build.0 = Release|Any CPU
		{A477D1B0-C219-4AC3-9603-B7C45803F1E1}.Release|x64.ActiveCfg = Release|Any CPU
		{A477D1B0-C219-4AC3-9603-B7C45803F1E1}.Release|x64.Build.0 = Release|Any CPU
		{A477D1B0-C219-4AC3-9603-B7C45803F1E1}.Release|x86.ActiveCfg = Release|Any CPU
		{A477D1B0-C219-4AC3-9603-B7C45803F1E1}.Release|x86.Build.0 = Release|Any CPU
		{0F49757B-FDF8-4082-8325-5B59D201E1FA}.Debug|Any CPU.ActiveCfg = Debug|Any CPU
		{0F49757B-FDF8-4082-8325-5B59D201E1FA}.Debug|Any CPU.Build.0 = Debug|Any CPU
		{0F49757B-FDF8-4082-8325-5B59D201E1FA}.Debug|ARM64.ActiveCfg = Debug|Any CPU
		{0F49757B-FDF8-4082-8325-5B59D201E1FA}.Debug|ARM64.Build.0 = Debug|Any CPU
		{0F49757B-FDF8-4082-8325-5B59D201E1FA}.Debug|x64.ActiveCfg = Debug|Any CPU
		{0F49757B-FDF8-4082-8325-5B59D201E1FA}.Debug|x64.Build.0 = Debug|Any CPU
		{0F49757B-FDF8-4082-8325-5B59D201E1FA}.Debug|x86.ActiveCfg = Debug|Any CPU
		{0F49757B-FDF8-4082-8325-5B59D201E1FA}.Debug|x86.Build.0 = Debug|Any CPU
		{0F49757B-FDF8-4082-8325-5B59D201E1FA}.Release|Any CPU.ActiveCfg = Release|Any CPU
		{0F49757B-FDF8-4082-8325-5B59D201E1FA}.Release|Any CPU.Build.0 = Release|Any CPU
		{0F49757B-FDF8-4082-8325-5B59D201E1FA}.Release|ARM64.ActiveCfg = Release|Any CPU
		{0F49757B-FDF8-4082-8325-5B59D201E1FA}.Release|ARM64.Build.0 = Release|Any CPU
		{0F49757B-FDF8-4082-8325-5B59D201E1FA}.Release|x64.ActiveCfg = Release|Any CPU
		{0F49757B-FDF8-4082-8325-5B59D201E1FA}.Release|x64.Build.0 = Release|Any CPU
		{0F49757B-FDF8-4082-8325-5B59D201E1FA}.Release|x86.ActiveCfg = Release|Any CPU
		{0F49757B-FDF8-4082-8325-5B59D201E1FA}.Release|x86.Build.0 = Release|Any CPU
		{DF9C0164-81AB-4091-8FAA-C37D24E2CC92}.Debug|Any CPU.ActiveCfg = Debug|Any CPU
		{DF9C0164-81AB-4091-8FAA-C37D24E2CC92}.Debug|Any CPU.Build.0 = Debug|Any CPU
		{DF9C0164-81AB-4091-8FAA-C37D24E2CC92}.Debug|ARM64.ActiveCfg = Debug|Any CPU
		{DF9C0164-81AB-4091-8FAA-C37D24E2CC92}.Debug|ARM64.Build.0 = Debug|Any CPU
		{DF9C0164-81AB-4091-8FAA-C37D24E2CC92}.Debug|x64.ActiveCfg = Debug|Any CPU
		{DF9C0164-81AB-4091-8FAA-C37D24E2CC92}.Debug|x64.Build.0 = Debug|Any CPU
		{DF9C0164-81AB-4091-8FAA-C37D24E2CC92}.Debug|x86.ActiveCfg = Debug|Any CPU
		{DF9C0164-81AB-4091-8FAA-C37D24E2CC92}.Debug|x86.Build.0 = Debug|Any CPU
		{DF9C0164-81AB-4091-8FAA-C37D24E2CC92}.Release|Any CPU.ActiveCfg = Release|Any CPU
		{DF9C0164-81AB-4091-8FAA-C37D24E2CC92}.Release|Any CPU.Build.0 = Release|Any CPU
		{DF9C0164-81AB-4091-8FAA-C37D24E2CC92}.Release|ARM64.ActiveCfg = Release|Any CPU
		{DF9C0164-81AB-4091-8FAA-C37D24E2CC92}.Release|ARM64.Build.0 = Release|Any CPU
		{DF9C0164-81AB-4091-8FAA-C37D24E2CC92}.Release|x64.ActiveCfg = Release|Any CPU
		{DF9C0164-81AB-4091-8FAA-C37D24E2CC92}.Release|x64.Build.0 = Release|Any CPU
		{DF9C0164-81AB-4091-8FAA-C37D24E2CC92}.Release|x86.ActiveCfg = Release|Any CPU
		{DF9C0164-81AB-4091-8FAA-C37D24E2CC92}.Release|x86.Build.0 = Release|Any CPU
		{1CEB03EC-EFE9-408A-A1BD-6EF00A42C5E7}.Debug|Any CPU.ActiveCfg = Debug|Any CPU
		{1CEB03EC-EFE9-408A-A1BD-6EF00A42C5E7}.Debug|Any CPU.Build.0 = Debug|Any CPU
		{1CEB03EC-EFE9-408A-A1BD-6EF00A42C5E7}.Debug|ARM64.ActiveCfg = Debug|Any CPU
		{1CEB03EC-EFE9-408A-A1BD-6EF00A42C5E7}.Debug|ARM64.Build.0 = Debug|Any CPU
		{1CEB03EC-EFE9-408A-A1BD-6EF00A42C5E7}.Debug|x64.ActiveCfg = Debug|Any CPU
		{1CEB03EC-EFE9-408A-A1BD-6EF00A42C5E7}.Debug|x64.Build.0 = Debug|Any CPU
		{1CEB03EC-EFE9-408A-A1BD-6EF00A42C5E7}.Debug|x86.ActiveCfg = Debug|Any CPU
		{1CEB03EC-EFE9-408A-A1BD-6EF00A42C5E7}.Debug|x86.Build.0 = Debug|Any CPU
		{1CEB03EC-EFE9-408A-A1BD-6EF00A42C5E7}.Release|Any CPU.ActiveCfg = Release|Any CPU
		{1CEB03EC-EFE9-408A-A1BD-6EF00A42C5E7}.Release|Any CPU.Build.0 = Release|Any CPU
		{1CEB03EC-EFE9-408A-A1BD-6EF00A42C5E7}.Release|ARM64.ActiveCfg = Release|Any CPU
		{1CEB03EC-EFE9-408A-A1BD-6EF00A42C5E7}.Release|ARM64.Build.0 = Release|Any CPU
		{1CEB03EC-EFE9-408A-A1BD-6EF00A42C5E7}.Release|x64.ActiveCfg = Release|Any CPU
		{1CEB03EC-EFE9-408A-A1BD-6EF00A42C5E7}.Release|x64.Build.0 = Release|Any CPU
		{1CEB03EC-EFE9-408A-A1BD-6EF00A42C5E7}.Release|x86.ActiveCfg = Release|Any CPU
		{1CEB03EC-EFE9-408A-A1BD-6EF00A42C5E7}.Release|x86.Build.0 = Release|Any CPU
		{4D91D8B3-FB16-49DA-B81F-7692449FDC6F}.Debug|Any CPU.ActiveCfg = Debug|Any CPU
		{4D91D8B3-FB16-49DA-B81F-7692449FDC6F}.Debug|Any CPU.Build.0 = Debug|Any CPU
		{4D91D8B3-FB16-49DA-B81F-7692449FDC6F}.Debug|ARM64.ActiveCfg = Debug|Any CPU
		{4D91D8B3-FB16-49DA-B81F-7692449FDC6F}.Debug|ARM64.Build.0 = Debug|Any CPU
		{4D91D8B3-FB16-49DA-B81F-7692449FDC6F}.Debug|x64.ActiveCfg = Debug|Any CPU
		{4D91D8B3-FB16-49DA-B81F-7692449FDC6F}.Debug|x64.Build.0 = Debug|Any CPU
		{4D91D8B3-FB16-49DA-B81F-7692449FDC6F}.Debug|x86.ActiveCfg = Debug|Any CPU
		{4D91D8B3-FB16-49DA-B81F-7692449FDC6F}.Debug|x86.Build.0 = Debug|Any CPU
		{4D91D8B3-FB16-49DA-B81F-7692449FDC6F}.Release|Any CPU.ActiveCfg = Release|Any CPU
		{4D91D8B3-FB16-49DA-B81F-7692449FDC6F}.Release|Any CPU.Build.0 = Release|Any CPU
		{4D91D8B3-FB16-49DA-B81F-7692449FDC6F}.Release|ARM64.ActiveCfg = Release|Any CPU
		{4D91D8B3-FB16-49DA-B81F-7692449FDC6F}.Release|ARM64.Build.0 = Release|Any CPU
		{4D91D8B3-FB16-49DA-B81F-7692449FDC6F}.Release|x64.ActiveCfg = Release|Any CPU
		{4D91D8B3-FB16-49DA-B81F-7692449FDC6F}.Release|x64.Build.0 = Release|Any CPU
		{4D91D8B3-FB16-49DA-B81F-7692449FDC6F}.Release|x86.ActiveCfg = Release|Any CPU
		{4D91D8B3-FB16-49DA-B81F-7692449FDC6F}.Release|x86.Build.0 = Release|Any CPU
		{103DE5FA-CA09-40E1-839B-43568C04735F}.Debug|Any CPU.ActiveCfg = Debug|Any CPU
		{103DE5FA-CA09-40E1-839B-43568C04735F}.Debug|Any CPU.Build.0 = Debug|Any CPU
		{103DE5FA-CA09-40E1-839B-43568C04735F}.Debug|ARM64.ActiveCfg = Debug|Any CPU
		{103DE5FA-CA09-40E1-839B-43568C04735F}.Debug|ARM64.Build.0 = Debug|Any CPU
		{103DE5FA-CA09-40E1-839B-43568C04735F}.Debug|x64.ActiveCfg = Debug|Any CPU
		{103DE5FA-CA09-40E1-839B-43568C04735F}.Debug|x64.Build.0 = Debug|Any CPU
		{103DE5FA-CA09-40E1-839B-43568C04735F}.Debug|x86.ActiveCfg = Debug|Any CPU
		{103DE5FA-CA09-40E1-839B-43568C04735F}.Debug|x86.Build.0 = Debug|Any CPU
		{103DE5FA-CA09-40E1-839B-43568C04735F}.Release|Any CPU.ActiveCfg = Release|Any CPU
		{103DE5FA-CA09-40E1-839B-43568C04735F}.Release|Any CPU.Build.0 = Release|Any CPU
		{103DE5FA-CA09-40E1-839B-43568C04735F}.Release|ARM64.ActiveCfg = Release|Any CPU
		{103DE5FA-CA09-40E1-839B-43568C04735F}.Release|ARM64.Build.0 = Release|Any CPU
		{103DE5FA-CA09-40E1-839B-43568C04735F}.Release|x64.ActiveCfg = Release|Any CPU
		{103DE5FA-CA09-40E1-839B-43568C04735F}.Release|x64.Build.0 = Release|Any CPU
		{103DE5FA-CA09-40E1-839B-43568C04735F}.Release|x86.ActiveCfg = Release|Any CPU
		{103DE5FA-CA09-40E1-839B-43568C04735F}.Release|x86.Build.0 = Release|Any CPU
		{94CA0210-74C4-4B82-AB75-AB0CCDAA88E8}.Debug|Any CPU.ActiveCfg = Debug|Any CPU
		{94CA0210-74C4-4B82-AB75-AB0CCDAA88E8}.Debug|Any CPU.Build.0 = Debug|Any CPU
		{94CA0210-74C4-4B82-AB75-AB0CCDAA88E8}.Debug|ARM64.ActiveCfg = Debug|Any CPU
		{94CA0210-74C4-4B82-AB75-AB0CCDAA88E8}.Debug|ARM64.Build.0 = Debug|Any CPU
		{94CA0210-74C4-4B82-AB75-AB0CCDAA88E8}.Debug|x64.ActiveCfg = Debug|Any CPU
		{94CA0210-74C4-4B82-AB75-AB0CCDAA88E8}.Debug|x64.Build.0 = Debug|Any CPU
		{94CA0210-74C4-4B82-AB75-AB0CCDAA88E8}.Debug|x86.ActiveCfg = Debug|Any CPU
		{94CA0210-74C4-4B82-AB75-AB0CCDAA88E8}.Debug|x86.Build.0 = Debug|Any CPU
		{94CA0210-74C4-4B82-AB75-AB0CCDAA88E8}.Release|Any CPU.ActiveCfg = Release|Any CPU
		{94CA0210-74C4-4B82-AB75-AB0CCDAA88E8}.Release|Any CPU.Build.0 = Release|Any CPU
		{94CA0210-74C4-4B82-AB75-AB0CCDAA88E8}.Release|ARM64.ActiveCfg = Release|Any CPU
		{94CA0210-74C4-4B82-AB75-AB0CCDAA88E8}.Release|ARM64.Build.0 = Release|Any CPU
		{94CA0210-74C4-4B82-AB75-AB0CCDAA88E8}.Release|x64.ActiveCfg = Release|Any CPU
		{94CA0210-74C4-4B82-AB75-AB0CCDAA88E8}.Release|x64.Build.0 = Release|Any CPU
		{94CA0210-74C4-4B82-AB75-AB0CCDAA88E8}.Release|x86.ActiveCfg = Release|Any CPU
		{94CA0210-74C4-4B82-AB75-AB0CCDAA88E8}.Release|x86.Build.0 = Release|Any CPU
		{84C442E4-FB0A-409D-8BC9-48620DDA0F3D}.Debug|Any CPU.ActiveCfg = Debug|Any CPU
		{84C442E4-FB0A-409D-8BC9-48620DDA0F3D}.Debug|Any CPU.Build.0 = Debug|Any CPU
		{84C442E4-FB0A-409D-8BC9-48620DDA0F3D}.Debug|ARM64.ActiveCfg = Debug|Any CPU
		{84C442E4-FB0A-409D-8BC9-48620DDA0F3D}.Debug|ARM64.Build.0 = Debug|Any CPU
		{84C442E4-FB0A-409D-8BC9-48620DDA0F3D}.Debug|x64.ActiveCfg = Debug|Any CPU
		{84C442E4-FB0A-409D-8BC9-48620DDA0F3D}.Debug|x64.Build.0 = Debug|Any CPU
		{84C442E4-FB0A-409D-8BC9-48620DDA0F3D}.Debug|x86.ActiveCfg = Debug|Any CPU
		{84C442E4-FB0A-409D-8BC9-48620DDA0F3D}.Debug|x86.Build.0 = Debug|Any CPU
		{84C442E4-FB0A-409D-8BC9-48620DDA0F3D}.Release|Any CPU.ActiveCfg = Release|Any CPU
		{84C442E4-FB0A-409D-8BC9-48620DDA0F3D}.Release|Any CPU.Build.0 = Release|Any CPU
		{84C442E4-FB0A-409D-8BC9-48620DDA0F3D}.Release|ARM64.ActiveCfg = Release|Any CPU
		{84C442E4-FB0A-409D-8BC9-48620DDA0F3D}.Release|ARM64.Build.0 = Release|Any CPU
		{84C442E4-FB0A-409D-8BC9-48620DDA0F3D}.Release|x64.ActiveCfg = Release|Any CPU
		{84C442E4-FB0A-409D-8BC9-48620DDA0F3D}.Release|x64.Build.0 = Release|Any CPU
		{84C442E4-FB0A-409D-8BC9-48620DDA0F3D}.Release|x86.ActiveCfg = Release|Any CPU
		{84C442E4-FB0A-409D-8BC9-48620DDA0F3D}.Release|x86.Build.0 = Release|Any CPU
		{6A2D7275-D997-47D1-9683-97F3B0C616E6}.Debug|Any CPU.ActiveCfg = Debug|Any CPU
		{6A2D7275-D997-47D1-9683-97F3B0C616E6}.Debug|Any CPU.Build.0 = Debug|Any CPU
		{6A2D7275-D997-47D1-9683-97F3B0C616E6}.Debug|ARM64.ActiveCfg = Debug|Any CPU
		{6A2D7275-D997-47D1-9683-97F3B0C616E6}.Debug|ARM64.Build.0 = Debug|Any CPU
		{6A2D7275-D997-47D1-9683-97F3B0C616E6}.Debug|x64.ActiveCfg = Debug|Any CPU
		{6A2D7275-D997-47D1-9683-97F3B0C616E6}.Debug|x64.Build.0 = Debug|Any CPU
		{6A2D7275-D997-47D1-9683-97F3B0C616E6}.Debug|x86.ActiveCfg = Debug|Any CPU
		{6A2D7275-D997-47D1-9683-97F3B0C616E6}.Debug|x86.Build.0 = Debug|Any CPU
		{6A2D7275-D997-47D1-9683-97F3B0C616E6}.Release|Any CPU.ActiveCfg = Release|Any CPU
		{6A2D7275-D997-47D1-9683-97F3B0C616E6}.Release|Any CPU.Build.0 = Release|Any CPU
		{6A2D7275-D997-47D1-9683-97F3B0C616E6}.Release|ARM64.ActiveCfg = Release|Any CPU
		{6A2D7275-D997-47D1-9683-97F3B0C616E6}.Release|ARM64.Build.0 = Release|Any CPU
		{6A2D7275-D997-47D1-9683-97F3B0C616E6}.Release|x64.ActiveCfg = Release|Any CPU
		{6A2D7275-D997-47D1-9683-97F3B0C616E6}.Release|x64.Build.0 = Release|Any CPU
		{6A2D7275-D997-47D1-9683-97F3B0C616E6}.Release|x86.ActiveCfg = Release|Any CPU
		{6A2D7275-D997-47D1-9683-97F3B0C616E6}.Release|x86.Build.0 = Release|Any CPU
		{D525F88C-816D-406C-B4A2-7C3382B701C8}.Debug|Any CPU.ActiveCfg = Debug|Any CPU
		{D525F88C-816D-406C-B4A2-7C3382B701C8}.Debug|Any CPU.Build.0 = Debug|Any CPU
		{D525F88C-816D-406C-B4A2-7C3382B701C8}.Debug|ARM64.ActiveCfg = Debug|Any CPU
		{D525F88C-816D-406C-B4A2-7C3382B701C8}.Debug|ARM64.Build.0 = Debug|Any CPU
		{D525F88C-816D-406C-B4A2-7C3382B701C8}.Debug|x64.ActiveCfg = Debug|Any CPU
		{D525F88C-816D-406C-B4A2-7C3382B701C8}.Debug|x64.Build.0 = Debug|Any CPU
		{D525F88C-816D-406C-B4A2-7C3382B701C8}.Debug|x86.ActiveCfg = Debug|Any CPU
		{D525F88C-816D-406C-B4A2-7C3382B701C8}.Debug|x86.Build.0 = Debug|Any CPU
		{D525F88C-816D-406C-B4A2-7C3382B701C8}.Release|Any CPU.ActiveCfg = Release|Any CPU
		{D525F88C-816D-406C-B4A2-7C3382B701C8}.Release|Any CPU.Build.0 = Release|Any CPU
		{D525F88C-816D-406C-B4A2-7C3382B701C8}.Release|ARM64.ActiveCfg = Release|Any CPU
		{D525F88C-816D-406C-B4A2-7C3382B701C8}.Release|ARM64.Build.0 = Release|Any CPU
		{D525F88C-816D-406C-B4A2-7C3382B701C8}.Release|x64.ActiveCfg = Release|Any CPU
		{D525F88C-816D-406C-B4A2-7C3382B701C8}.Release|x64.Build.0 = Release|Any CPU
		{D525F88C-816D-406C-B4A2-7C3382B701C8}.Release|x86.ActiveCfg = Release|Any CPU
		{D525F88C-816D-406C-B4A2-7C3382B701C8}.Release|x86.Build.0 = Release|Any CPU
		{3CBD6988-265C-47DB-9329-A4B2EB888130}.Debug|Any CPU.ActiveCfg = Debug|Any CPU
		{3CBD6988-265C-47DB-9329-A4B2EB888130}.Debug|Any CPU.Build.0 = Debug|Any CPU
		{3CBD6988-265C-47DB-9329-A4B2EB888130}.Debug|ARM64.ActiveCfg = Debug|Any CPU
		{3CBD6988-265C-47DB-9329-A4B2EB888130}.Debug|ARM64.Build.0 = Debug|Any CPU
		{3CBD6988-265C-47DB-9329-A4B2EB888130}.Debug|x64.ActiveCfg = Debug|Any CPU
		{3CBD6988-265C-47DB-9329-A4B2EB888130}.Debug|x64.Build.0 = Debug|Any CPU
		{3CBD6988-265C-47DB-9329-A4B2EB888130}.Debug|x86.ActiveCfg = Debug|Any CPU
		{3CBD6988-265C-47DB-9329-A4B2EB888130}.Debug|x86.Build.0 = Debug|Any CPU
		{3CBD6988-265C-47DB-9329-A4B2EB888130}.Release|Any CPU.ActiveCfg = Release|Any CPU
		{3CBD6988-265C-47DB-9329-A4B2EB888130}.Release|Any CPU.Build.0 = Release|Any CPU
		{3CBD6988-265C-47DB-9329-A4B2EB888130}.Release|ARM64.ActiveCfg = Release|Any CPU
		{3CBD6988-265C-47DB-9329-A4B2EB888130}.Release|ARM64.Build.0 = Release|Any CPU
		{3CBD6988-265C-47DB-9329-A4B2EB888130}.Release|x64.ActiveCfg = Release|Any CPU
		{3CBD6988-265C-47DB-9329-A4B2EB888130}.Release|x64.Build.0 = Release|Any CPU
		{3CBD6988-265C-47DB-9329-A4B2EB888130}.Release|x86.ActiveCfg = Release|Any CPU
		{3CBD6988-265C-47DB-9329-A4B2EB888130}.Release|x86.Build.0 = Release|Any CPU
		{6D77028C-84C5-4052-B8F7-41A5D4D6FF65}.Debug|Any CPU.ActiveCfg = Debug|Any CPU
		{6D77028C-84C5-4052-B8F7-41A5D4D6FF65}.Debug|Any CPU.Build.0 = Debug|Any CPU
		{6D77028C-84C5-4052-B8F7-41A5D4D6FF65}.Debug|ARM64.ActiveCfg = Debug|Any CPU
		{6D77028C-84C5-4052-B8F7-41A5D4D6FF65}.Debug|ARM64.Build.0 = Debug|Any CPU
		{6D77028C-84C5-4052-B8F7-41A5D4D6FF65}.Debug|x64.ActiveCfg = Debug|Any CPU
		{6D77028C-84C5-4052-B8F7-41A5D4D6FF65}.Debug|x64.Build.0 = Debug|Any CPU
		{6D77028C-84C5-4052-B8F7-41A5D4D6FF65}.Debug|x86.ActiveCfg = Debug|Any CPU
		{6D77028C-84C5-4052-B8F7-41A5D4D6FF65}.Debug|x86.Build.0 = Debug|Any CPU
		{6D77028C-84C5-4052-B8F7-41A5D4D6FF65}.Release|Any CPU.ActiveCfg = Release|Any CPU
		{6D77028C-84C5-4052-B8F7-41A5D4D6FF65}.Release|Any CPU.Build.0 = Release|Any CPU
		{6D77028C-84C5-4052-B8F7-41A5D4D6FF65}.Release|ARM64.ActiveCfg = Release|Any CPU
		{6D77028C-84C5-4052-B8F7-41A5D4D6FF65}.Release|ARM64.Build.0 = Release|Any CPU
		{6D77028C-84C5-4052-B8F7-41A5D4D6FF65}.Release|x64.ActiveCfg = Release|Any CPU
		{6D77028C-84C5-4052-B8F7-41A5D4D6FF65}.Release|x64.Build.0 = Release|Any CPU
		{6D77028C-84C5-4052-B8F7-41A5D4D6FF65}.Release|x86.ActiveCfg = Release|Any CPU
		{6D77028C-84C5-4052-B8F7-41A5D4D6FF65}.Release|x86.Build.0 = Release|Any CPU
		{1B1338C5-9B69-42A6-AF12-24CAC8AB38CA}.Debug|Any CPU.ActiveCfg = Debug|Any CPU
		{1B1338C5-9B69-42A6-AF12-24CAC8AB38CA}.Debug|Any CPU.Build.0 = Debug|Any CPU
		{1B1338C5-9B69-42A6-AF12-24CAC8AB38CA}.Debug|ARM64.ActiveCfg = Debug|Any CPU
		{1B1338C5-9B69-42A6-AF12-24CAC8AB38CA}.Debug|ARM64.Build.0 = Debug|Any CPU
		{1B1338C5-9B69-42A6-AF12-24CAC8AB38CA}.Debug|x64.ActiveCfg = Debug|Any CPU
		{1B1338C5-9B69-42A6-AF12-24CAC8AB38CA}.Debug|x64.Build.0 = Debug|Any CPU
		{1B1338C5-9B69-42A6-AF12-24CAC8AB38CA}.Debug|x86.ActiveCfg = Debug|Any CPU
		{1B1338C5-9B69-42A6-AF12-24CAC8AB38CA}.Debug|x86.Build.0 = Debug|Any CPU
		{1B1338C5-9B69-42A6-AF12-24CAC8AB38CA}.Release|Any CPU.ActiveCfg = Release|Any CPU
		{1B1338C5-9B69-42A6-AF12-24CAC8AB38CA}.Release|Any CPU.Build.0 = Release|Any CPU
		{1B1338C5-9B69-42A6-AF12-24CAC8AB38CA}.Release|ARM64.ActiveCfg = Release|Any CPU
		{1B1338C5-9B69-42A6-AF12-24CAC8AB38CA}.Release|ARM64.Build.0 = Release|Any CPU
		{1B1338C5-9B69-42A6-AF12-24CAC8AB38CA}.Release|x64.ActiveCfg = Release|Any CPU
		{1B1338C5-9B69-42A6-AF12-24CAC8AB38CA}.Release|x64.Build.0 = Release|Any CPU
		{1B1338C5-9B69-42A6-AF12-24CAC8AB38CA}.Release|x86.ActiveCfg = Release|Any CPU
		{1B1338C5-9B69-42A6-AF12-24CAC8AB38CA}.Release|x86.Build.0 = Release|Any CPU
		{D305F76A-1777-47FF-AB75-E99DE49475B1}.Debug|Any CPU.ActiveCfg = Debug|Any CPU
		{D305F76A-1777-47FF-AB75-E99DE49475B1}.Debug|Any CPU.Build.0 = Debug|Any CPU
		{D305F76A-1777-47FF-AB75-E99DE49475B1}.Debug|ARM64.ActiveCfg = Debug|Any CPU
		{D305F76A-1777-47FF-AB75-E99DE49475B1}.Debug|ARM64.Build.0 = Debug|Any CPU
		{D305F76A-1777-47FF-AB75-E99DE49475B1}.Debug|x64.ActiveCfg = Debug|Any CPU
		{D305F76A-1777-47FF-AB75-E99DE49475B1}.Debug|x64.Build.0 = Debug|Any CPU
		{D305F76A-1777-47FF-AB75-E99DE49475B1}.Debug|x86.ActiveCfg = Debug|Any CPU
		{D305F76A-1777-47FF-AB75-E99DE49475B1}.Debug|x86.Build.0 = Debug|Any CPU
		{D305F76A-1777-47FF-AB75-E99DE49475B1}.Release|Any CPU.ActiveCfg = Release|Any CPU
		{D305F76A-1777-47FF-AB75-E99DE49475B1}.Release|Any CPU.Build.0 = Release|Any CPU
		{D305F76A-1777-47FF-AB75-E99DE49475B1}.Release|ARM64.ActiveCfg = Release|Any CPU
		{D305F76A-1777-47FF-AB75-E99DE49475B1}.Release|ARM64.Build.0 = Release|Any CPU
		{D305F76A-1777-47FF-AB75-E99DE49475B1}.Release|x64.ActiveCfg = Release|Any CPU
		{D305F76A-1777-47FF-AB75-E99DE49475B1}.Release|x64.Build.0 = Release|Any CPU
		{D305F76A-1777-47FF-AB75-E99DE49475B1}.Release|x86.ActiveCfg = Release|Any CPU
		{D305F76A-1777-47FF-AB75-E99DE49475B1}.Release|x86.Build.0 = Release|Any CPU
		{7AB3403F-2691-4B8F-85DE-978683B7725E}.Debug|Any CPU.ActiveCfg = Debug|Any CPU
		{7AB3403F-2691-4B8F-85DE-978683B7725E}.Debug|Any CPU.Build.0 = Debug|Any CPU
		{7AB3403F-2691-4B8F-85DE-978683B7725E}.Debug|ARM64.ActiveCfg = Debug|Any CPU
		{7AB3403F-2691-4B8F-85DE-978683B7725E}.Debug|ARM64.Build.0 = Debug|Any CPU
		{7AB3403F-2691-4B8F-85DE-978683B7725E}.Debug|x64.ActiveCfg = Debug|Any CPU
		{7AB3403F-2691-4B8F-85DE-978683B7725E}.Debug|x64.Build.0 = Debug|Any CPU
		{7AB3403F-2691-4B8F-85DE-978683B7725E}.Debug|x86.ActiveCfg = Debug|Any CPU
		{7AB3403F-2691-4B8F-85DE-978683B7725E}.Debug|x86.Build.0 = Debug|Any CPU
		{7AB3403F-2691-4B8F-85DE-978683B7725E}.Release|Any CPU.ActiveCfg = Release|Any CPU
		{7AB3403F-2691-4B8F-85DE-978683B7725E}.Release|Any CPU.Build.0 = Release|Any CPU
		{7AB3403F-2691-4B8F-85DE-978683B7725E}.Release|ARM64.ActiveCfg = Release|Any CPU
		{7AB3403F-2691-4B8F-85DE-978683B7725E}.Release|ARM64.Build.0 = Release|Any CPU
		{7AB3403F-2691-4B8F-85DE-978683B7725E}.Release|x64.ActiveCfg = Release|Any CPU
		{7AB3403F-2691-4B8F-85DE-978683B7725E}.Release|x64.Build.0 = Release|Any CPU
		{7AB3403F-2691-4B8F-85DE-978683B7725E}.Release|x86.ActiveCfg = Release|Any CPU
		{7AB3403F-2691-4B8F-85DE-978683B7725E}.Release|x86.Build.0 = Release|Any CPU
		{D7A559D5-E263-4DD9-8FBB-70E695AA2F8C}.Debug|Any CPU.ActiveCfg = Debug|Any CPU
		{D7A559D5-E263-4DD9-8FBB-70E695AA2F8C}.Debug|Any CPU.Build.0 = Debug|Any CPU
		{D7A559D5-E263-4DD9-8FBB-70E695AA2F8C}.Debug|ARM64.ActiveCfg = Debug|Any CPU
		{D7A559D5-E263-4DD9-8FBB-70E695AA2F8C}.Debug|ARM64.Build.0 = Debug|Any CPU
		{D7A559D5-E263-4DD9-8FBB-70E695AA2F8C}.Debug|x64.ActiveCfg = Debug|Any CPU
		{D7A559D5-E263-4DD9-8FBB-70E695AA2F8C}.Debug|x64.Build.0 = Debug|Any CPU
		{D7A559D5-E263-4DD9-8FBB-70E695AA2F8C}.Debug|x86.ActiveCfg = Debug|Any CPU
		{D7A559D5-E263-4DD9-8FBB-70E695AA2F8C}.Debug|x86.Build.0 = Debug|Any CPU
		{D7A559D5-E263-4DD9-8FBB-70E695AA2F8C}.Release|Any CPU.ActiveCfg = Release|Any CPU
		{D7A559D5-E263-4DD9-8FBB-70E695AA2F8C}.Release|Any CPU.Build.0 = Release|Any CPU
		{D7A559D5-E263-4DD9-8FBB-70E695AA2F8C}.Release|ARM64.ActiveCfg = Release|Any CPU
		{D7A559D5-E263-4DD9-8FBB-70E695AA2F8C}.Release|ARM64.Build.0 = Release|Any CPU
		{D7A559D5-E263-4DD9-8FBB-70E695AA2F8C}.Release|x64.ActiveCfg = Release|Any CPU
		{D7A559D5-E263-4DD9-8FBB-70E695AA2F8C}.Release|x64.Build.0 = Release|Any CPU
		{D7A559D5-E263-4DD9-8FBB-70E695AA2F8C}.Release|x86.ActiveCfg = Release|Any CPU
		{D7A559D5-E263-4DD9-8FBB-70E695AA2F8C}.Release|x86.Build.0 = Release|Any CPU
		{99357F6A-3287-4C62-9D00-78E845ABCD93}.Debug|Any CPU.ActiveCfg = Debug|Any CPU
		{99357F6A-3287-4C62-9D00-78E845ABCD93}.Debug|Any CPU.Build.0 = Debug|Any CPU
		{99357F6A-3287-4C62-9D00-78E845ABCD93}.Debug|ARM64.ActiveCfg = Debug|Any CPU
		{99357F6A-3287-4C62-9D00-78E845ABCD93}.Debug|ARM64.Build.0 = Debug|Any CPU
		{99357F6A-3287-4C62-9D00-78E845ABCD93}.Debug|x64.ActiveCfg = Debug|Any CPU
		{99357F6A-3287-4C62-9D00-78E845ABCD93}.Debug|x64.Build.0 = Debug|Any CPU
		{99357F6A-3287-4C62-9D00-78E845ABCD93}.Debug|x86.ActiveCfg = Debug|Any CPU
		{99357F6A-3287-4C62-9D00-78E845ABCD93}.Debug|x86.Build.0 = Debug|Any CPU
		{99357F6A-3287-4C62-9D00-78E845ABCD93}.Release|Any CPU.ActiveCfg = Release|Any CPU
		{99357F6A-3287-4C62-9D00-78E845ABCD93}.Release|Any CPU.Build.0 = Release|Any CPU
		{99357F6A-3287-4C62-9D00-78E845ABCD93}.Release|ARM64.ActiveCfg = Release|Any CPU
		{99357F6A-3287-4C62-9D00-78E845ABCD93}.Release|ARM64.Build.0 = Release|Any CPU
		{99357F6A-3287-4C62-9D00-78E845ABCD93}.Release|x64.ActiveCfg = Release|Any CPU
		{99357F6A-3287-4C62-9D00-78E845ABCD93}.Release|x64.Build.0 = Release|Any CPU
		{99357F6A-3287-4C62-9D00-78E845ABCD93}.Release|x86.ActiveCfg = Release|Any CPU
		{99357F6A-3287-4C62-9D00-78E845ABCD93}.Release|x86.Build.0 = Release|Any CPU
		{1F7EF541-9A91-4C1E-932D-840B68C296BE}.Debug|Any CPU.ActiveCfg = Debug|Any CPU
		{1F7EF541-9A91-4C1E-932D-840B68C296BE}.Debug|Any CPU.Build.0 = Debug|Any CPU
		{1F7EF541-9A91-4C1E-932D-840B68C296BE}.Debug|ARM64.ActiveCfg = Debug|Any CPU
		{1F7EF541-9A91-4C1E-932D-840B68C296BE}.Debug|ARM64.Build.0 = Debug|Any CPU
		{1F7EF541-9A91-4C1E-932D-840B68C296BE}.Debug|x64.ActiveCfg = Debug|Any CPU
		{1F7EF541-9A91-4C1E-932D-840B68C296BE}.Debug|x64.Build.0 = Debug|Any CPU
		{1F7EF541-9A91-4C1E-932D-840B68C296BE}.Debug|x86.ActiveCfg = Debug|Any CPU
		{1F7EF541-9A91-4C1E-932D-840B68C296BE}.Debug|x86.Build.0 = Debug|Any CPU
		{1F7EF541-9A91-4C1E-932D-840B68C296BE}.Release|Any CPU.ActiveCfg = Release|Any CPU
		{1F7EF541-9A91-4C1E-932D-840B68C296BE}.Release|Any CPU.Build.0 = Release|Any CPU
		{1F7EF541-9A91-4C1E-932D-840B68C296BE}.Release|ARM64.ActiveCfg = Release|Any CPU
		{1F7EF541-9A91-4C1E-932D-840B68C296BE}.Release|ARM64.Build.0 = Release|Any CPU
		{1F7EF541-9A91-4C1E-932D-840B68C296BE}.Release|x64.ActiveCfg = Release|Any CPU
		{1F7EF541-9A91-4C1E-932D-840B68C296BE}.Release|x64.Build.0 = Release|Any CPU
		{1F7EF541-9A91-4C1E-932D-840B68C296BE}.Release|x86.ActiveCfg = Release|Any CPU
		{1F7EF541-9A91-4C1E-932D-840B68C296BE}.Release|x86.Build.0 = Release|Any CPU
		{B6DDF736-DC47-435C-BFB3-5B35969CFD28}.Debug|Any CPU.ActiveCfg = Debug|Any CPU
		{B6DDF736-DC47-435C-BFB3-5B35969CFD28}.Debug|Any CPU.Build.0 = Debug|Any CPU
		{B6DDF736-DC47-435C-BFB3-5B35969CFD28}.Debug|ARM64.ActiveCfg = Debug|Any CPU
		{B6DDF736-DC47-435C-BFB3-5B35969CFD28}.Debug|ARM64.Build.0 = Debug|Any CPU
		{B6DDF736-DC47-435C-BFB3-5B35969CFD28}.Debug|x64.ActiveCfg = Debug|Any CPU
		{B6DDF736-DC47-435C-BFB3-5B35969CFD28}.Debug|x64.Build.0 = Debug|Any CPU
		{B6DDF736-DC47-435C-BFB3-5B35969CFD28}.Debug|x86.ActiveCfg = Debug|Any CPU
		{B6DDF736-DC47-435C-BFB3-5B35969CFD28}.Debug|x86.Build.0 = Debug|Any CPU
		{B6DDF736-DC47-435C-BFB3-5B35969CFD28}.Release|Any CPU.ActiveCfg = Release|Any CPU
		{B6DDF736-DC47-435C-BFB3-5B35969CFD28}.Release|Any CPU.Build.0 = Release|Any CPU
		{B6DDF736-DC47-435C-BFB3-5B35969CFD28}.Release|ARM64.ActiveCfg = Release|Any CPU
		{B6DDF736-DC47-435C-BFB3-5B35969CFD28}.Release|ARM64.Build.0 = Release|Any CPU
		{B6DDF736-DC47-435C-BFB3-5B35969CFD28}.Release|x64.ActiveCfg = Release|Any CPU
		{B6DDF736-DC47-435C-BFB3-5B35969CFD28}.Release|x64.Build.0 = Release|Any CPU
		{B6DDF736-DC47-435C-BFB3-5B35969CFD28}.Release|x86.ActiveCfg = Release|Any CPU
		{B6DDF736-DC47-435C-BFB3-5B35969CFD28}.Release|x86.Build.0 = Release|Any CPU
		{527D5459-20B7-4708-BE5C-DDB85C644152}.Debug|Any CPU.ActiveCfg = Debug|Any CPU
		{527D5459-20B7-4708-BE5C-DDB85C644152}.Debug|Any CPU.Build.0 = Debug|Any CPU
		{527D5459-20B7-4708-BE5C-DDB85C644152}.Debug|ARM64.ActiveCfg = Debug|Any CPU
		{527D5459-20B7-4708-BE5C-DDB85C644152}.Debug|ARM64.Build.0 = Debug|Any CPU
		{527D5459-20B7-4708-BE5C-DDB85C644152}.Debug|x64.ActiveCfg = Debug|Any CPU
		{527D5459-20B7-4708-BE5C-DDB85C644152}.Debug|x64.Build.0 = Debug|Any CPU
		{527D5459-20B7-4708-BE5C-DDB85C644152}.Debug|x86.ActiveCfg = Debug|Any CPU
		{527D5459-20B7-4708-BE5C-DDB85C644152}.Debug|x86.Build.0 = Debug|Any CPU
		{527D5459-20B7-4708-BE5C-DDB85C644152}.Release|Any CPU.ActiveCfg = Release|Any CPU
		{527D5459-20B7-4708-BE5C-DDB85C644152}.Release|Any CPU.Build.0 = Release|Any CPU
		{527D5459-20B7-4708-BE5C-DDB85C644152}.Release|ARM64.ActiveCfg = Release|Any CPU
		{527D5459-20B7-4708-BE5C-DDB85C644152}.Release|ARM64.Build.0 = Release|Any CPU
		{527D5459-20B7-4708-BE5C-DDB85C644152}.Release|x64.ActiveCfg = Release|Any CPU
		{527D5459-20B7-4708-BE5C-DDB85C644152}.Release|x64.Build.0 = Release|Any CPU
		{527D5459-20B7-4708-BE5C-DDB85C644152}.Release|x86.ActiveCfg = Release|Any CPU
		{527D5459-20B7-4708-BE5C-DDB85C644152}.Release|x86.Build.0 = Release|Any CPU
		{81FEFBB9-C4D8-46CC-BACE-9A9D8D38685B}.Debug|Any CPU.ActiveCfg = Debug|Any CPU
		{81FEFBB9-C4D8-46CC-BACE-9A9D8D38685B}.Debug|Any CPU.Build.0 = Debug|Any CPU
		{81FEFBB9-C4D8-46CC-BACE-9A9D8D38685B}.Debug|ARM64.ActiveCfg = Debug|Any CPU
		{81FEFBB9-C4D8-46CC-BACE-9A9D8D38685B}.Debug|ARM64.Build.0 = Debug|Any CPU
		{81FEFBB9-C4D8-46CC-BACE-9A9D8D38685B}.Debug|x64.ActiveCfg = Debug|Any CPU
		{81FEFBB9-C4D8-46CC-BACE-9A9D8D38685B}.Debug|x64.Build.0 = Debug|Any CPU
		{81FEFBB9-C4D8-46CC-BACE-9A9D8D38685B}.Debug|x86.ActiveCfg = Debug|Any CPU
		{81FEFBB9-C4D8-46CC-BACE-9A9D8D38685B}.Debug|x86.Build.0 = Debug|Any CPU
		{81FEFBB9-C4D8-46CC-BACE-9A9D8D38685B}.Release|Any CPU.ActiveCfg = Release|Any CPU
		{81FEFBB9-C4D8-46CC-BACE-9A9D8D38685B}.Release|Any CPU.Build.0 = Release|Any CPU
		{81FEFBB9-C4D8-46CC-BACE-9A9D8D38685B}.Release|ARM64.ActiveCfg = Release|Any CPU
		{81FEFBB9-C4D8-46CC-BACE-9A9D8D38685B}.Release|ARM64.Build.0 = Release|Any CPU
		{81FEFBB9-C4D8-46CC-BACE-9A9D8D38685B}.Release|x64.ActiveCfg = Release|Any CPU
		{81FEFBB9-C4D8-46CC-BACE-9A9D8D38685B}.Release|x64.Build.0 = Release|Any CPU
		{81FEFBB9-C4D8-46CC-BACE-9A9D8D38685B}.Release|x86.ActiveCfg = Release|Any CPU
		{81FEFBB9-C4D8-46CC-BACE-9A9D8D38685B}.Release|x86.Build.0 = Release|Any CPU
		{2536F97F-53CC-4D37-A5AC-20979F1561C7}.Debug|Any CPU.ActiveCfg = Debug|Any CPU
		{2536F97F-53CC-4D37-A5AC-20979F1561C7}.Debug|Any CPU.Build.0 = Debug|Any CPU
		{2536F97F-53CC-4D37-A5AC-20979F1561C7}.Debug|ARM64.ActiveCfg = Debug|Any CPU
		{2536F97F-53CC-4D37-A5AC-20979F1561C7}.Debug|ARM64.Build.0 = Debug|Any CPU
		{2536F97F-53CC-4D37-A5AC-20979F1561C7}.Debug|x64.ActiveCfg = Debug|Any CPU
		{2536F97F-53CC-4D37-A5AC-20979F1561C7}.Debug|x64.Build.0 = Debug|Any CPU
		{2536F97F-53CC-4D37-A5AC-20979F1561C7}.Debug|x86.ActiveCfg = Debug|Any CPU
		{2536F97F-53CC-4D37-A5AC-20979F1561C7}.Debug|x86.Build.0 = Debug|Any CPU
		{2536F97F-53CC-4D37-A5AC-20979F1561C7}.Release|Any CPU.ActiveCfg = Release|Any CPU
		{2536F97F-53CC-4D37-A5AC-20979F1561C7}.Release|Any CPU.Build.0 = Release|Any CPU
		{2536F97F-53CC-4D37-A5AC-20979F1561C7}.Release|ARM64.ActiveCfg = Release|Any CPU
		{2536F97F-53CC-4D37-A5AC-20979F1561C7}.Release|ARM64.Build.0 = Release|Any CPU
		{2536F97F-53CC-4D37-A5AC-20979F1561C7}.Release|x64.ActiveCfg = Release|Any CPU
		{2536F97F-53CC-4D37-A5AC-20979F1561C7}.Release|x64.Build.0 = Release|Any CPU
		{2536F97F-53CC-4D37-A5AC-20979F1561C7}.Release|x86.ActiveCfg = Release|Any CPU
		{2536F97F-53CC-4D37-A5AC-20979F1561C7}.Release|x86.Build.0 = Release|Any CPU
		{F0B167BD-425B-4E2C-BB2F-6C4812EB41AB}.Debug|Any CPU.ActiveCfg = Debug|Any CPU
		{F0B167BD-425B-4E2C-BB2F-6C4812EB41AB}.Debug|Any CPU.Build.0 = Debug|Any CPU
		{F0B167BD-425B-4E2C-BB2F-6C4812EB41AB}.Debug|ARM64.ActiveCfg = Debug|Any CPU
		{F0B167BD-425B-4E2C-BB2F-6C4812EB41AB}.Debug|ARM64.Build.0 = Debug|Any CPU
		{F0B167BD-425B-4E2C-BB2F-6C4812EB41AB}.Debug|x64.ActiveCfg = Debug|Any CPU
		{F0B167BD-425B-4E2C-BB2F-6C4812EB41AB}.Debug|x64.Build.0 = Debug|Any CPU
		{F0B167BD-425B-4E2C-BB2F-6C4812EB41AB}.Debug|x86.ActiveCfg = Debug|Any CPU
		{F0B167BD-425B-4E2C-BB2F-6C4812EB41AB}.Debug|x86.Build.0 = Debug|Any CPU
		{F0B167BD-425B-4E2C-BB2F-6C4812EB41AB}.Release|Any CPU.ActiveCfg = Release|Any CPU
		{F0B167BD-425B-4E2C-BB2F-6C4812EB41AB}.Release|Any CPU.Build.0 = Release|Any CPU
		{F0B167BD-425B-4E2C-BB2F-6C4812EB41AB}.Release|ARM64.ActiveCfg = Release|Any CPU
		{F0B167BD-425B-4E2C-BB2F-6C4812EB41AB}.Release|ARM64.Build.0 = Release|Any CPU
		{F0B167BD-425B-4E2C-BB2F-6C4812EB41AB}.Release|x64.ActiveCfg = Release|Any CPU
		{F0B167BD-425B-4E2C-BB2F-6C4812EB41AB}.Release|x64.Build.0 = Release|Any CPU
		{F0B167BD-425B-4E2C-BB2F-6C4812EB41AB}.Release|x86.ActiveCfg = Release|Any CPU
		{F0B167BD-425B-4E2C-BB2F-6C4812EB41AB}.Release|x86.Build.0 = Release|Any CPU
		{CF6541F3-B3C1-4516-B90A-A39ABE28AEEB}.Debug|Any CPU.ActiveCfg = Debug|Any CPU
		{CF6541F3-B3C1-4516-B90A-A39ABE28AEEB}.Debug|Any CPU.Build.0 = Debug|Any CPU
		{CF6541F3-B3C1-4516-B90A-A39ABE28AEEB}.Debug|ARM64.ActiveCfg = Debug|Any CPU
		{CF6541F3-B3C1-4516-B90A-A39ABE28AEEB}.Debug|ARM64.Build.0 = Debug|Any CPU
		{CF6541F3-B3C1-4516-B90A-A39ABE28AEEB}.Debug|x64.ActiveCfg = Debug|Any CPU
		{CF6541F3-B3C1-4516-B90A-A39ABE28AEEB}.Debug|x64.Build.0 = Debug|Any CPU
		{CF6541F3-B3C1-4516-B90A-A39ABE28AEEB}.Debug|x86.ActiveCfg = Debug|Any CPU
		{CF6541F3-B3C1-4516-B90A-A39ABE28AEEB}.Debug|x86.Build.0 = Debug|Any CPU
		{CF6541F3-B3C1-4516-B90A-A39ABE28AEEB}.Release|Any CPU.ActiveCfg = Release|Any CPU
		{CF6541F3-B3C1-4516-B90A-A39ABE28AEEB}.Release|Any CPU.Build.0 = Release|Any CPU
		{CF6541F3-B3C1-4516-B90A-A39ABE28AEEB}.Release|ARM64.ActiveCfg = Release|Any CPU
		{CF6541F3-B3C1-4516-B90A-A39ABE28AEEB}.Release|ARM64.Build.0 = Release|Any CPU
		{CF6541F3-B3C1-4516-B90A-A39ABE28AEEB}.Release|x64.ActiveCfg = Release|Any CPU
		{CF6541F3-B3C1-4516-B90A-A39ABE28AEEB}.Release|x64.Build.0 = Release|Any CPU
		{CF6541F3-B3C1-4516-B90A-A39ABE28AEEB}.Release|x86.ActiveCfg = Release|Any CPU
		{CF6541F3-B3C1-4516-B90A-A39ABE28AEEB}.Release|x86.Build.0 = Release|Any CPU
		{9EC0F3A6-B1D8-4A49-9872-B41FFCAF1F88}.Debug|Any CPU.ActiveCfg = Debug|Any CPU
		{9EC0F3A6-B1D8-4A49-9872-B41FFCAF1F88}.Debug|Any CPU.Build.0 = Debug|Any CPU
		{9EC0F3A6-B1D8-4A49-9872-B41FFCAF1F88}.Debug|ARM64.ActiveCfg = Debug|Any CPU
		{9EC0F3A6-B1D8-4A49-9872-B41FFCAF1F88}.Debug|ARM64.Build.0 = Debug|Any CPU
		{9EC0F3A6-B1D8-4A49-9872-B41FFCAF1F88}.Debug|x64.ActiveCfg = Debug|Any CPU
		{9EC0F3A6-B1D8-4A49-9872-B41FFCAF1F88}.Debug|x64.Build.0 = Debug|Any CPU
		{9EC0F3A6-B1D8-4A49-9872-B41FFCAF1F88}.Debug|x86.ActiveCfg = Debug|Any CPU
		{9EC0F3A6-B1D8-4A49-9872-B41FFCAF1F88}.Debug|x86.Build.0 = Debug|Any CPU
		{9EC0F3A6-B1D8-4A49-9872-B41FFCAF1F88}.Release|Any CPU.ActiveCfg = Release|Any CPU
		{9EC0F3A6-B1D8-4A49-9872-B41FFCAF1F88}.Release|Any CPU.Build.0 = Release|Any CPU
		{9EC0F3A6-B1D8-4A49-9872-B41FFCAF1F88}.Release|ARM64.ActiveCfg = Release|Any CPU
		{9EC0F3A6-B1D8-4A49-9872-B41FFCAF1F88}.Release|ARM64.Build.0 = Release|Any CPU
		{9EC0F3A6-B1D8-4A49-9872-B41FFCAF1F88}.Release|x64.ActiveCfg = Release|Any CPU
		{9EC0F3A6-B1D8-4A49-9872-B41FFCAF1F88}.Release|x64.Build.0 = Release|Any CPU
		{9EC0F3A6-B1D8-4A49-9872-B41FFCAF1F88}.Release|x86.ActiveCfg = Release|Any CPU
		{9EC0F3A6-B1D8-4A49-9872-B41FFCAF1F88}.Release|x86.Build.0 = Release|Any CPU
		{E3AB5D2E-C4F5-453F-824D-E8B00EC2F685}.Debug|Any CPU.ActiveCfg = Debug|Any CPU
		{E3AB5D2E-C4F5-453F-824D-E8B00EC2F685}.Debug|Any CPU.Build.0 = Debug|Any CPU
		{E3AB5D2E-C4F5-453F-824D-E8B00EC2F685}.Debug|ARM64.ActiveCfg = Debug|Any CPU
		{E3AB5D2E-C4F5-453F-824D-E8B00EC2F685}.Debug|ARM64.Build.0 = Debug|Any CPU
		{E3AB5D2E-C4F5-453F-824D-E8B00EC2F685}.Debug|x64.ActiveCfg = Debug|Any CPU
		{E3AB5D2E-C4F5-453F-824D-E8B00EC2F685}.Debug|x64.Build.0 = Debug|Any CPU
		{E3AB5D2E-C4F5-453F-824D-E8B00EC2F685}.Debug|x86.ActiveCfg = Debug|Any CPU
		{E3AB5D2E-C4F5-453F-824D-E8B00EC2F685}.Debug|x86.Build.0 = Debug|Any CPU
		{E3AB5D2E-C4F5-453F-824D-E8B00EC2F685}.Release|Any CPU.ActiveCfg = Release|Any CPU
		{E3AB5D2E-C4F5-453F-824D-E8B00EC2F685}.Release|Any CPU.Build.0 = Release|Any CPU
		{E3AB5D2E-C4F5-453F-824D-E8B00EC2F685}.Release|ARM64.ActiveCfg = Release|Any CPU
		{E3AB5D2E-C4F5-453F-824D-E8B00EC2F685}.Release|ARM64.Build.0 = Release|Any CPU
		{E3AB5D2E-C4F5-453F-824D-E8B00EC2F685}.Release|x64.ActiveCfg = Release|Any CPU
		{E3AB5D2E-C4F5-453F-824D-E8B00EC2F685}.Release|x64.Build.0 = Release|Any CPU
		{E3AB5D2E-C4F5-453F-824D-E8B00EC2F685}.Release|x86.ActiveCfg = Release|Any CPU
		{E3AB5D2E-C4F5-453F-824D-E8B00EC2F685}.Release|x86.Build.0 = Release|Any CPU
		{0B3F2F7D-FDED-4C77-88C1-B9D5F3B740E1}.Debug|Any CPU.ActiveCfg = Debug|Any CPU
		{0B3F2F7D-FDED-4C77-88C1-B9D5F3B740E1}.Debug|Any CPU.Build.0 = Debug|Any CPU
		{0B3F2F7D-FDED-4C77-88C1-B9D5F3B740E1}.Debug|ARM64.ActiveCfg = Debug|Any CPU
		{0B3F2F7D-FDED-4C77-88C1-B9D5F3B740E1}.Debug|ARM64.Build.0 = Debug|Any CPU
		{0B3F2F7D-FDED-4C77-88C1-B9D5F3B740E1}.Debug|x64.ActiveCfg = Debug|Any CPU
		{0B3F2F7D-FDED-4C77-88C1-B9D5F3B740E1}.Debug|x64.Build.0 = Debug|Any CPU
		{0B3F2F7D-FDED-4C77-88C1-B9D5F3B740E1}.Debug|x86.ActiveCfg = Debug|Any CPU
		{0B3F2F7D-FDED-4C77-88C1-B9D5F3B740E1}.Debug|x86.Build.0 = Debug|Any CPU
		{0B3F2F7D-FDED-4C77-88C1-B9D5F3B740E1}.Release|Any CPU.ActiveCfg = Release|Any CPU
		{0B3F2F7D-FDED-4C77-88C1-B9D5F3B740E1}.Release|Any CPU.Build.0 = Release|Any CPU
		{0B3F2F7D-FDED-4C77-88C1-B9D5F3B740E1}.Release|ARM64.ActiveCfg = Release|Any CPU
		{0B3F2F7D-FDED-4C77-88C1-B9D5F3B740E1}.Release|ARM64.Build.0 = Release|Any CPU
		{0B3F2F7D-FDED-4C77-88C1-B9D5F3B740E1}.Release|x64.ActiveCfg = Release|Any CPU
		{0B3F2F7D-FDED-4C77-88C1-B9D5F3B740E1}.Release|x64.Build.0 = Release|Any CPU
		{0B3F2F7D-FDED-4C77-88C1-B9D5F3B740E1}.Release|x86.ActiveCfg = Release|Any CPU
		{0B3F2F7D-FDED-4C77-88C1-B9D5F3B740E1}.Release|x86.Build.0 = Release|Any CPU
		{00180701-0013-4474-86B7-E0ADE49B1BBA}.Debug|Any CPU.ActiveCfg = Debug|Any CPU
		{00180701-0013-4474-86B7-E0ADE49B1BBA}.Debug|Any CPU.Build.0 = Debug|Any CPU
		{00180701-0013-4474-86B7-E0ADE49B1BBA}.Debug|ARM64.ActiveCfg = Debug|Any CPU
		{00180701-0013-4474-86B7-E0ADE49B1BBA}.Debug|ARM64.Build.0 = Debug|Any CPU
		{00180701-0013-4474-86B7-E0ADE49B1BBA}.Debug|x64.ActiveCfg = Debug|Any CPU
		{00180701-0013-4474-86B7-E0ADE49B1BBA}.Debug|x64.Build.0 = Debug|Any CPU
		{00180701-0013-4474-86B7-E0ADE49B1BBA}.Debug|x86.ActiveCfg = Debug|Any CPU
		{00180701-0013-4474-86B7-E0ADE49B1BBA}.Debug|x86.Build.0 = Debug|Any CPU
		{00180701-0013-4474-86B7-E0ADE49B1BBA}.Release|Any CPU.ActiveCfg = Release|Any CPU
		{00180701-0013-4474-86B7-E0ADE49B1BBA}.Release|Any CPU.Build.0 = Release|Any CPU
		{00180701-0013-4474-86B7-E0ADE49B1BBA}.Release|ARM64.ActiveCfg = Release|Any CPU
		{00180701-0013-4474-86B7-E0ADE49B1BBA}.Release|ARM64.Build.0 = Release|Any CPU
		{00180701-0013-4474-86B7-E0ADE49B1BBA}.Release|x64.ActiveCfg = Release|Any CPU
		{00180701-0013-4474-86B7-E0ADE49B1BBA}.Release|x64.Build.0 = Release|Any CPU
		{00180701-0013-4474-86B7-E0ADE49B1BBA}.Release|x86.ActiveCfg = Release|Any CPU
		{00180701-0013-4474-86B7-E0ADE49B1BBA}.Release|x86.Build.0 = Release|Any CPU
		{02838CC3-3AEA-45A7-BCA0-FEE8E4196D05}.Debug|Any CPU.ActiveCfg = Debug|Any CPU
		{02838CC3-3AEA-45A7-BCA0-FEE8E4196D05}.Debug|Any CPU.Build.0 = Debug|Any CPU
		{02838CC3-3AEA-45A7-BCA0-FEE8E4196D05}.Debug|ARM64.ActiveCfg = Debug|Any CPU
		{02838CC3-3AEA-45A7-BCA0-FEE8E4196D05}.Debug|ARM64.Build.0 = Debug|Any CPU
		{02838CC3-3AEA-45A7-BCA0-FEE8E4196D05}.Debug|x64.ActiveCfg = Debug|Any CPU
		{02838CC3-3AEA-45A7-BCA0-FEE8E4196D05}.Debug|x64.Build.0 = Debug|Any CPU
		{02838CC3-3AEA-45A7-BCA0-FEE8E4196D05}.Debug|x86.ActiveCfg = Debug|Any CPU
		{02838CC3-3AEA-45A7-BCA0-FEE8E4196D05}.Debug|x86.Build.0 = Debug|Any CPU
		{02838CC3-3AEA-45A7-BCA0-FEE8E4196D05}.Release|Any CPU.ActiveCfg = Release|Any CPU
		{02838CC3-3AEA-45A7-BCA0-FEE8E4196D05}.Release|Any CPU.Build.0 = Release|Any CPU
		{02838CC3-3AEA-45A7-BCA0-FEE8E4196D05}.Release|ARM64.ActiveCfg = Release|Any CPU
		{02838CC3-3AEA-45A7-BCA0-FEE8E4196D05}.Release|ARM64.Build.0 = Release|Any CPU
		{02838CC3-3AEA-45A7-BCA0-FEE8E4196D05}.Release|x64.ActiveCfg = Release|Any CPU
		{02838CC3-3AEA-45A7-BCA0-FEE8E4196D05}.Release|x64.Build.0 = Release|Any CPU
		{02838CC3-3AEA-45A7-BCA0-FEE8E4196D05}.Release|x86.ActiveCfg = Release|Any CPU
		{02838CC3-3AEA-45A7-BCA0-FEE8E4196D05}.Release|x86.Build.0 = Release|Any CPU
	EndGlobalSection
	GlobalSection(SolutionProperties) = preSolution
		HideSolutionNode = FALSE
	EndGlobalSection
	GlobalSection(NestedProjects) = preSolution
		{589B4E01-D538-4041-86F7-FE0C1CAB700F} = {DF5BF5FD-5780-46CB-8318-1B94ECFA0E85}
		{58A81D09-C176-4D69-AEAE-B769E5CA9720} = {4317F1D2-73D7-4481-885B-45BBDCA9B04C}
		{C55574C1-5F2C-49B5-957E-179EA43CF645} = {29B96413-3364-4267-A464-E58A05494E56}
		{17709881-B97F-4064-8209-C04809582873} = {29B96413-3364-4267-A464-E58A05494E56}
		{B42FB7A7-B47B-4038-99BB-5326B9E956D8} = {29B96413-3364-4267-A464-E58A05494E56}
		{3626B129-1ABB-4BD5-B7D8-AC4B81E5A45C} = {29B96413-3364-4267-A464-E58A05494E56}
		{254B1931-3C2D-40C5-9564-CD1A2BD47691} = {29B96413-3364-4267-A464-E58A05494E56}
		{2AB75FE9-EC93-4D1F-975F-412D87F55828} = {7B8917F6-C940-4A77-B2DF-1DDE4CE3149D}
		{6A864DC9-5A26-4D8D-8B3B-CAED23E30987} = {7B8917F6-C940-4A77-B2DF-1DDE4CE3149D}
		{4B4DDBC8-9AA3-4FEA-A55E-BFAFF2CFA288} = {7B8917F6-C940-4A77-B2DF-1DDE4CE3149D}
		{EC5CD9C3-8508-4B7D-8F5E-A2BFA0C58C4A} = {7B8917F6-C940-4A77-B2DF-1DDE4CE3149D}
		{F74911BB-B660-4602-884A-02F24B4214FB} = {B89911CF-041F-43C3-B49E-4D0A2A750549}
		{3A170DC9-4533-4F39-BFDE-F695624B9F11} = {B89911CF-041F-43C3-B49E-4D0A2A750549}
		{ED4F9266-8DD3-4C24-B802-1D845C9F1AD2} = {B89911CF-041F-43C3-B49E-4D0A2A750549}
		{6C6330AE-7CFB-4F09-9463-C13C6A68CA5B} = {B89911CF-041F-43C3-B49E-4D0A2A750549}
		{CCAEA62A-49FF-4FEC-A89E-CAAD3090607E} = {B89911CF-041F-43C3-B49E-4D0A2A750549}
		{7F0CEDD0-92F4-4A92-9627-C97C502E8089} = {B89911CF-041F-43C3-B49E-4D0A2A750549}
		{A2CAEEF7-4E6F-4948-A094-57296875D71E} = {B89911CF-041F-43C3-B49E-4D0A2A750549}
		{4B7C66D0-A77F-4682-8979-D4A837476010} = {B89911CF-041F-43C3-B49E-4D0A2A750549}
		{BECD4D74-7C07-43A4-9B15-52CDDA68A892} = {7F8A756D-51CF-4A02-A558-70693972C181}
		{8A96C52A-9C7F-4692-B475-914F35E7DD32} = {7F8A756D-51CF-4A02-A558-70693972C181}
		{C9102D0B-34E1-436A-8743-E10A1E5BF590} = {7F8A756D-51CF-4A02-A558-70693972C181}
		{56D16D8B-A829-4ABA-ABDD-05F59FD7C610} = {7F8A756D-51CF-4A02-A558-70693972C181}
		{AFF697F0-3E32-4816-B5D7-4590C610019D} = {ED44677B-8EA6-4F8D-A90F-54E564269546}
		{D7F335B7-FC51-4DB0-BEE9-F260E4878F25} = {ED44677B-8EA6-4F8D-A90F-54E564269546}
		{923C6973-3772-4878-84D3-736C890D2834} = {548C5A9A-8073-4F0B-830D-97689CF4DA98}
		{DBA25427-CA27-49A0-8555-A999F40C8883} = {548C5A9A-8073-4F0B-830D-97689CF4DA98}
		{47C97A5E-D769-4E3E-B1B0-BA7655E3BAE9} = {44BE3462-A401-438C-9F2B-8C5716ABFE0B}
		{6572CEBB-3C0A-4A75-BB03-62198858C0E7} = {44BE3462-A401-438C-9F2B-8C5716ABFE0B}
		{9EEC8E3B-C73B-4E43-8450-D789B770C415} = {44BE3462-A401-438C-9F2B-8C5716ABFE0B}
		{06D1380E-31E0-4EFA-801C-118F66C9BF26} = {0D749994-F532-442D-ABD4-8910E185A452}
		{A477D1B0-C219-4AC3-9603-B7C45803F1E1} = {0D749994-F532-442D-ABD4-8910E185A452}
		{0F49757B-FDF8-4082-8325-5B59D201E1FA} = {0D749994-F532-442D-ABD4-8910E185A452}
		{DF9C0164-81AB-4091-8FAA-C37D24E2CC92} = {0D749994-F532-442D-ABD4-8910E185A452}
		{1CEB03EC-EFE9-408A-A1BD-6EF00A42C5E7} = {2A0C778B-A078-46B1-B91E-1AA2CD98EEAF}
		{4D91D8B3-FB16-49DA-B81F-7692449FDC6F} = {2A0C778B-A078-46B1-B91E-1AA2CD98EEAF}
		{103DE5FA-CA09-40E1-839B-43568C04735F} = {2A0C778B-A078-46B1-B91E-1AA2CD98EEAF}
		{94CA0210-74C4-4B82-AB75-AB0CCDAA88E8} = {0E6219C2-8404-4DBF-AC41-73C128EF0B1C}
		{84C442E4-FB0A-409D-8BC9-48620DDA0F3D} = {0E6219C2-8404-4DBF-AC41-73C128EF0B1C}
		{6A2D7275-D997-47D1-9683-97F3B0C616E6} = {0E6219C2-8404-4DBF-AC41-73C128EF0B1C}
		{D525F88C-816D-406C-B4A2-7C3382B701C8} = {0E6219C2-8404-4DBF-AC41-73C128EF0B1C}
		{3CBD6988-265C-47DB-9329-A4B2EB888130} = {0E6219C2-8404-4DBF-AC41-73C128EF0B1C}
		{6D77028C-84C5-4052-B8F7-41A5D4D6FF65} = {0E6219C2-8404-4DBF-AC41-73C128EF0B1C}
		{1B1338C5-9B69-42A6-AF12-24CAC8AB38CA} = {0E6219C2-8404-4DBF-AC41-73C128EF0B1C}
		{D305F76A-1777-47FF-AB75-E99DE49475B1} = {0E6219C2-8404-4DBF-AC41-73C128EF0B1C}
		{7AB3403F-2691-4B8F-85DE-978683B7725E} = {0E6219C2-8404-4DBF-AC41-73C128EF0B1C}
		{D7A559D5-E263-4DD9-8FBB-70E695AA2F8C} = {0E6219C2-8404-4DBF-AC41-73C128EF0B1C}
		{99357F6A-3287-4C62-9D00-78E845ABCD93} = {0E6219C2-8404-4DBF-AC41-73C128EF0B1C}
		{1F7EF541-9A91-4C1E-932D-840B68C296BE} = {0E6219C2-8404-4DBF-AC41-73C128EF0B1C}
		{B6DDF736-DC47-435C-BFB3-5B35969CFD28} = {0E6219C2-8404-4DBF-AC41-73C128EF0B1C}
		{527D5459-20B7-4708-BE5C-DDB85C644152} = {68DF5763-F77D-4FC3-A268-24A92A3D1D23}
		{81FEFBB9-C4D8-46CC-BACE-9A9D8D38685B} = {68DF5763-F77D-4FC3-A268-24A92A3D1D23}
		{2536F97F-53CC-4D37-A5AC-20979F1561C7} = {68DF5763-F77D-4FC3-A268-24A92A3D1D23}
		{F0B167BD-425B-4E2C-BB2F-6C4812EB41AB} = {D933ED49-432F-4B5B-9896-048E71C12AC4}
		{CF6541F3-B3C1-4516-B90A-A39ABE28AEEB} = {D933ED49-432F-4B5B-9896-048E71C12AC4}
		{9EC0F3A6-B1D8-4A49-9872-B41FFCAF1F88} = {D933ED49-432F-4B5B-9896-048E71C12AC4}
		{E3AB5D2E-C4F5-453F-824D-E8B00EC2F685} = {D933ED49-432F-4B5B-9896-048E71C12AC4}
		{0B3F2F7D-FDED-4C77-88C1-B9D5F3B740E1} = {D933ED49-432F-4B5B-9896-048E71C12AC4}
		{00180701-0013-4474-86B7-E0ADE49B1BBA} = {D933ED49-432F-4B5B-9896-048E71C12AC4}
		{02838CC3-3AEA-45A7-BCA0-FEE8E4196D05} = {D933ED49-432F-4B5B-9896-048E71C12AC4}
	EndGlobalSection
	GlobalSection(ExtensibilityGlobals) = postSolution
		SolutionGuid = {D5B666F9-05D9-4640-AA94-73A43170E1EA}
	EndGlobalSection
EndGlobal
