
Microsoft Visual Studio Solution File, Format Version 12.00
# Visual Studio Version 17
VisualStudioVersion = 17.9.34622.214
MinimumVisualStudioVersion = 10.0.40219.1
Project("{2150E333-8FDC-42A3-9474-1A3956D46DE8}") = "Chapter01", "Chapter01", "{548C5A9A-8073-4F0B-830D-97689CF4DA98}"
EndProject
Project("{2150E333-8FDC-42A3-9474-1A3956D46DE8}") = "Chapter02", "Chapter02", "{44BE3462-A401-438C-9F2B-8C5716ABFE0B}"
EndProject
Project("{2150E333-8FDC-42A3-9474-1A3956D46DE8}") = "Chapter03", "Chapter03", "{AF60D1CC-2D5A-4651-957A-CAA6793E27D5}"
EndProject
Project("{2150E333-8FDC-42A3-9474-1A3956D46DE8}") = "Chapter04", "Chapter04", "{0D749994-F532-442D-ABD4-8910E185A452}"
EndProject
Project("{2150E333-8FDC-42A3-9474-1A3956D46DE8}") = "Chapter05", "Chapter05", "{2A0C778B-A078-46B1-B91E-1AA2CD98EEAF}"
EndProject
Project("{2150E333-8FDC-42A3-9474-1A3956D46DE8}") = "Chapter06", "Chapter06", "{0E6219C2-8404-4DBF-AC41-73C128EF0B1C}"
EndProject
Project("{2150E333-8FDC-42A3-9474-1A3956D46DE8}") = "Chapter07", "Chapter07", "{68DF5763-F77D-4FC3-A268-24A92A3D1D23}"
EndProject
Project("{2150E333-8FDC-42A3-9474-1A3956D46DE8}") = "Chapter08", "Chapter08", "{D933ED49-432F-4B5B-9896-048E71C12AC4}"
EndProject
Project("{2150E333-8FDC-42A3-9474-1A3956D46DE8}") = "Chapter09", "Chapter09", "{4317F1D2-73D7-4481-885B-45BBDCA9B04C}"
EndProject
Project("{2150E333-8FDC-42A3-9474-1A3956D46DE8}") = "Chapter10", "Chapter10", "{29B96413-3364-4267-A464-E58A05494E56}"
EndProject
Project("{2150E333-8FDC-42A3-9474-1A3956D46DE8}") = "Chapter11", "Chapter11", "{7B8917F6-C940-4A77-B2DF-1DDE4CE3149D}"
EndProject
Project("{2150E333-8FDC-42A3-9474-1A3956D46DE8}") = "Extensions", "Extensions", "{DF5BF5FD-5780-46CB-8318-1B94ECFA0E85}"
EndProject
Project("{9A19103F-16F7-4668-BE54-9A1E7A4F7556}") = "ExtensionLibrary", "Extensions\ExtensionLibrary\ExtensionLibrary.csproj", "{589B4E01-D538-4041-86F7-FE0C1CAB700F}"
EndProject
Project("{9A19103F-16F7-4668-BE54-9A1E7A4F7556}") = "08_AsyncSample", "Chapter 08\08_TheOneWithTheNetworkNavigations\08_AsyncSample\08_AsyncSample.csproj", "{A03EA9E0-70B4-45DF-8C18-8A29E32471C8}"
EndProject
Project("{9A19103F-16F7-4668-BE54-9A1E7A4F7556}") = "08_Compression", "Chapter 08\08_TheOneWithTheNetworkNavigations\08_Compression\08_Compression.csproj", "{997CB630-D1F5-4621-8C06-F3E44CF219AB}"
EndProject
Project("{9A19103F-16F7-4668-BE54-9A1E7A4F7556}") = "08_ConnectionPooling", "Chapter 08\08_TheOneWithTheNetworkNavigations\08_ConnectionPooling\08_ConnectionPooling.csproj", "{0E1A2A9A-97EE-498D-91DD-0314D59CCE7F}"
EndProject
Project("{9A19103F-16F7-4668-BE54-9A1E7A4F7556}") = "08_FtpSample", "Chapter 08\08_TheOneWithTheNetworkNavigations\08_FtpSample\08_FtpSample.csproj", "{E7282D05-E945-4058-9B5E-FF9A1F53FC7A}"
EndProject
Project("{9A19103F-16F7-4668-BE54-9A1E7A4F7556}") = "08_HTTPSClient", "Chapter 08\08_TheOneWithTheNetworkNavigations\08_HTTPSClient\08_HTTPSClient.csproj", "{BCDF3A46-673B-40EA-861D-D214582E7C71}"
EndProject
Project("{9A19103F-16F7-4668-BE54-9A1E7A4F7556}") = "08_SMTPSample", "Chapter 08\08_TheOneWithTheNetworkNavigations\08_SMTPSample\08_SMTPSample.csproj", "{2208E724-44E8-444C-83D4-2C40A98FF1EE}"
EndProject
Project("{9A19103F-16F7-4668-BE54-9A1E7A4F7556}") = "08_SmartHttpsClient", "Chapter 08\08_TheOneWithTheNetworkNavigations\08_SmartHttpsClient\08_SmartHttpsClient.csproj", "{627CEE1A-7F88-4876-AD6E-FFB87817DB21}"
EndProject
Project("{9A19103F-16F7-4668-BE54-9A1E7A4F7556}") = "09_SerialMonitor", "Chapter 09\09_SerialMonitor\09_SerialMonitor.csproj", "{58A81D09-C176-4D69-AEAE-B769E5CA9720}"
EndProject
Project("{9A19103F-16F7-4668-BE54-9A1E7A4F7556}") = "10_Logging_Serilog", "Chapter 10\10_Logging_Serilog\10_Logging_Serilog.csproj", "{C55574C1-5F2C-49B5-957E-179EA43CF645}"
EndProject
Project("{9A19103F-16F7-4668-BE54-9A1E7A4F7556}") = "10_Logging_Default", "Chapter 10\10_Logging_Default\10_Logging_Default.csproj", "{17709881-B97F-4064-8209-C04809582873}"
EndProject
Project("{9A19103F-16F7-4668-BE54-9A1E7A4F7556}") = "10_Logging_NLog", "Chapter 10\10_Logging_NLog\10_Logging_NLog.csproj", "{B42FB7A7-B47B-4038-99BB-5326B9E956D8}"
EndProject
Project("{9A19103F-16F7-4668-BE54-9A1E7A4F7556}") = "10_PerformanceCounters", "Chapter 10\10_PerfCounters\10_PerformanceCounters\10_PerformanceCounters.csproj", "{3626B129-1ABB-4BD5-B7D8-AC4B81E5A45C}"
EndProject
Project("{9A19103F-16F7-4668-BE54-9A1E7A4F7556}") = "10_Prometheus", "Chapter 10\10_Prometheus\10_Prometheus.csproj", "{254B1931-3C2D-40C5-9564-CD1A2BD47691}"
EndProject
Project("{9A19103F-16F7-4668-BE54-9A1E7A4F7556}") = "11_BasicDebugging", "Chapter 11\11_BasicDebugging\11_BasicDebugging.csproj", "{2AB75FE9-EC93-4D1F-975F-412D87F55828}"
EndProject
Project("{9A19103F-16F7-4668-BE54-9A1E7A4F7556}") = "11_MultiThreaded", "Chapter 11\11_MultiThreaded\11_MultiThreaded.csproj", "{6A864DC9-5A26-4D8D-8B3B-CAED23E30987}"
EndProject
Project("{9A19103F-16F7-4668-BE54-9A1E7A4F7556}") = "11_Profiling", "Chapter 11\11_Profiling\11_Profiling.csproj", "{4B4DDBC8-9AA3-4FEA-A55E-BFAFF2CFA288}"
EndProject
Project("{9A19103F-16F7-4668-BE54-9A1E7A4F7556}") = "11_Benchmark", "Chapter 11\11_Benchmark\11_Benchmark.csproj", "{EC5CD9C3-8508-4B7D-8F5E-A2BFA0C58C4A}"
EndProject
Project("{2150E333-8FDC-42A3-9474-1A3956D46DE8}") = "Chapter12", "Chapter12", "{B89911CF-041F-43C3-B49E-4D0A2A750549}"
EndProject
Project("{9A19103F-16F7-4668-BE54-9A1E7A4F7556}") = "12_ConfigEncryption", "Chapter 12\12_ConfigEncryption\12_ConfigEncryption.csproj", "{F74911BB-B660-4602-884A-02F24B4214FB}"
EndProject
Project("{9A19103F-16F7-4668-BE54-9A1E7A4F7556}") = "12_SecureStrings", "Chapter 12\12_SecureStrings\12_SecureStrings.csproj", "{3A170DC9-4533-4F39-BFDE-F695624B9F11}"
EndProject
Project("{9A19103F-16F7-4668-BE54-9A1E7A4F7556}") = "12_AzureKeyVault", "Chapter 12\12_AzureKeyVault\12_AzureKeyVault.csproj", "{ED4F9266-8DD3-4C24-B802-1D845C9F1AD2}"
EndProject
Project("{9A19103F-16F7-4668-BE54-9A1E7A4F7556}") = "12_EnvironmentVariables", "Chapter 12\12_EnvironmentVariables\12_EnvironmentVariables.csproj", "{6C6330AE-7CFB-4F09-9463-C13C6A68CA5B}"
EndProject
Project("{FAE04EC0-301F-11D3-BF4B-00C04F79EFBC}") = "12_CodeSigningDll", "Chapter 12\12_CodeSigningDll\12_CodeSigningDll.csproj", "{C84E43F0-E3C7-4399-9ED0-6270EB000874}"
EndProject
Project("{9A19103F-16F7-4668-BE54-9A1E7A4F7556}") = "12_CodeSigningHost", "Chapter 12\12_CodeSigningHost\12_CodeSigningHost.csproj", "{5597D2B6-67AA-4B39-B62B-F436FE25A336}"
EndProject
Project("{2150E333-8FDC-42A3-9474-1A3956D46DE8}") = "Certificate", "Certificate", "{CCAEA62A-49FF-4FEC-A89E-CAAD3090607E}"
	ProjectSection(SolutionItems) = preProject
		Chapter 12\Certificate\MyKey.snk = Chapter 12\Certificate\MyKey.snk
	EndProjectSection
EndProject
Project("{FAE04EC0-301F-11D3-BF4B-00C04F79EFBC}") = "12_FakeCodeSigningDll", "Chapter 12\12_FakeCodeSigningDll\12_FakeCodeSigningDll.csproj", "{5F8B94F6-2949-4888-B550-35A8D1B766A6}"
EndProject
Project("{FAE04EC0-301F-11D3-BF4B-00C04F79EFBC}") = "12_CodeSigningInterfaces", "Chapter 12\12_CodeSigningInterfaces\12_CodeSigningInterfaces.csproj", "{05AABAB2-B0B7-466F-A535-548711D7F2A9}"
EndProject
Project("{9A19103F-16F7-4668-BE54-9A1E7A4F7556}") = "12_Impersonation", "Chapter 12\12_Impersonation\12_Impersonation.csproj", "{7F0CEDD0-92F4-4A92-9627-C97C502E8089}"
EndProject
Global
	GlobalSection(SolutionConfigurationPlatforms) = preSolution
		Debug|Any CPU = Debug|Any CPU
		Release|Any CPU = Release|Any CPU
	EndGlobalSection
	GlobalSection(ProjectConfigurationPlatforms) = postSolution
		{589B4E01-D538-4041-86F7-FE0C1CAB700F}.Debug|Any CPU.ActiveCfg = Debug|Any CPU
		{589B4E01-D538-4041-86F7-FE0C1CAB700F}.Debug|Any CPU.Build.0 = Debug|Any CPU
		{589B4E01-D538-4041-86F7-FE0C1CAB700F}.Release|Any CPU.ActiveCfg = Release|Any CPU
		{589B4E01-D538-4041-86F7-FE0C1CAB700F}.Release|Any CPU.Build.0 = Release|Any CPU
		{A03EA9E0-70B4-45DF-8C18-8A29E32471C8}.Debug|Any CPU.ActiveCfg = Debug|Any CPU
		{A03EA9E0-70B4-45DF-8C18-8A29E32471C8}.Debug|Any CPU.Build.0 = Debug|Any CPU
		{A03EA9E0-70B4-45DF-8C18-8A29E32471C8}.Release|Any CPU.ActiveCfg = Release|Any CPU
		{A03EA9E0-70B4-45DF-8C18-8A29E32471C8}.Release|Any CPU.Build.0 = Release|Any CPU
		{997CB630-D1F5-4621-8C06-F3E44CF219AB}.Debug|Any CPU.ActiveCfg = Debug|Any CPU
		{997CB630-D1F5-4621-8C06-F3E44CF219AB}.Debug|Any CPU.Build.0 = Debug|Any CPU
		{997CB630-D1F5-4621-8C06-F3E44CF219AB}.Release|Any CPU.ActiveCfg = Release|Any CPU
		{997CB630-D1F5-4621-8C06-F3E44CF219AB}.Release|Any CPU.Build.0 = Release|Any CPU
		{0E1A2A9A-97EE-498D-91DD-0314D59CCE7F}.Debug|Any CPU.ActiveCfg = Debug|Any CPU
		{0E1A2A9A-97EE-498D-91DD-0314D59CCE7F}.Debug|Any CPU.Build.0 = Debug|Any CPU
		{0E1A2A9A-97EE-498D-91DD-0314D59CCE7F}.Release|Any CPU.ActiveCfg = Release|Any CPU
		{0E1A2A9A-97EE-498D-91DD-0314D59CCE7F}.Release|Any CPU.Build.0 = Release|Any CPU
		{E7282D05-E945-4058-9B5E-FF9A1F53FC7A}.Debug|Any CPU.ActiveCfg = Debug|Any CPU
		{E7282D05-E945-4058-9B5E-FF9A1F53FC7A}.Debug|Any CPU.Build.0 = Debug|Any CPU
		{E7282D05-E945-4058-9B5E-FF9A1F53FC7A}.Release|Any CPU.ActiveCfg = Release|Any CPU
		{E7282D05-E945-4058-9B5E-FF9A1F53FC7A}.Release|Any CPU.Build.0 = Release|Any CPU
		{BCDF3A46-673B-40EA-861D-D214582E7C71}.Debug|Any CPU.ActiveCfg = Debug|Any CPU
		{BCDF3A46-673B-40EA-861D-D214582E7C71}.Debug|Any CPU.Build.0 = Debug|Any CPU
		{BCDF3A46-673B-40EA-861D-D214582E7C71}.Release|Any CPU.ActiveCfg = Release|Any CPU
		{BCDF3A46-673B-40EA-861D-D214582E7C71}.Release|Any CPU.Build.0 = Release|Any CPU
		{2208E724-44E8-444C-83D4-2C40A98FF1EE}.Debug|Any CPU.ActiveCfg = Debug|Any CPU
		{2208E724-44E8-444C-83D4-2C40A98FF1EE}.Debug|Any CPU.Build.0 = Debug|Any CPU
		{2208E724-44E8-444C-83D4-2C40A98FF1EE}.Release|Any CPU.ActiveCfg = Release|Any CPU
		{2208E724-44E8-444C-83D4-2C40A98FF1EE}.Release|Any CPU.Build.0 = Release|Any CPU
		{627CEE1A-7F88-4876-AD6E-FFB87817DB21}.Debug|Any CPU.ActiveCfg = Debug|Any CPU
		{627CEE1A-7F88-4876-AD6E-FFB87817DB21}.Debug|Any CPU.Build.0 = Debug|Any CPU
		{627CEE1A-7F88-4876-AD6E-FFB87817DB21}.Release|Any CPU.ActiveCfg = Release|Any CPU
		{627CEE1A-7F88-4876-AD6E-FFB87817DB21}.Release|Any CPU.Build.0 = Release|Any CPU
		{58A81D09-C176-4D69-AEAE-B769E5CA9720}.Debug|Any CPU.ActiveCfg = Debug|Any CPU
		{58A81D09-C176-4D69-AEAE-B769E5CA9720}.Debug|Any CPU.Build.0 = Debug|Any CPU
		{58A81D09-C176-4D69-AEAE-B769E5CA9720}.Release|Any CPU.ActiveCfg = Release|Any CPU
		{58A81D09-C176-4D69-AEAE-B769E5CA9720}.Release|Any CPU.Build.0 = Release|Any CPU
		{C55574C1-5F2C-49B5-957E-179EA43CF645}.Debug|Any CPU.ActiveCfg = Debug|Any CPU
		{C55574C1-5F2C-49B5-957E-179EA43CF645}.Debug|Any CPU.Build.0 = Debug|Any CPU
		{C55574C1-5F2C-49B5-957E-179EA43CF645}.Release|Any CPU.ActiveCfg = Release|Any CPU
		{C55574C1-5F2C-49B5-957E-179EA43CF645}.Release|Any CPU.Build.0 = Release|Any CPU
		{17709881-B97F-4064-8209-C04809582873}.Debug|Any CPU.ActiveCfg = Debug|Any CPU
		{17709881-B97F-4064-8209-C04809582873}.Debug|Any CPU.Build.0 = Debug|Any CPU
		{17709881-B97F-4064-8209-C04809582873}.Release|Any CPU.ActiveCfg = Release|Any CPU
		{17709881-B97F-4064-8209-C04809582873}.Release|Any CPU.Build.0 = Release|Any CPU
		{B42FB7A7-B47B-4038-99BB-5326B9E956D8}.Debug|Any CPU.ActiveCfg = Debug|Any CPU
		{B42FB7A7-B47B-4038-99BB-5326B9E956D8}.Debug|Any CPU.Build.0 = Debug|Any CPU
		{B42FB7A7-B47B-4038-99BB-5326B9E956D8}.Release|Any CPU.ActiveCfg = Release|Any CPU
		{B42FB7A7-B47B-4038-99BB-5326B9E956D8}.Release|Any CPU.Build.0 = Release|Any CPU
		{3626B129-1ABB-4BD5-B7D8-AC4B81E5A45C}.Debug|Any CPU.ActiveCfg = Debug|Any CPU
		{3626B129-1ABB-4BD5-B7D8-AC4B81E5A45C}.Debug|Any CPU.Build.0 = Debug|Any CPU
		{3626B129-1ABB-4BD5-B7D8-AC4B81E5A45C}.Release|Any CPU.ActiveCfg = Release|Any CPU
		{3626B129-1ABB-4BD5-B7D8-AC4B81E5A45C}.Release|Any CPU.Build.0 = Release|Any CPU
		{254B1931-3C2D-40C5-9564-CD1A2BD47691}.Debug|Any CPU.ActiveCfg = Debug|Any CPU
		{254B1931-3C2D-40C5-9564-CD1A2BD47691}.Debug|Any CPU.Build.0 = Debug|Any CPU
		{254B1931-3C2D-40C5-9564-CD1A2BD47691}.Release|Any CPU.ActiveCfg = Release|Any CPU
		{254B1931-3C2D-40C5-9564-CD1A2BD47691}.Release|Any CPU.Build.0 = Release|Any CPU
		{2AB75FE9-EC93-4D1F-975F-412D87F55828}.Debug|Any CPU.ActiveCfg = Debug|Any CPU
		{2AB75FE9-EC93-4D1F-975F-412D87F55828}.Debug|Any CPU.Build.0 = Debug|Any CPU
		{2AB75FE9-EC93-4D1F-975F-412D87F55828}.Release|Any CPU.ActiveCfg = Release|Any CPU
		{2AB75FE9-EC93-4D1F-975F-412D87F55828}.Release|Any CPU.Build.0 = Release|Any CPU
		{6A864DC9-5A26-4D8D-8B3B-CAED23E30987}.Debug|Any CPU.ActiveCfg = Debug|Any CPU
		{6A864DC9-5A26-4D8D-8B3B-CAED23E30987}.Debug|Any CPU.Build.0 = Debug|Any CPU
		{6A864DC9-5A26-4D8D-8B3B-CAED23E30987}.Release|Any CPU.ActiveCfg = Release|Any CPU
		{6A864DC9-5A26-4D8D-8B3B-CAED23E30987}.Release|Any CPU.Build.0 = Release|Any CPU
		{4B4DDBC8-9AA3-4FEA-A55E-BFAFF2CFA288}.Debug|Any CPU.ActiveCfg = Debug|Any CPU
		{4B4DDBC8-9AA3-4FEA-A55E-BFAFF2CFA288}.Debug|Any CPU.Build.0 = Debug|Any CPU
		{4B4DDBC8-9AA3-4FEA-A55E-BFAFF2CFA288}.Release|Any CPU.ActiveCfg = Release|Any CPU
		{4B4DDBC8-9AA3-4FEA-A55E-BFAFF2CFA288}.Release|Any CPU.Build.0 = Release|Any CPU
		{EC5CD9C3-8508-4B7D-8F5E-A2BFA0C58C4A}.Debug|Any CPU.ActiveCfg = Debug|Any CPU
		{EC5CD9C3-8508-4B7D-8F5E-A2BFA0C58C4A}.Debug|Any CPU.Build.0 = Debug|Any CPU
		{EC5CD9C3-8508-4B7D-8F5E-A2BFA0C58C4A}.Release|Any CPU.ActiveCfg = Release|Any CPU
		{EC5CD9C3-8508-4B7D-8F5E-A2BFA0C58C4A}.Release|Any CPU.Build.0 = Release|Any CPU
		{F74911BB-B660-4602-884A-02F24B4214FB}.Debug|Any CPU.ActiveCfg = Debug|Any CPU
		{F74911BB-B660-4602-884A-02F24B4214FB}.Debug|Any CPU.Build.0 = Debug|Any CPU
		{F74911BB-B660-4602-884A-02F24B4214FB}.Release|Any CPU.ActiveCfg = Release|Any CPU
		{F74911BB-B660-4602-884A-02F24B4214FB}.Release|Any CPU.Build.0 = Release|Any CPU
		{3A170DC9-4533-4F39-BFDE-F695624B9F11}.Debug|Any CPU.ActiveCfg = Debug|Any CPU
		{3A170DC9-4533-4F39-BFDE-F695624B9F11}.Debug|Any CPU.Build.0 = Debug|Any CPU
		{3A170DC9-4533-4F39-BFDE-F695624B9F11}.Release|Any CPU.ActiveCfg = Release|Any CPU
		{3A170DC9-4533-4F39-BFDE-F695624B9F11}.Release|Any CPU.Build.0 = Release|Any CPU
		{ED4F9266-8DD3-4C24-B802-1D845C9F1AD2}.Debug|Any CPU.ActiveCfg = Debug|Any CPU
		{ED4F9266-8DD3-4C24-B802-1D845C9F1AD2}.Debug|Any CPU.Build.0 = Debug|Any CPU
		{ED4F9266-8DD3-4C24-B802-1D845C9F1AD2}.Release|Any CPU.ActiveCfg = Release|Any CPU
		{ED4F9266-8DD3-4C24-B802-1D845C9F1AD2}.Release|Any CPU.Build.0 = Release|Any CPU
		{6C6330AE-7CFB-4F09-9463-C13C6A68CA5B}.Debug|Any CPU.ActiveCfg = Debug|Any CPU
		{6C6330AE-7CFB-4F09-9463-C13C6A68CA5B}.Debug|Any CPU.Build.0 = Debug|Any CPU
		{6C6330AE-7CFB-4F09-9463-C13C6A68CA5B}.Release|Any CPU.ActiveCfg = Release|Any CPU
		{6C6330AE-7CFB-4F09-9463-C13C6A68CA5B}.Release|Any CPU.Build.0 = Release|Any CPU
		{C84E43F0-E3C7-4399-9ED0-6270EB000874}.Debug|Any CPU.ActiveCfg = Debug|Any CPU
		{C84E43F0-E3C7-4399-9ED0-6270EB000874}.Debug|Any CPU.Build.0 = Debug|Any CPU
		{C84E43F0-E3C7-4399-9ED0-6270EB000874}.Release|Any CPU.ActiveCfg = Release|Any CPU
		{C84E43F0-E3C7-4399-9ED0-6270EB000874}.Release|Any CPU.Build.0 = Release|Any CPU
		{5597D2B6-67AA-4B39-B62B-F436FE25A336}.Debug|Any CPU.ActiveCfg = Debug|Any CPU
		{5597D2B6-67AA-4B39-B62B-F436FE25A336}.Debug|Any CPU.Build.0 = Debug|Any CPU
		{5597D2B6-67AA-4B39-B62B-F436FE25A336}.Release|Any CPU.ActiveCfg = Release|Any CPU
		{5597D2B6-67AA-4B39-B62B-F436FE25A336}.Release|Any CPU.Build.0 = Release|Any CPU
		{5F8B94F6-2949-4888-B550-35A8D1B766A6}.Debug|Any CPU.ActiveCfg = Debug|Any CPU
		{5F8B94F6-2949-4888-B550-35A8D1B766A6}.Debug|Any CPU.Build.0 = Debug|Any CPU
		{5F8B94F6-2949-4888-B550-35A8D1B766A6}.Release|Any CPU.ActiveCfg = Release|Any CPU
		{5F8B94F6-2949-4888-B550-35A8D1B766A6}.Release|Any CPU.Build.0 = Release|Any CPU
		{05AABAB2-B0B7-466F-A535-548711D7F2A9}.Debug|Any CPU.ActiveCfg = Debug|Any CPU
		{05AABAB2-B0B7-466F-A535-548711D7F2A9}.Debug|Any CPU.Build.0 = Debug|Any CPU
		{05AABAB2-B0B7-466F-A535-548711D7F2A9}.Release|Any CPU.ActiveCfg = Release|Any CPU
		{05AABAB2-B0B7-466F-A535-548711D7F2A9}.Release|Any CPU.Build.0 = Release|Any CPU
		{7F0CEDD0-92F4-4A92-9627-C97C502E8089}.Debug|Any CPU.ActiveCfg = Debug|Any CPU
		{7F0CEDD0-92F4-4A92-9627-C97C502E8089}.Debug|Any CPU.Build.0 = Debug|Any CPU
		{7F0CEDD0-92F4-4A92-9627-C97C502E8089}.Release|Any CPU.ActiveCfg = Release|Any CPU
		{7F0CEDD0-92F4-4A92-9627-C97C502E8089}.Release|Any CPU.Build.0 = Release|Any CPU
	EndGlobalSection
	GlobalSection(SolutionProperties) = preSolution
		HideSolutionNode = FALSE
	EndGlobalSection
	GlobalSection(NestedProjects) = preSolution
		{589B4E01-D538-4041-86F7-FE0C1CAB700F} = {DF5BF5FD-5780-46CB-8318-1B94ECFA0E85}
		{A03EA9E0-70B4-45DF-8C18-8A29E32471C8} = {D933ED49-432F-4B5B-9896-048E71C12AC4}
		{997CB630-D1F5-4621-8C06-F3E44CF219AB} = {D933ED49-432F-4B5B-9896-048E71C12AC4}
		{0E1A2A9A-97EE-498D-91DD-0314D59CCE7F} = {D933ED49-432F-4B5B-9896-048E71C12AC4}
		{E7282D05-E945-4058-9B5E-FF9A1F53FC7A} = {D933ED49-432F-4B5B-9896-048E71C12AC4}
		{BCDF3A46-673B-40EA-861D-D214582E7C71} = {D933ED49-432F-4B5B-9896-048E71C12AC4}
		{2208E724-44E8-444C-83D4-2C40A98FF1EE} = {D933ED49-432F-4B5B-9896-048E71C12AC4}
		{627CEE1A-7F88-4876-AD6E-FFB87817DB21} = {D933ED49-432F-4B5B-9896-048E71C12AC4}
		{58A81D09-C176-4D69-AEAE-B769E5CA9720} = {4317F1D2-73D7-4481-885B-45BBDCA9B04C}
		{C55574C1-5F2C-49B5-957E-179EA43CF645} = {29B96413-3364-4267-A464-E58A05494E56}
		{17709881-B97F-4064-8209-C04809582873} = {29B96413-3364-4267-A464-E58A05494E56}
		{B42FB7A7-B47B-4038-99BB-5326B9E956D8} = {29B96413-3364-4267-A464-E58A05494E56}
		{3626B129-1ABB-4BD5-B7D8-AC4B81E5A45C} = {29B96413-3364-4267-A464-E58A05494E56}
		{254B1931-3C2D-40C5-9564-CD1A2BD47691} = {29B96413-3364-4267-A464-E58A05494E56}
		{2AB75FE9-EC93-4D1F-975F-412D87F55828} = {7B8917F6-C940-4A77-B2DF-1DDE4CE3149D}
		{6A864DC9-5A26-4D8D-8B3B-CAED23E30987} = {7B8917F6-C940-4A77-B2DF-1DDE4CE3149D}
		{4B4DDBC8-9AA3-4FEA-A55E-BFAFF2CFA288} = {7B8917F6-C940-4A77-B2DF-1DDE4CE3149D}
		{EC5CD9C3-8508-4B7D-8F5E-A2BFA0C58C4A} = {7B8917F6-C940-4A77-B2DF-1DDE4CE3149D}
		{F74911BB-B660-4602-884A-02F24B4214FB} = {B89911CF-041F-43C3-B49E-4D0A2A750549}
		{3A170DC9-4533-4F39-BFDE-F695624B9F11} = {B89911CF-041F-43C3-B49E-4D0A2A750549}
		{ED4F9266-8DD3-4C24-B802-1D845C9F1AD2} = {B89911CF-041F-43C3-B49E-4D0A2A750549}
		{6C6330AE-7CFB-4F09-9463-C13C6A68CA5B} = {B89911CF-041F-43C3-B49E-4D0A2A750549}
		{C84E43F0-E3C7-4399-9ED0-6270EB000874} = {B89911CF-041F-43C3-B49E-4D0A2A750549}
		{5597D2B6-67AA-4B39-B62B-F436FE25A336} = {B89911CF-041F-43C3-B49E-4D0A2A750549}
		{CCAEA62A-49FF-4FEC-A89E-CAAD3090607E} = {B89911CF-041F-43C3-B49E-4D0A2A750549}
		{5F8B94F6-2949-4888-B550-35A8D1B766A6} = {B89911CF-041F-43C3-B49E-4D0A2A750549}
		{05AABAB2-B0B7-466F-A535-548711D7F2A9} = {B89911CF-041F-43C3-B49E-4D0A2A750549}
		{7F0CEDD0-92F4-4A92-9627-C97C502E8089} = {B89911CF-041F-43C3-B49E-4D0A2A750549}
	EndGlobalSection
	GlobalSection(ExtensibilityGlobals) = postSolution
		SolutionGuid = {D5B666F9-05D9-4640-AA94-73A43170E1EA}
	EndGlobalSection
EndGlobal
